// !$*UTF8*$!
{
	archiveVersion = 1;
	classes = {
	};
	objectVersion = 50;
	objects = {

/* Begin PBXBuildFile section */
		97143F1823FFAEFD00F35D87 /* defaults.plist in Resources */ = {isa = PBXBuildFile; fileRef = 97143F1623FFAEFD00F35D87 /* defaults.plist */; };
		973E2EF82400F8C700B0F059 /* CelestiaResources in Resources */ = {isa = PBXBuildFile; fileRef = 973E2EF72400F8C700B0F059 /* CelestiaResources */; };
		973E2EFC2400FA1100B0F059 /* URL.swift in Sources */ = {isa = PBXBuildFile; fileRef = 973E2EFB2400FA1100B0F059 /* URL.swift */; };
		974F86AA240362BA00356795 /* ToolbarButtonCell.swift in Sources */ = {isa = PBXBuildFile; fileRef = 974F86A9240362BA00356795 /* ToolbarButtonCell.swift */; };
		974F86DF2403BD3C00356795 /* BodyActionCell.swift in Sources */ = {isa = PBXBuildFile; fileRef = 974F86DB2403BD3B00356795 /* BodyActionCell.swift */; };
		974F86E02403BD3C00356795 /* BodyDescriptionCell.swift in Sources */ = {isa = PBXBuildFile; fileRef = 974F86DC2403BD3B00356795 /* BodyDescriptionCell.swift */; };
		974F86E12403BD3C00356795 /* BodyInfoLayoutDelegate.swift in Sources */ = {isa = PBXBuildFile; fileRef = 974F86DD2403BD3B00356795 /* BodyInfoLayoutDelegate.swift */; };
		974F86E22403BD3C00356795 /* InfoViewController.swift in Sources */ = {isa = PBXBuildFile; fileRef = 974F86DE2403BD3B00356795 /* InfoViewController.swift */; };
		974F86E42403C30E00356795 /* BodyInfoModel.swift in Sources */ = {isa = PBXBuildFile; fileRef = 974F86E32403C30E00356795 /* BodyInfoModel.swift */; };
		974F86E62403C46D00356795 /* Celestia+Extension.swift in Sources */ = {isa = PBXBuildFile; fileRef = 974F86E52403C46D00356795 /* Celestia+Extension.swift */; };
		9773949C2402A8F700E38B82 /* ToolbarViewController.swift in Sources */ = {isa = PBXBuildFile; fileRef = 9773949B2402A8F700E38B82 /* ToolbarViewController.swift */; };
		9773949E2402A96B00E38B82 /* SlideInPresentationController.swift in Sources */ = {isa = PBXBuildFile; fileRef = 9773949D2402A96B00E38B82 /* SlideInPresentationController.swift */; };
		977394A02402A9AF00E38B82 /* SlideInPresentationManager.swift in Sources */ = {isa = PBXBuildFile; fileRef = 9773949F2402A9AF00E38B82 /* SlideInPresentationManager.swift */; };
		977394A32403E68800E38B82 /* Color.swift in Sources */ = {isa = PBXBuildFile; fileRef = 977394A22403E68800E38B82 /* Color.swift */; };
		978406D724028F0000876FD1 /* MainViewControler.swift in Sources */ = {isa = PBXBuildFile; fileRef = 978406D624028F0000876FD1 /* MainViewControler.swift */; };
		978406DA2402906C00876FD1 /* UIViewController+Extension.swift in Sources */ = {isa = PBXBuildFile; fileRef = 978406D92402906C00876FD1 /* UIViewController+Extension.swift */; };
		978406DC240294D000876FD1 /* LoadingViewController.swift in Sources */ = {isa = PBXBuildFile; fileRef = 978406DB240294D000876FD1 /* LoadingViewController.swift */; };
		978406DF24029D9100876FD1 /* LoadingFailureViewController.swift in Sources */ = {isa = PBXBuildFile; fileRef = 978406DE24029D9100876FD1 /* LoadingFailureViewController.swift */; };
		979D2F7E23FEB1A6005D2592 /* AppDelegate.swift in Sources */ = {isa = PBXBuildFile; fileRef = 979D2F7D23FEB1A6005D2592 /* AppDelegate.swift */; };
		979D2F8223FEB1A6005D2592 /* CelestiaViewController.swift in Sources */ = {isa = PBXBuildFile; fileRef = 979D2F8123FEB1A6005D2592 /* CelestiaViewController.swift */; };
		979D2F8723FEB1A8005D2592 /* Assets.xcassets in Resources */ = {isa = PBXBuildFile; fileRef = 979D2F8623FEB1A8005D2592 /* Assets.xcassets */; };
		979D2F8A23FEB1A8005D2592 /* LaunchScreen.storyboard in Resources */ = {isa = PBXBuildFile; fileRef = 979D2F8823FEB1A8005D2592 /* LaunchScreen.storyboard */; };
		979D2F9523FEB1A8005D2592 /* CelestiaMobileTests.swift in Sources */ = {isa = PBXBuildFile; fileRef = 979D2F9423FEB1A8005D2592 /* CelestiaMobileTests.swift */; };
		979D2FA623FEB1DD005D2592 /* CelestiaCore.framework in Frameworks */ = {isa = PBXBuildFile; fileRef = 979D2FA423FEB1D6005D2592 /* CelestiaCore.framework */; };
		979D2FAB23FEB2AA005D2592 /* libc++.tbd in Frameworks */ = {isa = PBXBuildFile; fileRef = 979D2FAA23FEB2A5005D2592 /* libc++.tbd */; };
		979D2FAD23FEB2B4005D2592 /* libbz2.tbd in Frameworks */ = {isa = PBXBuildFile; fileRef = 979D2FAC23FEB2AE005D2592 /* libbz2.tbd */; };
		979D2FAF23FEB2BD005D2592 /* libz.tbd in Frameworks */ = {isa = PBXBuildFile; fileRef = 979D2FAE23FEB2B9005D2592 /* libz.tbd */; };
		979D2FB123FEB2C2005D2592 /* OpenGLES.framework in Frameworks */ = {isa = PBXBuildFile; fileRef = 979D2FB023FEB2C2005D2592 /* OpenGLES.framework */; };
		979D2FB323FEB2D1005D2592 /* libiconv.tbd in Frameworks */ = {isa = PBXBuildFile; fileRef = 979D2FB223FEB2CC005D2592 /* libiconv.tbd */; };
/* End PBXBuildFile section */

/* Begin PBXContainerItemProxy section */
		979D2F9123FEB1A8005D2592 /* PBXContainerItemProxy */ = {
			isa = PBXContainerItemProxy;
			containerPortal = 979D2F7223FEB1A6005D2592 /* Project object */;
			proxyType = 1;
			remoteGlobalIDString = 979D2F7923FEB1A6005D2592;
			remoteInfo = CelestiaMobile;
		};
		979D2FA323FEB1D6005D2592 /* PBXContainerItemProxy */ = {
			isa = PBXContainerItemProxy;
			containerPortal = 979D2F9F23FEB1D5005D2592 /* CelestiaCore.xcodeproj */;
			proxyType = 2;
			remoteGlobalIDString = 971A65CC23019BC5009E4EA1;
			remoteInfo = CelestiaCore;
		};
/* End PBXContainerItemProxy section */

/* Begin PBXFileReference section */
		97143F1623FFAEFD00F35D87 /* defaults.plist */ = {isa = PBXFileReference; fileEncoding = 4; lastKnownFileType = text.plist.xml; path = defaults.plist; sourceTree = "<group>"; };
		973E2EF72400F8C700B0F059 /* CelestiaResources */ = {isa = PBXFileReference; lastKnownFileType = folder; path = CelestiaResources; sourceTree = "<group>"; };
		973E2EFB2400FA1100B0F059 /* URL.swift */ = {isa = PBXFileReference; lastKnownFileType = sourcecode.swift; path = URL.swift; sourceTree = "<group>"; };
		974F86A9240362BA00356795 /* ToolbarButtonCell.swift */ = {isa = PBXFileReference; lastKnownFileType = sourcecode.swift; path = ToolbarButtonCell.swift; sourceTree = "<group>"; };
		974F86DB2403BD3B00356795 /* BodyActionCell.swift */ = {isa = PBXFileReference; fileEncoding = 4; lastKnownFileType = sourcecode.swift; path = BodyActionCell.swift; sourceTree = "<group>"; };
		974F86DC2403BD3B00356795 /* BodyDescriptionCell.swift */ = {isa = PBXFileReference; fileEncoding = 4; lastKnownFileType = sourcecode.swift; path = BodyDescriptionCell.swift; sourceTree = "<group>"; };
		974F86DD2403BD3B00356795 /* BodyInfoLayoutDelegate.swift */ = {isa = PBXFileReference; fileEncoding = 4; lastKnownFileType = sourcecode.swift; path = BodyInfoLayoutDelegate.swift; sourceTree = "<group>"; };
		974F86DE2403BD3B00356795 /* InfoViewController.swift */ = {isa = PBXFileReference; fileEncoding = 4; lastKnownFileType = sourcecode.swift; path = InfoViewController.swift; sourceTree = "<group>"; };
		974F86E32403C30E00356795 /* BodyInfoModel.swift */ = {isa = PBXFileReference; lastKnownFileType = sourcecode.swift; path = BodyInfoModel.swift; sourceTree = "<group>"; };
		974F86E52403C46D00356795 /* Celestia+Extension.swift */ = {isa = PBXFileReference; lastKnownFileType = sourcecode.swift; path = "Celestia+Extension.swift"; sourceTree = "<group>"; };
		9773949B2402A8F700E38B82 /* ToolbarViewController.swift */ = {isa = PBXFileReference; lastKnownFileType = sourcecode.swift; path = ToolbarViewController.swift; sourceTree = "<group>"; };
		9773949D2402A96B00E38B82 /* SlideInPresentationController.swift */ = {isa = PBXFileReference; lastKnownFileType = sourcecode.swift; path = SlideInPresentationController.swift; sourceTree = "<group>"; };
		9773949F2402A9AF00E38B82 /* SlideInPresentationManager.swift */ = {isa = PBXFileReference; lastKnownFileType = sourcecode.swift; path = SlideInPresentationManager.swift; sourceTree = "<group>"; };
		977394A22403E68800E38B82 /* Color.swift */ = {isa = PBXFileReference; lastKnownFileType = sourcecode.swift; path = Color.swift; sourceTree = "<group>"; };
		978406D624028F0000876FD1 /* MainViewControler.swift */ = {isa = PBXFileReference; lastKnownFileType = sourcecode.swift; path = MainViewControler.swift; sourceTree = "<group>"; };
		978406D92402906C00876FD1 /* UIViewController+Extension.swift */ = {isa = PBXFileReference; lastKnownFileType = sourcecode.swift; path = "UIViewController+Extension.swift"; sourceTree = "<group>"; };
		978406DB240294D000876FD1 /* LoadingViewController.swift */ = {isa = PBXFileReference; lastKnownFileType = sourcecode.swift; path = LoadingViewController.swift; sourceTree = "<group>"; };
		978406DE24029D9100876FD1 /* LoadingFailureViewController.swift */ = {isa = PBXFileReference; lastKnownFileType = sourcecode.swift; path = LoadingFailureViewController.swift; sourceTree = "<group>"; };
		979D2F7A23FEB1A6005D2592 /* CelestiaMobile.app */ = {isa = PBXFileReference; explicitFileType = wrapper.application; includeInIndex = 0; path = CelestiaMobile.app; sourceTree = BUILT_PRODUCTS_DIR; };
		979D2F7D23FEB1A6005D2592 /* AppDelegate.swift */ = {isa = PBXFileReference; lastKnownFileType = sourcecode.swift; path = AppDelegate.swift; sourceTree = "<group>"; };
		979D2F8123FEB1A6005D2592 /* CelestiaViewController.swift */ = {isa = PBXFileReference; lastKnownFileType = sourcecode.swift; path = CelestiaViewController.swift; sourceTree = "<group>"; };
		979D2F8623FEB1A8005D2592 /* Assets.xcassets */ = {isa = PBXFileReference; lastKnownFileType = folder.assetcatalog; path = Assets.xcassets; sourceTree = "<group>"; };
		979D2F8923FEB1A8005D2592 /* Base */ = {isa = PBXFileReference; lastKnownFileType = file.storyboard; name = Base; path = Base.lproj/LaunchScreen.storyboard; sourceTree = "<group>"; };
		979D2F8B23FEB1A8005D2592 /* Info.plist */ = {isa = PBXFileReference; lastKnownFileType = text.plist.xml; path = Info.plist; sourceTree = "<group>"; };
		979D2F9023FEB1A8005D2592 /* CelestiaMobileTests.xctest */ = {isa = PBXFileReference; explicitFileType = wrapper.cfbundle; includeInIndex = 0; path = CelestiaMobileTests.xctest; sourceTree = BUILT_PRODUCTS_DIR; };
		979D2F9423FEB1A8005D2592 /* CelestiaMobileTests.swift */ = {isa = PBXFileReference; lastKnownFileType = sourcecode.swift; path = CelestiaMobileTests.swift; sourceTree = "<group>"; };
		979D2F9623FEB1A8005D2592 /* Info.plist */ = {isa = PBXFileReference; lastKnownFileType = text.plist.xml; path = Info.plist; sourceTree = "<group>"; };
		979D2F9F23FEB1D5005D2592 /* CelestiaCore.xcodeproj */ = {isa = PBXFileReference; lastKnownFileType = "wrapper.pb-project"; name = CelestiaCore.xcodeproj; path = ../CelestiaCore/CelestiaCore.xcodeproj; sourceTree = "<group>"; };
		979D2FAA23FEB2A5005D2592 /* libc++.tbd */ = {isa = PBXFileReference; lastKnownFileType = "sourcecode.text-based-dylib-definition"; name = "libc++.tbd"; path = "usr/lib/libc++.tbd"; sourceTree = SDKROOT; };
		979D2FAC23FEB2AE005D2592 /* libbz2.tbd */ = {isa = PBXFileReference; lastKnownFileType = "sourcecode.text-based-dylib-definition"; name = libbz2.tbd; path = usr/lib/libbz2.tbd; sourceTree = SDKROOT; };
		979D2FAE23FEB2B9005D2592 /* libz.tbd */ = {isa = PBXFileReference; lastKnownFileType = "sourcecode.text-based-dylib-definition"; name = libz.tbd; path = usr/lib/libz.tbd; sourceTree = SDKROOT; };
		979D2FB023FEB2C2005D2592 /* OpenGLES.framework */ = {isa = PBXFileReference; lastKnownFileType = wrapper.framework; name = OpenGLES.framework; path = System/Library/Frameworks/OpenGLES.framework; sourceTree = SDKROOT; };
		979D2FB223FEB2CC005D2592 /* libiconv.tbd */ = {isa = PBXFileReference; lastKnownFileType = "sourcecode.text-based-dylib-definition"; name = libiconv.tbd; path = usr/lib/libiconv.tbd; sourceTree = SDKROOT; };
/* End PBXFileReference section */

/* Begin PBXFrameworksBuildPhase section */
		979D2F7723FEB1A6005D2592 /* Frameworks */ = {
			isa = PBXFrameworksBuildPhase;
			buildActionMask = 2147483647;
			files = (
				979D2FB323FEB2D1005D2592 /* libiconv.tbd in Frameworks */,
				979D2FB123FEB2C2005D2592 /* OpenGLES.framework in Frameworks */,
				979D2FAD23FEB2B4005D2592 /* libbz2.tbd in Frameworks */,
				979D2FAF23FEB2BD005D2592 /* libz.tbd in Frameworks */,
				979D2FAB23FEB2AA005D2592 /* libc++.tbd in Frameworks */,
				979D2FA623FEB1DD005D2592 /* CelestiaCore.framework in Frameworks */,
			);
			runOnlyForDeploymentPostprocessing = 0;
		};
		979D2F8D23FEB1A8005D2592 /* Frameworks */ = {
			isa = PBXFrameworksBuildPhase;
			buildActionMask = 2147483647;
			files = (
			);
			runOnlyForDeploymentPostprocessing = 0;
		};
/* End PBXFrameworksBuildPhase section */

/* Begin PBXGroup section */
		973E2EF92400F9E100B0F059 /* Resources */ = {
			isa = PBXGroup;
			children = (
				97143F1623FFAEFD00F35D87 /* defaults.plist */,
			);
			path = Resources;
			sourceTree = "<group>";
		};
		973E2EFA2400FA0300B0F059 /* Utils */ = {
			isa = PBXGroup;
			children = (
				973E2EFB2400FA1100B0F059 /* URL.swift */,
				978406D92402906C00876FD1 /* UIViewController+Extension.swift */,
				974F86E52403C46D00356795 /* Celestia+Extension.swift */,
				977394A22403E68800E38B82 /* Color.swift */,
			);
			path = Utils;
			sourceTree = "<group>";
		};
		974F86DA2403BD2600356795 /* Info */ = {
			isa = PBXGroup;
			children = (
				974F86DB2403BD3B00356795 /* BodyActionCell.swift */,
				974F86DC2403BD3B00356795 /* BodyDescriptionCell.swift */,
				974F86DD2403BD3B00356795 /* BodyInfoLayoutDelegate.swift */,
				974F86DE2403BD3B00356795 /* InfoViewController.swift */,
				974F86E32403C30E00356795 /* BodyInfoModel.swift */,
			);
			path = Info;
			sourceTree = "<group>";
		};
		977394992402A8DA00E38B82 /* Toolbar */ = {
			isa = PBXGroup;
			children = (
				9773949B2402A8F700E38B82 /* ToolbarViewController.swift */,
				974F86A9240362BA00356795 /* ToolbarButtonCell.swift */,
				9773949F2402A9AF00E38B82 /* SlideInPresentationManager.swift */,
				9773949D2402A96B00E38B82 /* SlideInPresentationController.swift */,
			);
			path = Toolbar;
			sourceTree = "<group>";
		};
		978406E124029DA900876FD1 /* Loading */ = {
			isa = PBXGroup;
			children = (
				978406DB240294D000876FD1 /* LoadingViewController.swift */,
				978406DE24029D9100876FD1 /* LoadingFailureViewController.swift */,
			);
			path = Loading;
			sourceTree = "<group>";
		};
		979D2F7123FEB1A6005D2592 = {
			isa = PBXGroup;
			children = (
				973E2EF72400F8C700B0F059 /* CelestiaResources */,
				979D2F9F23FEB1D5005D2592 /* CelestiaCore.xcodeproj */,
				979D2F7C23FEB1A6005D2592 /* CelestiaMobile */,
				979D2F9323FEB1A8005D2592 /* CelestiaMobileTests */,
				979D2F7B23FEB1A6005D2592 /* Products */,
				979D2FA523FEB1DD005D2592 /* Frameworks */,
			);
			sourceTree = "<group>";
		};
		979D2F7B23FEB1A6005D2592 /* Products */ = {
			isa = PBXGroup;
			children = (
				979D2F7A23FEB1A6005D2592 /* CelestiaMobile.app */,
				979D2F9023FEB1A8005D2592 /* CelestiaMobileTests.xctest */,
			);
			name = Products;
			sourceTree = "<group>";
		};
		979D2F7C23FEB1A6005D2592 /* CelestiaMobile */ = {
			isa = PBXGroup;
			children = (
				974F86DA2403BD2600356795 /* Info */,
				977394992402A8DA00E38B82 /* Toolbar */,
				978406E124029DA900876FD1 /* Loading */,
				973E2EFA2400FA0300B0F059 /* Utils */,
				973E2EF92400F9E100B0F059 /* Resources */,
				979D2F7D23FEB1A6005D2592 /* AppDelegate.swift */,
				978406D624028F0000876FD1 /* MainViewControler.swift */,
				979D2F8123FEB1A6005D2592 /* CelestiaViewController.swift */,
				979D2F8623FEB1A8005D2592 /* Assets.xcassets */,
				979D2F8823FEB1A8005D2592 /* LaunchScreen.storyboard */,
				979D2F8B23FEB1A8005D2592 /* Info.plist */,
			);
			path = CelestiaMobile;
			sourceTree = "<group>";
		};
		979D2F9323FEB1A8005D2592 /* CelestiaMobileTests */ = {
			isa = PBXGroup;
			children = (
				979D2F9423FEB1A8005D2592 /* CelestiaMobileTests.swift */,
				979D2F9623FEB1A8005D2592 /* Info.plist */,
			);
			path = CelestiaMobileTests;
			sourceTree = "<group>";
		};
		979D2FA023FEB1D5005D2592 /* Products */ = {
			isa = PBXGroup;
			children = (
				979D2FA423FEB1D6005D2592 /* CelestiaCore.framework */,
			);
			name = Products;
			sourceTree = "<group>";
		};
		979D2FA523FEB1DD005D2592 /* Frameworks */ = {
			isa = PBXGroup;
			children = (
				979D2FB223FEB2CC005D2592 /* libiconv.tbd */,
				979D2FB023FEB2C2005D2592 /* OpenGLES.framework */,
				979D2FAE23FEB2B9005D2592 /* libz.tbd */,
				979D2FAC23FEB2AE005D2592 /* libbz2.tbd */,
				979D2FAA23FEB2A5005D2592 /* libc++.tbd */,
			);
			name = Frameworks;
			sourceTree = "<group>";
		};
/* End PBXGroup section */

/* Begin PBXNativeTarget section */
		979D2F7923FEB1A6005D2592 /* CelestiaMobile */ = {
			isa = PBXNativeTarget;
			buildConfigurationList = 979D2F9923FEB1A8005D2592 /* Build configuration list for PBXNativeTarget "CelestiaMobile" */;
			buildPhases = (
				979D2F7623FEB1A6005D2592 /* Sources */,
				979D2F7723FEB1A6005D2592 /* Frameworks */,
				979D2F7823FEB1A6005D2592 /* Resources */,
			);
			buildRules = (
			);
			dependencies = (
			);
			name = CelestiaMobile;
			productName = CelestiaMobile;
			productReference = 979D2F7A23FEB1A6005D2592 /* CelestiaMobile.app */;
			productType = "com.apple.product-type.application";
		};
		979D2F8F23FEB1A8005D2592 /* CelestiaMobileTests */ = {
			isa = PBXNativeTarget;
			buildConfigurationList = 979D2F9C23FEB1A8005D2592 /* Build configuration list for PBXNativeTarget "CelestiaMobileTests" */;
			buildPhases = (
				979D2F8C23FEB1A8005D2592 /* Sources */,
				979D2F8D23FEB1A8005D2592 /* Frameworks */,
				979D2F8E23FEB1A8005D2592 /* Resources */,
			);
			buildRules = (
			);
			dependencies = (
				979D2F9223FEB1A8005D2592 /* PBXTargetDependency */,
			);
			name = CelestiaMobileTests;
			productName = CelestiaMobileTests;
			productReference = 979D2F9023FEB1A8005D2592 /* CelestiaMobileTests.xctest */;
			productType = "com.apple.product-type.bundle.unit-test";
		};
/* End PBXNativeTarget section */

/* Begin PBXProject section */
		979D2F7223FEB1A6005D2592 /* Project object */ = {
			isa = PBXProject;
			attributes = {
				LastSwiftUpdateCheck = 1130;
				LastUpgradeCheck = 1130;
				ORGANIZATIONNAME = "李林峰";
				TargetAttributes = {
					979D2F7923FEB1A6005D2592 = {
						CreatedOnToolsVersion = 11.3;
					};
					979D2F8F23FEB1A8005D2592 = {
						CreatedOnToolsVersion = 11.3;
						TestTargetID = 979D2F7923FEB1A6005D2592;
					};
				};
			};
			buildConfigurationList = 979D2F7523FEB1A6005D2592 /* Build configuration list for PBXProject "CelestiaMobile" */;
			compatibilityVersion = "Xcode 9.3";
			developmentRegion = en;
			hasScannedForEncodings = 0;
			knownRegions = (
				en,
				Base,
			);
			mainGroup = 979D2F7123FEB1A6005D2592;
			productRefGroup = 979D2F7B23FEB1A6005D2592 /* Products */;
			projectDirPath = "";
			projectReferences = (
				{
					ProductGroup = 979D2FA023FEB1D5005D2592 /* Products */;
					ProjectRef = 979D2F9F23FEB1D5005D2592 /* CelestiaCore.xcodeproj */;
				},
			);
			projectRoot = "";
			targets = (
				979D2F7923FEB1A6005D2592 /* CelestiaMobile */,
				979D2F8F23FEB1A8005D2592 /* CelestiaMobileTests */,
			);
		};
/* End PBXProject section */

/* Begin PBXReferenceProxy section */
		979D2FA423FEB1D6005D2592 /* CelestiaCore.framework */ = {
			isa = PBXReferenceProxy;
			fileType = wrapper.framework;
			path = CelestiaCore.framework;
			remoteRef = 979D2FA323FEB1D6005D2592 /* PBXContainerItemProxy */;
			sourceTree = BUILT_PRODUCTS_DIR;
		};
/* End PBXReferenceProxy section */

/* Begin PBXResourcesBuildPhase section */
		979D2F7823FEB1A6005D2592 /* Resources */ = {
			isa = PBXResourcesBuildPhase;
			buildActionMask = 2147483647;
			files = (
				973E2EF82400F8C700B0F059 /* CelestiaResources in Resources */,
				979D2F8A23FEB1A8005D2592 /* LaunchScreen.storyboard in Resources */,
				979D2F8723FEB1A8005D2592 /* Assets.xcassets in Resources */,
				97143F1823FFAEFD00F35D87 /* defaults.plist in Resources */,
			);
			runOnlyForDeploymentPostprocessing = 0;
		};
		979D2F8E23FEB1A8005D2592 /* Resources */ = {
			isa = PBXResourcesBuildPhase;
			buildActionMask = 2147483647;
			files = (
			);
			runOnlyForDeploymentPostprocessing = 0;
		};
/* End PBXResourcesBuildPhase section */

/* Begin PBXSourcesBuildPhase section */
		979D2F7623FEB1A6005D2592 /* Sources */ = {
			isa = PBXSourcesBuildPhase;
			buildActionMask = 2147483647;
			files = (
				977394A02402A9AF00E38B82 /* SlideInPresentationManager.swift in Sources */,
				974F86E62403C46D00356795 /* Celestia+Extension.swift in Sources */,
				9773949C2402A8F700E38B82 /* ToolbarViewController.swift in Sources */,
				979D2F8223FEB1A6005D2592 /* CelestiaViewController.swift in Sources */,
				973E2EFC2400FA1100B0F059 /* URL.swift in Sources */,
				974F86E22403BD3C00356795 /* InfoViewController.swift in Sources */,
				978406DF24029D9100876FD1 /* LoadingFailureViewController.swift in Sources */,
				974F86E02403BD3C00356795 /* BodyDescriptionCell.swift in Sources */,
				974F86E12403BD3C00356795 /* BodyInfoLayoutDelegate.swift in Sources */,
				974F86AA240362BA00356795 /* ToolbarButtonCell.swift in Sources */,
				974F86E42403C30E00356795 /* BodyInfoModel.swift in Sources */,
				978406D724028F0000876FD1 /* MainViewControler.swift in Sources */,
				974F86DF2403BD3C00356795 /* BodyActionCell.swift in Sources */,
				978406DC240294D000876FD1 /* LoadingViewController.swift in Sources */,
				978406DA2402906C00876FD1 /* UIViewController+Extension.swift in Sources */,
				9773949E2402A96B00E38B82 /* SlideInPresentationController.swift in Sources */,
				979D2F7E23FEB1A6005D2592 /* AppDelegate.swift in Sources */,
				977394A32403E68800E38B82 /* Color.swift in Sources */,
			);
			runOnlyForDeploymentPostprocessing = 0;
		};
		979D2F8C23FEB1A8005D2592 /* Sources */ = {
			isa = PBXSourcesBuildPhase;
			buildActionMask = 2147483647;
			files = (
				979D2F9523FEB1A8005D2592 /* CelestiaMobileTests.swift in Sources */,
			);
			runOnlyForDeploymentPostprocessing = 0;
		};
/* End PBXSourcesBuildPhase section */

/* Begin PBXTargetDependency section */
		979D2F9223FEB1A8005D2592 /* PBXTargetDependency */ = {
			isa = PBXTargetDependency;
			target = 979D2F7923FEB1A6005D2592 /* CelestiaMobile */;
			targetProxy = 979D2F9123FEB1A8005D2592 /* PBXContainerItemProxy */;
		};
/* End PBXTargetDependency section */

/* Begin PBXVariantGroup section */
		979D2F8823FEB1A8005D2592 /* LaunchScreen.storyboard */ = {
			isa = PBXVariantGroup;
			children = (
				979D2F8923FEB1A8005D2592 /* Base */,
			);
			name = LaunchScreen.storyboard;
			sourceTree = "<group>";
		};
/* End PBXVariantGroup section */

/* Begin XCBuildConfiguration section */
		979D2F9723FEB1A8005D2592 /* Debug */ = {
			isa = XCBuildConfiguration;
			buildSettings = {
				ALWAYS_SEARCH_USER_PATHS = NO;
				CLANG_ANALYZER_NONNULL = YES;
				CLANG_ANALYZER_NUMBER_OBJECT_CONVERSION = YES_AGGRESSIVE;
				CLANG_CXX_LANGUAGE_STANDARD = "gnu++14";
				CLANG_CXX_LIBRARY = "libc++";
				CLANG_ENABLE_MODULES = YES;
				CLANG_ENABLE_OBJC_ARC = YES;
				CLANG_ENABLE_OBJC_WEAK = YES;
				CLANG_WARN_BLOCK_CAPTURE_AUTORELEASING = YES;
				CLANG_WARN_BOOL_CONVERSION = YES;
				CLANG_WARN_COMMA = YES;
				CLANG_WARN_CONSTANT_CONVERSION = YES;
				CLANG_WARN_DEPRECATED_OBJC_IMPLEMENTATIONS = YES;
				CLANG_WARN_DIRECT_OBJC_ISA_USAGE = YES_ERROR;
				CLANG_WARN_DOCUMENTATION_COMMENTS = YES;
				CLANG_WARN_EMPTY_BODY = YES;
				CLANG_WARN_ENUM_CONVERSION = YES;
				CLANG_WARN_INFINITE_RECURSION = YES;
				CLANG_WARN_INT_CONVERSION = YES;
				CLANG_WARN_NON_LITERAL_NULL_CONVERSION = YES;
				CLANG_WARN_OBJC_IMPLICIT_RETAIN_SELF = YES;
				CLANG_WARN_OBJC_LITERAL_CONVERSION = YES;
				CLANG_WARN_OBJC_ROOT_CLASS = YES_ERROR;
				CLANG_WARN_RANGE_LOOP_ANALYSIS = YES;
				CLANG_WARN_STRICT_PROTOTYPES = YES;
				CLANG_WARN_SUSPICIOUS_MOVE = YES;
				CLANG_WARN_UNGUARDED_AVAILABILITY = YES_AGGRESSIVE;
				CLANG_WARN_UNREACHABLE_CODE = YES;
				CLANG_WARN__DUPLICATE_METHOD_MATCH = YES;
				COPY_PHASE_STRIP = NO;
				DEBUG_INFORMATION_FORMAT = dwarf;
				ENABLE_STRICT_OBJC_MSGSEND = YES;
				ENABLE_TESTABILITY = YES;
				GCC_C_LANGUAGE_STANDARD = gnu11;
				GCC_DYNAMIC_NO_PIC = NO;
				GCC_NO_COMMON_BLOCKS = YES;
				GCC_OPTIMIZATION_LEVEL = 0;
				GCC_PREPROCESSOR_DEFINITIONS = (
					"DEBUG=1",
					"$(inherited)",
				);
				GCC_WARN_64_TO_32_BIT_CONVERSION = YES;
				GCC_WARN_ABOUT_RETURN_TYPE = YES_ERROR;
				GCC_WARN_UNDECLARED_SELECTOR = YES;
				GCC_WARN_UNINITIALIZED_AUTOS = YES_AGGRESSIVE;
				GCC_WARN_UNUSED_FUNCTION = YES;
				GCC_WARN_UNUSED_VARIABLE = YES;
				IPHONEOS_DEPLOYMENT_TARGET = 10.0;
				MTL_ENABLE_DEBUG_INFO = INCLUDE_SOURCE;
				MTL_FAST_MATH = YES;
				ONLY_ACTIVE_ARCH = YES;
				SDKROOT = iphoneos;
				SWIFT_ACTIVE_COMPILATION_CONDITIONS = DEBUG;
				SWIFT_OPTIMIZATION_LEVEL = "-Onone";
			};
			name = Debug;
		};
		979D2F9823FEB1A8005D2592 /* Release */ = {
			isa = XCBuildConfiguration;
			buildSettings = {
				ALWAYS_SEARCH_USER_PATHS = NO;
				CLANG_ANALYZER_NONNULL = YES;
				CLANG_ANALYZER_NUMBER_OBJECT_CONVERSION = YES_AGGRESSIVE;
				CLANG_CXX_LANGUAGE_STANDARD = "gnu++14";
				CLANG_CXX_LIBRARY = "libc++";
				CLANG_ENABLE_MODULES = YES;
				CLANG_ENABLE_OBJC_ARC = YES;
				CLANG_ENABLE_OBJC_WEAK = YES;
				CLANG_WARN_BLOCK_CAPTURE_AUTORELEASING = YES;
				CLANG_WARN_BOOL_CONVERSION = YES;
				CLANG_WARN_COMMA = YES;
				CLANG_WARN_CONSTANT_CONVERSION = YES;
				CLANG_WARN_DEPRECATED_OBJC_IMPLEMENTATIONS = YES;
				CLANG_WARN_DIRECT_OBJC_ISA_USAGE = YES_ERROR;
				CLANG_WARN_DOCUMENTATION_COMMENTS = YES;
				CLANG_WARN_EMPTY_BODY = YES;
				CLANG_WARN_ENUM_CONVERSION = YES;
				CLANG_WARN_INFINITE_RECURSION = YES;
				CLANG_WARN_INT_CONVERSION = YES;
				CLANG_WARN_NON_LITERAL_NULL_CONVERSION = YES;
				CLANG_WARN_OBJC_IMPLICIT_RETAIN_SELF = YES;
				CLANG_WARN_OBJC_LITERAL_CONVERSION = YES;
				CLANG_WARN_OBJC_ROOT_CLASS = YES_ERROR;
				CLANG_WARN_RANGE_LOOP_ANALYSIS = YES;
				CLANG_WARN_STRICT_PROTOTYPES = YES;
				CLANG_WARN_SUSPICIOUS_MOVE = YES;
				CLANG_WARN_UNGUARDED_AVAILABILITY = YES_AGGRESSIVE;
				CLANG_WARN_UNREACHABLE_CODE = YES;
				CLANG_WARN__DUPLICATE_METHOD_MATCH = YES;
				COPY_PHASE_STRIP = NO;
				DEBUG_INFORMATION_FORMAT = "dwarf-with-dsym";
				ENABLE_NS_ASSERTIONS = NO;
				ENABLE_STRICT_OBJC_MSGSEND = YES;
				GCC_C_LANGUAGE_STANDARD = gnu11;
				GCC_NO_COMMON_BLOCKS = YES;
				GCC_WARN_64_TO_32_BIT_CONVERSION = YES;
				GCC_WARN_ABOUT_RETURN_TYPE = YES_ERROR;
				GCC_WARN_UNDECLARED_SELECTOR = YES;
				GCC_WARN_UNINITIALIZED_AUTOS = YES_AGGRESSIVE;
				GCC_WARN_UNUSED_FUNCTION = YES;
				GCC_WARN_UNUSED_VARIABLE = YES;
				IPHONEOS_DEPLOYMENT_TARGET = 10.0;
				MTL_ENABLE_DEBUG_INFO = NO;
				MTL_FAST_MATH = YES;
				SDKROOT = iphoneos;
				SWIFT_COMPILATION_MODE = wholemodule;
				SWIFT_OPTIMIZATION_LEVEL = "-O";
				VALIDATE_PRODUCT = YES;
			};
			name = Release;
		};
		979D2F9A23FEB1A8005D2592 /* Debug */ = {
			isa = XCBuildConfiguration;
			buildSettings = {
				ASSETCATALOG_COMPILER_APPICON_NAME = AppIcon;
				CODE_SIGN_STYLE = Automatic;
				DEVELOPMENT_TEAM = 22NR5428TD;
				INFOPLIST_FILE = CelestiaMobile/Info.plist;
				LD_RUNPATH_SEARCH_PATHS = (
					"$(inherited)",
					"@executable_path/Frameworks",
				);
				OTHER_LDFLAGS = "-ObjC";
				PRODUCT_BUNDLE_IDENTIFIER = cc.meowssage.CelestiaMobile;
				PRODUCT_NAME = "$(TARGET_NAME)";
				SWIFT_VERSION = 5.0;
				TARGETED_DEVICE_FAMILY = "1,2";
			};
			name = Debug;
		};
		979D2F9B23FEB1A8005D2592 /* Release */ = {
			isa = XCBuildConfiguration;
			buildSettings = {
				ASSETCATALOG_COMPILER_APPICON_NAME = AppIcon;
				CODE_SIGN_STYLE = Automatic;
				DEVELOPMENT_TEAM = 22NR5428TD;
				INFOPLIST_FILE = CelestiaMobile/Info.plist;
				LD_RUNPATH_SEARCH_PATHS = (
					"$(inherited)",
					"@executable_path/Frameworks",
				);
				OTHER_LDFLAGS = "-ObjC";
				PRODUCT_BUNDLE_IDENTIFIER = cc.meowssage.CelestiaMobile;
				PRODUCT_NAME = "$(TARGET_NAME)";
				SWIFT_VERSION = 5.0;
				TARGETED_DEVICE_FAMILY = "1,2";
			};
			name = Release;
		};
		979D2F9D23FEB1A8005D2592 /* Debug */ = {
			isa = XCBuildConfiguration;
			buildSettings = {
				ALWAYS_EMBED_SWIFT_STANDARD_LIBRARIES = YES;
				BUNDLE_LOADER = "$(TEST_HOST)";
				CODE_SIGN_STYLE = Automatic;
				DEVELOPMENT_TEAM = 22NR5428TD;
				INFOPLIST_FILE = CelestiaMobileTests/Info.plist;
				IPHONEOS_DEPLOYMENT_TARGET = 13.2;
				LD_RUNPATH_SEARCH_PATHS = (
					"$(inherited)",
					"@executable_path/Frameworks",
					"@loader_path/Frameworks",
				);
				PRODUCT_BUNDLE_IDENTIFIER = cc.meowssage.CelestiaMobileTests;
				PRODUCT_NAME = "$(TARGET_NAME)";
				SWIFT_VERSION = 5.0;
				TARGETED_DEVICE_FAMILY = "1,2";
				TEST_HOST = "$(BUILT_PRODUCTS_DIR)/CelestiaMobile.app/CelestiaMobile";
			};
			name = Debug;
		};
		979D2F9E23FEB1A8005D2592 /* Release */ = {
			isa = XCBuildConfiguration;
			buildSettings = {
				ALWAYS_EMBED_SWIFT_STANDARD_LIBRARIES = YES;
				BUNDLE_LOADER = "$(TEST_HOST)";
				CODE_SIGN_STYLE = Automatic;
				DEVELOPMENT_TEAM = 22NR5428TD;
				INFOPLIST_FILE = CelestiaMobileTests/Info.plist;
				IPHONEOS_DEPLOYMENT_TARGET = 13.2;
				LD_RUNPATH_SEARCH_PATHS = (
					"$(inherited)",
					"@executable_path/Frameworks",
					"@loader_path/Frameworks",
				);
				PRODUCT_BUNDLE_IDENTIFIER = cc.meowssage.CelestiaMobileTests;
				PRODUCT_NAME = "$(TARGET_NAME)";
				SWIFT_VERSION = 5.0;
				TARGETED_DEVICE_FAMILY = "1,2";
				TEST_HOST = "$(BUILT_PRODUCTS_DIR)/CelestiaMobile.app/CelestiaMobile";
			};
			name = Release;
		};
/* End XCBuildConfiguration section */

/* Begin XCConfigurationList section */
		979D2F7523FEB1A6005D2592 /* Build configuration list for PBXProject "CelestiaMobile" */ = {
			isa = XCConfigurationList;
			buildConfigurations = (
				979D2F9723FEB1A8005D2592 /* Debug */,
				979D2F9823FEB1A8005D2592 /* Release */,
			);
			defaultConfigurationIsVisible = 0;
			defaultConfigurationName = Release;
		};
		979D2F9923FEB1A8005D2592 /* Build configuration list for PBXNativeTarget "CelestiaMobile" */ = {
			isa = XCConfigurationList;
			buildConfigurations = (
				979D2F9A23FEB1A8005D2592 /* Debug */,
				979D2F9B23FEB1A8005D2592 /* Release */,
			);
			defaultConfigurationIsVisible = 0;
			defaultConfigurationName = Release;
		};
		979D2F9C23FEB1A8005D2592 /* Build configuration list for PBXNativeTarget "CelestiaMobileTests" */ = {
			isa = XCConfigurationList;
			buildConfigurations = (
				979D2F9D23FEB1A8005D2592 /* Debug */,
				979D2F9E23FEB1A8005D2592 /* Release */,
			);
			defaultConfigurationIsVisible = 0;
			defaultConfigurationName = Release;
		};
/* End XCConfigurationList section */
	};
	rootObject = 979D2F7223FEB1A6005D2592 /* Project object */;
}
