PODS:
  - AppCenter/Analytics (5.0.4):
    - AppCenter/Core
  - AppCenter/Core (5.0.4)
  - AppCenter/Crashes (5.0.4):
    - AppCenter/Core
  - AsyncGL/ANGLE (0.0.27):
    - AsyncGL/libEGL (= 0.0.27)
    - AsyncGL/libGLESv2 (= 0.0.27)
  - AsyncGL/libEGL (0.0.27)
  - AsyncGL/libGLESv2 (0.0.27)
  - MWRequest (0.3.7)
  - ZIPFoundation (0.9.16)

DEPENDENCIES:
  - AppCenter/Analytics (~> 5.0.4)
  - AppCenter/Crashes (~> 5.0.4)
  - AsyncGL/ANGLE (from `https://github.com/levinli303/AsyncGL.git`, tag `0.0.27`)
  - MWRequest (from `https://github.com/levinli303/mwrequest.git`, tag `0.3.7`)
  - ZIPFoundation (~> 0.9.16)

SPEC REPOS:
  trunk:
    - AppCenter
    - ZIPFoundation

EXTERNAL SOURCES:
  AsyncGL:
    :git: https://github.com/levinli303/AsyncGL.git
    :tag: 0.0.27
  MWRequest:
    :git: https://github.com/levinli303/mwrequest.git
    :tag: 0.3.7

CHECKOUT OPTIONS:
  AsyncGL:
    :git: https://github.com/levinli303/AsyncGL.git
    :tag: 0.0.27
  MWRequest:
    :git: https://github.com/levinli303/mwrequest.git
    :tag: 0.3.7

SPEC CHECKSUMS:
  AppCenter: 85c92db0759d2792a65eb61d6842d2e86611a49a
  AsyncGL: 6bfc1ae438d34b139b68e587d828c71a2b737a9b
  MWRequest: fdc808bc60cdaab77e7a4d9c93e59db49f026cc4
  ZIPFoundation: d170fa8e270b2a32bef9dcdcabff5b8f1a5deced

PODFILE CHECKSUM: 8f4653880bba816992cefb13d8039777b7f5fc57

COCOAPODS: 1.14.3
