PODS:
  - AppCenter/Analytics (5.0.2):
    - AppCenter/Core
  - AppCenter/Core (5.0.2)
  - AppCenter/Crashes (5.0.2):
    - AppCenter/Core
  - AsyncGL/OpenGL (0.0.27)
  - MWRequest (0.3.4)
  - ZIPFoundation (0.9.16)

DEPENDENCIES:
  - AppCenter/Analytics (~> 5.0.2)
  - AppCenter/Crashes (~> 5.0.2)
  - AsyncGL/OpenGL (from `https://github.com/levinli303/AsyncGL.git`, tag `0.0.27`)
  - MWRequest (from `https://github.com/levinli303/mwrequest.git`, tag `0.3.6`)
  - ZIPFoundation (~> 0.9.16)

SPEC REPOS:
  trunk:
    - AppCenter
    - ZIPFoundation

EXTERNAL SOURCES:
  AsyncGL:
    :git: https://github.com/levinli303/AsyncGL.git
    :tag: 0.0.27
  MWRequest:
    :git: https://github.com/levinli303/mwrequest.git
    :tag: 0.3.6

CHECKOUT OPTIONS:
  AsyncGL:
    :git: https://github.com/levinli303/AsyncGL.git
    :tag: 0.0.27
  MWRequest:
    :git: https://github.com/levinli303/mwrequest.git
    :tag: 0.3.6

SPEC CHECKSUMS:
  AppCenter: 355ba776b273d30147c3ac385c558bec60a7d4b1
  AsyncGL: 6bfc1ae438d34b139b68e587d828c71a2b737a9b
  MWRequest: 15c7b650c3f315d3cb9c208a546b10a92a08a80b
  ZIPFoundation: d170fa8e270b2a32bef9dcdcabff5b8f1a5deced

PODFILE CHECKSUM: 27a7fa12f234072dd6a89e31134f24dd00b7b2c7

COCOAPODS: 1.12.1
