PODS:
  - AppCenter/Analytics (5.0.3):
    - AppCenter/Core
  - AppCenter/Core (5.0.3)
  - AppCenter/Crashes (5.0.3):
    - AppCenter/Core
  - AsyncGL/OpenGL (0.0.27)
  - MWRequest (0.3.7)
  - ZIPFoundation (0.9.16)

DEPENDENCIES:
  - AppCenter/Analytics (~> 5.0.3)
  - AppCenter/Crashes (~> 5.0.3)
  - AsyncGL/OpenGL (from `https://github.com/levinli303/AsyncGL.git`, tag `0.0.27`)
  - MWRequest (from `https://github.com/levinli303/mwrequest.git`, tag `0.3.7`)
  - ZIPFoundation (~> 0.9.16)

SPEC REPOS:
  trunk:
    - AppCenter
    - ZIPFoundation

EXTERNAL SOURCES:
  AsyncGL:
    :git: https://github.com/levinli303/AsyncGL.git
    :tag: 0.0.27
  MWRequest:
    :git: https://github.com/levinli303/mwrequest.git
    :tag: 0.3.7

CHECKOUT OPTIONS:
  AsyncGL:
    :git: https://github.com/levinli303/AsyncGL.git
    :tag: 0.0.27
  MWRequest:
    :git: https://github.com/levinli303/mwrequest.git
    :tag: 0.3.7

SPEC CHECKSUMS:
  AppCenter: a4070ec3d4418b5539067a51f57155012e486ebd
  AsyncGL: 6bfc1ae438d34b139b68e587d828c71a2b737a9b
  MWRequest: fdc808bc60cdaab77e7a4d9c93e59db49f026cc4
  ZIPFoundation: d170fa8e270b2a32bef9dcdcabff5b8f1a5deced

PODFILE CHECKSUM: 7fa5a37385869a979db737ce6d324d5099803486

COCOAPODS: 1.12.1
