// !$*UTF8*$!
{
	archiveVersion = 1;
	classes = {
	};
	objectVersion = 70;
	objects = {

/* Begin PBXBuildFile section */
		979D2FA623FEB1DD005D2592 /* CelestiaCore.framework in Frameworks */ = {isa = PBXBuildFile; fileRef = 979D2FA423FEB1D6005D2592 /* CelestiaCore.framework */; };
		979D2FAB23FEB2AA005D2592 /* libc++.tbd in Frameworks */ = {isa = PBXBuildFile; fileRef = 979D2FAA23FEB2A5005D2592 /* libc++.tbd */; };
		979D2FAD23FEB2B4005D2592 /* libbz2.tbd in Frameworks */ = {isa = PBXBuildFile; fileRef = 979D2FAC23FEB2AE005D2592 /* libbz2.tbd */; };
		979D2FAF23FEB2BD005D2592 /* libz.tbd in Frameworks */ = {isa = PBXBuildFile; fileRef = 979D2FAE23FEB2B9005D2592 /* libz.tbd */; };
		EA1823F027C08D3D00E0F5E4 /* CelestiaHelper.framework in Frameworks */ = {isa = PBXBuildFile; fileRef = EA1823EA27C08D3D00E0F5E4 /* CelestiaHelper.framework */; platformFilter = maccatalyst; };
		EA3AF2102D81332A0029ACA4 /* libiconv.tbd in Frameworks */ = {isa = PBXBuildFile; fileRef = EA3AF20F2D8132FC0029ACA4 /* libiconv.tbd */; };
		EA4E2D7C2A56B46B0046D62E /* CelestiaFoundation.framework in Frameworks */ = {isa = PBXBuildFile; fileRef = EA4E2D752A56B4570046D62E /* CelestiaFoundation.framework */; };
		EA4E2D862A56B5E10046D62E /* CelestiaFoundation.framework in Frameworks */ = {isa = PBXBuildFile; fileRef = EA4E2D752A56B4570046D62E /* CelestiaFoundation.framework */; };
		EA50E7642A505627005E7D7A /* CelestiaUI.framework in Frameworks */ = {isa = PBXBuildFile; fileRef = EA50E75E2A505627005E7D7A /* CelestiaUI.framework */; };
		EA7BF37C27033AE40058F704 /* GameController.framework in Frameworks */ = {isa = PBXBuildFile; fileRef = EA7BF37B27033AE40058F704 /* GameController.framework */; };
		EA9039A22BA19CF100C982BC /* MWRequest in Frameworks */ = {isa = PBXBuildFile; productRef = EA9039A12BA19CF100C982BC /* MWRequest */; };
		EA9039A92BA19F0900C982BC /* AsyncGLANGLE in Frameworks */ = {isa = PBXBuildFile; productRef = EA9039A82BA19F0900C982BC /* AsyncGLANGLE */; };
		EA9A426D288CD7FE00AF3BD6 /* AVFoundation.framework in Frameworks */ = {isa = PBXBuildFile; fileRef = EA9A426C288CD7FE00AF3BD6 /* AVFoundation.framework */; };
		EA9A426F288CD80300AF3BD6 /* AudioToolbox.framework in Frameworks */ = {isa = PBXBuildFile; fileRef = EA9A426E288CD80200AF3BD6 /* AudioToolbox.framework */; };
		EAA7D6B92B88446300D57718 /* ZipUtils.framework in Frameworks */ = {isa = PBXBuildFile; fileRef = EA86F8052B7A4A8500419451 /* ZipUtils.framework */; };
		EAC20FE12CA0CB7C0098AABA /* Sentry in Frameworks */ = {isa = PBXBuildFile; productRef = EAC20FE02CA0CB7C0098AABA /* Sentry */; };
		EAC84364252C84B600691943 /* CelestiaMacBridge.bundle in Embed PlugIns */ = {isa = PBXBuildFile; fileRef = EAC84354252C816500691943 /* CelestiaMacBridge.bundle */; platformFilter = maccatalyst; settings = {ATTRIBUTES = (CodeSignOnCopy, RemoveHeadersOnCopy, ); }; };
/* End PBXBuildFile section */

/* Begin PBXContainerItemProxy section */
		979D2F9123FEB1A8005D2592 /* PBXContainerItemProxy */ = {
			isa = PBXContainerItemProxy;
			containerPortal = 979D2F7223FEB1A6005D2592 /* Project object */;
			proxyType = 1;
			remoteGlobalIDString = 979D2F7923FEB1A6005D2592;
			remoteInfo = MobileCelestia;
		};
		979D2FA323FEB1D6005D2592 /* PBXContainerItemProxy */ = {
			isa = PBXContainerItemProxy;
			containerPortal = 979D2F9F23FEB1D5005D2592 /* CelestiaCore.xcodeproj */;
			proxyType = 2;
			remoteGlobalIDString = 971A65CC23019BC5009E4EA1;
			remoteInfo = CelestiaCore;
		};
		EA1823EE27C08D3D00E0F5E4 /* PBXContainerItemProxy */ = {
			isa = PBXContainerItemProxy;
			containerPortal = 979D2F7223FEB1A6005D2592 /* Project object */;
			proxyType = 1;
			remoteGlobalIDString = EA1823E927C08D3D00E0F5E4;
			remoteInfo = CelestiaHelper;
		};
		EA4E2D7E2A56B46B0046D62E /* PBXContainerItemProxy */ = {
			isa = PBXContainerItemProxy;
			containerPortal = 979D2F7223FEB1A6005D2592 /* Project object */;
			proxyType = 1;
			remoteGlobalIDString = EA4E2D742A56B4570046D62E;
			remoteInfo = CelestiaFoundation;
		};
		EA4E2D882A56B5E20046D62E /* PBXContainerItemProxy */ = {
			isa = PBXContainerItemProxy;
			containerPortal = 979D2F7223FEB1A6005D2592 /* Project object */;
			proxyType = 1;
			remoteGlobalIDString = EA4E2D742A56B4570046D62E;
			remoteInfo = CelestiaFoundation;
		};
		EA50E7622A505627005E7D7A /* PBXContainerItemProxy */ = {
			isa = PBXContainerItemProxy;
			containerPortal = 979D2F7223FEB1A6005D2592 /* Project object */;
			proxyType = 1;
			remoteGlobalIDString = EA50E75D2A505627005E7D7A;
			remoteInfo = CelestiaUI;
		};
		EA86F8042B7A4A8500419451 /* PBXContainerItemProxy */ = {
			isa = PBXContainerItemProxy;
			containerPortal = 979D2F9F23FEB1D5005D2592 /* CelestiaCore.xcodeproj */;
			proxyType = 2;
			remoteGlobalIDString = EA86F7B42B790E4800419451;
			remoteInfo = ZipUtils;
		};
		EAB8F21A2A56BC8100C4E777 /* PBXContainerItemProxy */ = {
			isa = PBXContainerItemProxy;
			containerPortal = 979D2F9F23FEB1D5005D2592 /* CelestiaCore.xcodeproj */;
			proxyType = 1;
			remoteGlobalIDString = 971A65CB23019BC5009E4EA1;
			remoteInfo = CelestiaCore;
		};
		EAC84365252C84B600691943 /* PBXContainerItemProxy */ = {
			isa = PBXContainerItemProxy;
			containerPortal = 979D2F7223FEB1A6005D2592 /* Project object */;
			proxyType = 1;
			remoteGlobalIDString = EAC84353252C816500691943;
			remoteInfo = CelestiaMacBridge;
		};
		EACF64402668973F00A649B1 /* PBXContainerItemProxy */ = {
			isa = PBXContainerItemProxy;
			containerPortal = 979D2F9F23FEB1D5005D2592 /* CelestiaCore.xcodeproj */;
			proxyType = 1;
			remoteGlobalIDString = 971A65CB23019BC5009E4EA1;
			remoteInfo = CelestiaCore;
		};
/* End PBXContainerItemProxy section */

/* Begin PBXCopyFilesBuildPhase section */
		EAC84367252C84B600691943 /* Embed PlugIns */ = {
			isa = PBXCopyFilesBuildPhase;
			buildActionMask = 2147483647;
			dstPath = "";
			dstSubfolderSpec = 13;
			files = (
				EAC84364252C84B600691943 /* CelestiaMacBridge.bundle in Embed PlugIns */,
			);
			name = "Embed PlugIns";
			runOnlyForDeploymentPostprocessing = 0;
		};
/* End PBXCopyFilesBuildPhase section */

/* Begin PBXFileReference section */
		979D2F7A23FEB1A6005D2592 /* Celestia.app */ = {isa = PBXFileReference; explicitFileType = wrapper.application; includeInIndex = 0; path = Celestia.app; sourceTree = BUILT_PRODUCTS_DIR; };
		979D2F9023FEB1A8005D2592 /* MobileCelestiaTests.xctest */ = {isa = PBXFileReference; explicitFileType = wrapper.cfbundle; includeInIndex = 0; path = MobileCelestiaTests.xctest; sourceTree = BUILT_PRODUCTS_DIR; };
		979D2F9F23FEB1D5005D2592 /* CelestiaCore.xcodeproj */ = {isa = PBXFileReference; lastKnownFileType = "wrapper.pb-project"; name = CelestiaCore.xcodeproj; path = ../CelestiaCore/CelestiaCore.xcodeproj; sourceTree = "<group>"; };
		979D2FAA23FEB2A5005D2592 /* libc++.tbd */ = {isa = PBXFileReference; lastKnownFileType = "sourcecode.text-based-dylib-definition"; name = "libc++.tbd"; path = "usr/lib/libc++.tbd"; sourceTree = SDKROOT; };
		979D2FAC23FEB2AE005D2592 /* libbz2.tbd */ = {isa = PBXFileReference; lastKnownFileType = "sourcecode.text-based-dylib-definition"; name = libbz2.tbd; path = usr/lib/libbz2.tbd; sourceTree = SDKROOT; };
		979D2FAE23FEB2B9005D2592 /* libz.tbd */ = {isa = PBXFileReference; lastKnownFileType = "sourcecode.text-based-dylib-definition"; name = libz.tbd; path = usr/lib/libz.tbd; sourceTree = SDKROOT; };
		EA1823EA27C08D3D00E0F5E4 /* CelestiaHelper.framework */ = {isa = PBXFileReference; explicitFileType = wrapper.framework; includeInIndex = 0; path = CelestiaHelper.framework; sourceTree = BUILT_PRODUCTS_DIR; };
		EA3AF20F2D8132FC0029ACA4 /* libiconv.tbd */ = {isa = PBXFileReference; lastKnownFileType = "sourcecode.text-based-dylib-definition"; name = libiconv.tbd; path = Platforms/MacOSX.platform/Developer/SDKs/MacOSX15.2.sdk/usr/lib/libiconv.tbd; sourceTree = DEVELOPER_DIR; };
		EA4E2D752A56B4570046D62E /* CelestiaFoundation.framework */ = {isa = PBXFileReference; explicitFileType = wrapper.framework; includeInIndex = 0; path = CelestiaFoundation.framework; sourceTree = BUILT_PRODUCTS_DIR; };
		EA50E75E2A505627005E7D7A /* CelestiaUI.framework */ = {isa = PBXFileReference; explicitFileType = wrapper.framework; includeInIndex = 0; path = CelestiaUI.framework; sourceTree = BUILT_PRODUCTS_DIR; };
		EA7BF37B27033AE40058F704 /* GameController.framework */ = {isa = PBXFileReference; lastKnownFileType = wrapper.framework; name = GameController.framework; path = System/Library/Frameworks/GameController.framework; sourceTree = SDKROOT; };
		EA9A426C288CD7FE00AF3BD6 /* AVFoundation.framework */ = {isa = PBXFileReference; lastKnownFileType = wrapper.framework; name = AVFoundation.framework; path = System/Library/Frameworks/AVFoundation.framework; sourceTree = SDKROOT; };
		EA9A426E288CD80200AF3BD6 /* AudioToolbox.framework */ = {isa = PBXFileReference; lastKnownFileType = wrapper.framework; name = AudioToolbox.framework; path = System/Library/Frameworks/AudioToolbox.framework; sourceTree = SDKROOT; };
		EAC84354252C816500691943 /* CelestiaMacBridge.bundle */ = {isa = PBXFileReference; explicitFileType = wrapper.cfbundle; includeInIndex = 0; path = CelestiaMacBridge.bundle; sourceTree = BUILT_PRODUCTS_DIR; };
/* End PBXFileReference section */

/* Begin PBXFileSystemSynchronizedBuildFileExceptionSet section */
		EA3ABD8B2D8116090029ACA4 /* PBXFileSystemSynchronizedBuildFileExceptionSet */ = {
			isa = PBXFileSystemSynchronizedBuildFileExceptionSet;
			publicHeaders = (
				CEHExceptionCatching.h,
				CelestiaHelper.h,
			);
			target = EA1823E927C08D3D00E0F5E4 /* CelestiaHelper */;
		};
		EA3ABD912D81160B0029ACA4 /* PBXFileSystemSynchronizedBuildFileExceptionSet */ = {
			isa = PBXFileSystemSynchronizedBuildFileExceptionSet;
			membershipExceptions = (
				CELMacBridge.m,
			);
			target = EAC84353252C816500691943 /* CelestiaMacBridge */;
		};
		EA3ABD9B2D8116140029ACA4 /* PBXFileSystemSynchronizedBuildFileExceptionSet */ = {
			isa = PBXFileSystemSynchronizedBuildFileExceptionSet;
			publicHeaders = (
				CelestiaFoundation.h,
			);
			target = EA4E2D742A56B4570046D62E /* CelestiaFoundation */;
		};
		EA3AC0232D811AA10029ACA4 /* PBXFileSystemSynchronizedBuildFileExceptionSet */ = {
			isa = PBXFileSystemSynchronizedBuildFileExceptionSet;
			membershipExceptions = (
				"Info-macos.plist",
				Info.plist,
			);
			target = 979D2F7923FEB1A6005D2592 /* MobileCelestia */;
		};
		EA3AC23B2D811B760029ACA4 /* PBXFileSystemSynchronizedBuildFileExceptionSet */ = {
			isa = PBXFileSystemSynchronizedBuildFileExceptionSet;
			membershipExceptions = (
				MobileCelestiaTests.swift,
			);
			target = 979D2F8F23FEB1A8005D2592 /* MobileCelestiaTests */;
		};
		EA3AD4CF2D812D760029ACA4 /* PBXFileSystemSynchronizedBuildFileExceptionSet */ = {
			isa = PBXFileSystemSynchronizedBuildFileExceptionSet;
			publicHeaders = (
				CelestiaUI.h,
			);
			target = EA50E75D2A505627005E7D7A /* CelestiaUI */;
		};
/* End PBXFileSystemSynchronizedBuildFileExceptionSet section */

/* Begin PBXFileSystemSynchronizedRootGroup section */
		EA3ABD872D8116090029ACA4 /* CelestiaHelper */ = {isa = PBXFileSystemSynchronizedRootGroup; exceptions = (EA3ABD8B2D8116090029ACA4 /* PBXFileSystemSynchronizedBuildFileExceptionSet */, ); explicitFileTypes = {}; explicitFolders = (); path = CelestiaHelper; sourceTree = "<group>"; };
		EA3ABD8F2D81160B0029ACA4 /* CelestiaMacBridge */ = {isa = PBXFileSystemSynchronizedRootGroup; exceptions = (EA3ABD912D81160B0029ACA4 /* PBXFileSystemSynchronizedBuildFileExceptionSet */, ); explicitFileTypes = {}; explicitFolders = (); path = CelestiaMacBridge; sourceTree = "<group>"; };
		EA3ABD962D8116130029ACA4 /* CelestiaFoundation */ = {isa = PBXFileSystemSynchronizedRootGroup; exceptions = (EA3ABD9B2D8116140029ACA4 /* PBXFileSystemSynchronizedBuildFileExceptionSet */, ); explicitFileTypes = {}; explicitFolders = (); path = CelestiaFoundation; sourceTree = "<group>"; };
		EA3AC0082D811AA10029ACA4 /* MobileCelestia */ = {isa = PBXFileSystemSynchronizedRootGroup; exceptions = (EA3AC0232D811AA10029ACA4 /* PBXFileSystemSynchronizedBuildFileExceptionSet */, ); explicitFileTypes = {}; explicitFolders = (); path = MobileCelestia; sourceTree = "<group>"; };
		EA3AC2392D811B760029ACA4 /* MobileCelestiaTests */ = {isa = PBXFileSystemSynchronizedRootGroup; exceptions = (EA3AC23B2D811B760029ACA4 /* PBXFileSystemSynchronizedBuildFileExceptionSet */, ); explicitFileTypes = {}; explicitFolders = (); path = MobileCelestiaTests; sourceTree = "<group>"; };
		EA3AC23E2D811B790029ACA4 /* Shared */ = {isa = PBXFileSystemSynchronizedRootGroup; explicitFileTypes = {}; explicitFolders = (); path = Shared; sourceTree = "<group>"; };
		EA3AD4692D812D750029ACA4 /* CelestiaUI */ = {isa = PBXFileSystemSynchronizedRootGroup; exceptions = (EA3AD4CF2D812D760029ACA4 /* PBXFileSystemSynchronizedBuildFileExceptionSet */, ); explicitFileTypes = {}; explicitFolders = (); path = CelestiaUI; sourceTree = "<group>"; };
		EA3ADEF62D812FE40029ACA4 /* Resources */ = {isa = PBXFileSystemSynchronizedRootGroup; explicitFileTypes = {}; explicitFolders = (Fonts, ); path = Resources; sourceTree = "<group>"; };
/* End PBXFileSystemSynchronizedRootGroup section */

/* Begin PBXFrameworksBuildPhase section */
		979D2F7723FEB1A6005D2592 /* Frameworks */ = {
			isa = PBXFrameworksBuildPhase;
			buildActionMask = 2147483647;
			files = (
				EA9039A92BA19F0900C982BC /* AsyncGLANGLE in Frameworks */,
				979D2FAD23FEB2B4005D2592 /* libbz2.tbd in Frameworks */,
				EA4E2D7C2A56B46B0046D62E /* CelestiaFoundation.framework in Frameworks */,
				EA9A426D288CD7FE00AF3BD6 /* AVFoundation.framework in Frameworks */,
				EA3AF2102D81332A0029ACA4 /* libiconv.tbd in Frameworks */,
				EA9A426F288CD80300AF3BD6 /* AudioToolbox.framework in Frameworks */,
				EA7BF37C27033AE40058F704 /* GameController.framework in Frameworks */,
				EA50E7642A505627005E7D7A /* CelestiaUI.framework in Frameworks */,
				EA9039A22BA19CF100C982BC /* MWRequest in Frameworks */,
				EAC20FE12CA0CB7C0098AABA /* Sentry in Frameworks */,
				979D2FAF23FEB2BD005D2592 /* libz.tbd in Frameworks */,
				979D2FAB23FEB2AA005D2592 /* libc++.tbd in Frameworks */,
				EA1823F027C08D3D00E0F5E4 /* CelestiaHelper.framework in Frameworks */,
				979D2FA623FEB1DD005D2592 /* CelestiaCore.framework in Frameworks */,
			);
			runOnlyForDeploymentPostprocessing = 0;
		};
		979D2F8D23FEB1A8005D2592 /* Frameworks */ = {
			isa = PBXFrameworksBuildPhase;
			buildActionMask = 2147483647;
			files = (
			);
			runOnlyForDeploymentPostprocessing = 0;
		};
		EA1823E727C08D3D00E0F5E4 /* Frameworks */ = {
			isa = PBXFrameworksBuildPhase;
			buildActionMask = 2147483647;
			files = (
			);
			runOnlyForDeploymentPostprocessing = 0;
		};
		EA4E2D722A56B4570046D62E /* Frameworks */ = {
			isa = PBXFrameworksBuildPhase;
			buildActionMask = 2147483647;
			files = (
			);
			runOnlyForDeploymentPostprocessing = 0;
		};
		EA50E75B2A505627005E7D7A /* Frameworks */ = {
			isa = PBXFrameworksBuildPhase;
			buildActionMask = 2147483647;
			files = (
				EA4E2D862A56B5E10046D62E /* CelestiaFoundation.framework in Frameworks */,
				EAA7D6B92B88446300D57718 /* ZipUtils.framework in Frameworks */,
			);
			runOnlyForDeploymentPostprocessing = 0;
		};
		EAC84351252C816500691943 /* Frameworks */ = {
			isa = PBXFrameworksBuildPhase;
			buildActionMask = 2147483647;
			files = (
			);
			runOnlyForDeploymentPostprocessing = 0;
		};
/* End PBXFrameworksBuildPhase section */

/* Begin PBXGroup section */
		979D2F7123FEB1A6005D2592 = {
			isa = PBXGroup;
			children = (
				979D2F9F23FEB1D5005D2592 /* CelestiaCore.xcodeproj */,
				EA3AC0082D811AA10029ACA4 /* MobileCelestia */,
				EA3AC2392D811B760029ACA4 /* MobileCelestiaTests */,
				EA3ABD8F2D81160B0029ACA4 /* CelestiaMacBridge */,
				EA3ABD872D8116090029ACA4 /* CelestiaHelper */,
				EA3ABD962D8116130029ACA4 /* CelestiaFoundation */,
				EA3AD4692D812D750029ACA4 /* CelestiaUI */,
				EA3AC23E2D811B790029ACA4 /* Shared */,
				EA3ADEF62D812FE40029ACA4 /* Resources */,
				979D2F7B23FEB1A6005D2592 /* Products */,
				979D2FA523FEB1DD005D2592 /* Frameworks */,
			);
			sourceTree = "<group>";
		};
		979D2F7B23FEB1A6005D2592 /* Products */ = {
			isa = PBXGroup;
			children = (
				979D2F7A23FEB1A6005D2592 /* Celestia.app */,
				979D2F9023FEB1A8005D2592 /* MobileCelestiaTests.xctest */,
				EAC84354252C816500691943 /* CelestiaMacBridge.bundle */,
				EA1823EA27C08D3D00E0F5E4 /* CelestiaHelper.framework */,
				EA50E75E2A505627005E7D7A /* CelestiaUI.framework */,
				EA4E2D752A56B4570046D62E /* CelestiaFoundation.framework */,
			);
			name = Products;
			sourceTree = "<group>";
		};
		979D2FA023FEB1D5005D2592 /* Products */ = {
			isa = PBXGroup;
			children = (
				979D2FA423FEB1D6005D2592 /* CelestiaCore.framework */,
				EA86F8052B7A4A8500419451 /* ZipUtils.framework */,
			);
			name = Products;
			sourceTree = "<group>";
		};
		979D2FA523FEB1DD005D2592 /* Frameworks */ = {
			isa = PBXGroup;
			children = (
				EA9A426E288CD80200AF3BD6 /* AudioToolbox.framework */,
				EA9A426C288CD7FE00AF3BD6 /* AVFoundation.framework */,
				EA7BF37B27033AE40058F704 /* GameController.framework */,
				EA3AF20F2D8132FC0029ACA4 /* libiconv.tbd */,
				979D2FAE23FEB2B9005D2592 /* libz.tbd */,
				979D2FAC23FEB2AE005D2592 /* libbz2.tbd */,
				979D2FAA23FEB2A5005D2592 /* libc++.tbd */,
			);
			name = Frameworks;
			sourceTree = "<group>";
		};
/* End PBXGroup section */

/* Begin PBXHeadersBuildPhase section */
		EA1823E527C08D3D00E0F5E4 /* Headers */ = {
			isa = PBXHeadersBuildPhase;
			buildActionMask = 2147483647;
			files = (
			);
			runOnlyForDeploymentPostprocessing = 0;
		};
		EA4E2D702A56B4570046D62E /* Headers */ = {
			isa = PBXHeadersBuildPhase;
			buildActionMask = 2147483647;
			files = (
			);
			runOnlyForDeploymentPostprocessing = 0;
		};
		EA50E7592A505627005E7D7A /* Headers */ = {
			isa = PBXHeadersBuildPhase;
			buildActionMask = 2147483647;
			files = (
			);
			runOnlyForDeploymentPostprocessing = 0;
		};
/* End PBXHeadersBuildPhase section */

/* Begin PBXNativeTarget section */
		979D2F7923FEB1A6005D2592 /* MobileCelestia */ = {
			isa = PBXNativeTarget;
			buildConfigurationList = 979D2F9923FEB1A8005D2592 /* Build configuration list for PBXNativeTarget "MobileCelestia" */;
			buildPhases = (
				EA9FB24027B7B0E800E0DC1F /* Copy Localized Files */,
				979D2F7623FEB1A6005D2592 /* Sources */,
				979D2F7723FEB1A6005D2592 /* Frameworks */,
				979D2F7823FEB1A6005D2592 /* Resources */,
				973BBA5724052FFB00E3B061 /* Copy General Data */,
				973BBA592405305100E3B061 /* Convert PO */,
				EAC84367252C84B600691943 /* Embed PlugIns */,
			);
			buildRules = (
			);
			dependencies = (
				EACF64412668973F00A649B1 /* PBXTargetDependency */,
				EAC84366252C84B600691943 /* PBXTargetDependency */,
				EA1823EF27C08D3D00E0F5E4 /* PBXTargetDependency */,
				EA50E7632A505627005E7D7A /* PBXTargetDependency */,
				EA4E2D7F2A56B46B0046D62E /* PBXTargetDependency */,
			);
			fileSystemSynchronizedGroups = (
				EA3AC0082D811AA10029ACA4 /* MobileCelestia */,
				EA3AC23E2D811B790029ACA4 /* Shared */,
				EA3ADEF62D812FE40029ACA4 /* Resources */,
			);
			name = MobileCelestia;
			packageProductDependencies = (
				EA9039A82BA19F0900C982BC /* AsyncGLANGLE */,
				EA9039A12BA19CF100C982BC /* MWRequest */,
				EAC20FE02CA0CB7C0098AABA /* Sentry */,
			);
			productName = MobileCelestia;
			productReference = 979D2F7A23FEB1A6005D2592 /* Celestia.app */;
			productType = "com.apple.product-type.application";
		};
		979D2F8F23FEB1A8005D2592 /* MobileCelestiaTests */ = {
			isa = PBXNativeTarget;
			buildConfigurationList = 979D2F9C23FEB1A8005D2592 /* Build configuration list for PBXNativeTarget "MobileCelestiaTests" */;
			buildPhases = (
				979D2F8C23FEB1A8005D2592 /* Sources */,
				979D2F8D23FEB1A8005D2592 /* Frameworks */,
				979D2F8E23FEB1A8005D2592 /* Resources */,
			);
			buildRules = (
			);
			dependencies = (
				979D2F9223FEB1A8005D2592 /* PBXTargetDependency */,
			);
			name = MobileCelestiaTests;
			productName = MobileCelestiaTests;
			productReference = 979D2F9023FEB1A8005D2592 /* MobileCelestiaTests.xctest */;
			productType = "com.apple.product-type.bundle.unit-test";
		};
		EA1823E927C08D3D00E0F5E4 /* CelestiaHelper */ = {
			isa = PBXNativeTarget;
			buildConfigurationList = EA1823F427C08D3D00E0F5E4 /* Build configuration list for PBXNativeTarget "CelestiaHelper" */;
			buildPhases = (
				EA1823E527C08D3D00E0F5E4 /* Headers */,
				EA1823E627C08D3D00E0F5E4 /* Sources */,
				EA1823E727C08D3D00E0F5E4 /* Frameworks */,
				EA1823E827C08D3D00E0F5E4 /* Resources */,
			);
			buildRules = (
			);
			dependencies = (
			);
			fileSystemSynchronizedGroups = (
				EA3ABD872D8116090029ACA4 /* CelestiaHelper */,
			);
			name = CelestiaHelper;
			productName = CelestiaHelper;
			productReference = EA1823EA27C08D3D00E0F5E4 /* CelestiaHelper.framework */;
			productType = "com.apple.product-type.framework";
		};
		EA4E2D742A56B4570046D62E /* CelestiaFoundation */ = {
			isa = PBXNativeTarget;
			buildConfigurationList = EA4E2D7B2A56B4570046D62E /* Build configuration list for PBXNativeTarget "CelestiaFoundation" */;
			buildPhases = (
				EA4E2D702A56B4570046D62E /* Headers */,
				EA4E2D712A56B4570046D62E /* Sources */,
				EA4E2D722A56B4570046D62E /* Frameworks */,
				EA4E2D732A56B4570046D62E /* Resources */,
			);
			buildRules = (
			);
			dependencies = (
			);
			fileSystemSynchronizedGroups = (
				EA3ABD962D8116130029ACA4 /* CelestiaFoundation */,
			);
			name = CelestiaFoundation;
			productName = CelestiaFoundation;
			productReference = EA4E2D752A56B4570046D62E /* CelestiaFoundation.framework */;
			productType = "com.apple.product-type.framework";
		};
		EA50E75D2A505627005E7D7A /* CelestiaUI */ = {
			isa = PBXNativeTarget;
			buildConfigurationList = EA50E7692A505627005E7D7A /* Build configuration list for PBXNativeTarget "CelestiaUI" */;
			buildPhases = (
				EA50E7592A505627005E7D7A /* Headers */,
				EA50E75A2A505627005E7D7A /* Sources */,
				EA50E75B2A505627005E7D7A /* Frameworks */,
				EA50E75C2A505627005E7D7A /* Resources */,
			);
			buildRules = (
			);
			dependencies = (
				EAB8F21B2A56BC8100C4E777 /* PBXTargetDependency */,
				EA4E2D892A56B5E20046D62E /* PBXTargetDependency */,
			);
			fileSystemSynchronizedGroups = (
				EA3AD4692D812D750029ACA4 /* CelestiaUI */,
			);
			name = CelestiaUI;
			productName = CelestiaUI;
			productReference = EA50E75E2A505627005E7D7A /* CelestiaUI.framework */;
			productType = "com.apple.product-type.framework";
		};
		EAC84353252C816500691943 /* CelestiaMacBridge */ = {
			isa = PBXNativeTarget;
			buildConfigurationList = EAC8435A252C816500691943 /* Build configuration list for PBXNativeTarget "CelestiaMacBridge" */;
			buildPhases = (
				EAC84350252C816500691943 /* Sources */,
				EAC84351252C816500691943 /* Frameworks */,
				EAC84352252C816500691943 /* Resources */,
			);
			buildRules = (
			);
			dependencies = (
			);
			name = CelestiaMacBridge;
			productName = CelestiaMacBridge;
			productReference = EAC84354252C816500691943 /* CelestiaMacBridge.bundle */;
			productType = "com.apple.product-type.bundle";
		};
/* End PBXNativeTarget section */

/* Begin PBXProject section */
		979D2F7223FEB1A6005D2592 /* Project object */ = {
			isa = PBXProject;
			attributes = {
				BuildIndependentTargetsInParallel = YES;
				LastSwiftUpdateCheck = 1130;
				LastUpgradeCheck = 1600;
				ORGANIZATIONNAME = "Celestia Development Team";
				TargetAttributes = {
					979D2F7923FEB1A6005D2592 = {
						CreatedOnToolsVersion = 11.3;
						LastSwiftMigration = 1130;
					};
					979D2F8F23FEB1A8005D2592 = {
						CreatedOnToolsVersion = 11.3;
						TestTargetID = 979D2F7923FEB1A6005D2592;
					};
					EA1823E927C08D3D00E0F5E4 = {
						CreatedOnToolsVersion = 13.2.1;
					};
					EA4E2D742A56B4570046D62E = {
						CreatedOnToolsVersion = 14.3.1;
					};
					EA50E75D2A505627005E7D7A = {
						CreatedOnToolsVersion = 14.3.1;
						LastSwiftMigration = 1600;
					};
					EAC84353252C816500691943 = {
						CreatedOnToolsVersion = 12.2;
					};
				};
			};
			buildConfigurationList = 979D2F7523FEB1A6005D2592 /* Build configuration list for PBXProject "MobileCelestia" */;
			compatibilityVersion = "Xcode 9.3";
			developmentRegion = en;
			hasScannedForEncodings = 0;
			knownRegions = (
				en,
				Base,
				zh_CN,
				bg,
				zh_TW,
				ru,
			);
			mainGroup = 979D2F7123FEB1A6005D2592;
			packageReferences = (
				EA9039772BA19B1300C982BC /* XCRemoteSwiftPackageReference "AsyncGL" */,
				EA9039A02BA19CF100C982BC /* XCRemoteSwiftPackageReference "mwrequest" */,
				EAC20FDF2CA0CB7C0098AABA /* XCRemoteSwiftPackageReference "sentry-cocoa" */,
			);
			productRefGroup = 979D2F7B23FEB1A6005D2592 /* Products */;
			projectDirPath = "";
			projectReferences = (
				{
					ProductGroup = 979D2FA023FEB1D5005D2592 /* Products */;
					ProjectRef = 979D2F9F23FEB1D5005D2592 /* CelestiaCore.xcodeproj */;
				},
			);
			projectRoot = "";
			targets = (
				979D2F7923FEB1A6005D2592 /* MobileCelestia */,
				979D2F8F23FEB1A8005D2592 /* MobileCelestiaTests */,
				EAC84353252C816500691943 /* CelestiaMacBridge */,
				EA1823E927C08D3D00E0F5E4 /* CelestiaHelper */,
				EA50E75D2A505627005E7D7A /* CelestiaUI */,
				EA4E2D742A56B4570046D62E /* CelestiaFoundation */,
			);
		};
/* End PBXProject section */

/* Begin PBXReferenceProxy section */
		979D2FA423FEB1D6005D2592 /* CelestiaCore.framework */ = {
			isa = PBXReferenceProxy;
			fileType = wrapper.framework;
			path = CelestiaCore.framework;
			remoteRef = 979D2FA323FEB1D6005D2592 /* PBXContainerItemProxy */;
			sourceTree = BUILT_PRODUCTS_DIR;
		};
		EA86F8052B7A4A8500419451 /* ZipUtils.framework */ = {
			isa = PBXReferenceProxy;
			fileType = wrapper.framework;
			path = ZipUtils.framework;
			remoteRef = EA86F8042B7A4A8500419451 /* PBXContainerItemProxy */;
			sourceTree = BUILT_PRODUCTS_DIR;
		};
/* End PBXReferenceProxy section */

/* Begin PBXResourcesBuildPhase section */
		979D2F7823FEB1A6005D2592 /* Resources */ = {
			isa = PBXResourcesBuildPhase;
			buildActionMask = 2147483647;
			files = (
			);
			runOnlyForDeploymentPostprocessing = 0;
		};
		979D2F8E23FEB1A8005D2592 /* Resources */ = {
			isa = PBXResourcesBuildPhase;
			buildActionMask = 2147483647;
			files = (
			);
			runOnlyForDeploymentPostprocessing = 0;
		};
		EA1823E827C08D3D00E0F5E4 /* Resources */ = {
			isa = PBXResourcesBuildPhase;
			buildActionMask = 2147483647;
			files = (
			);
			runOnlyForDeploymentPostprocessing = 0;
		};
		EA4E2D732A56B4570046D62E /* Resources */ = {
			isa = PBXResourcesBuildPhase;
			buildActionMask = 2147483647;
			files = (
			);
			runOnlyForDeploymentPostprocessing = 0;
		};
		EA50E75C2A505627005E7D7A /* Resources */ = {
			isa = PBXResourcesBuildPhase;
			buildActionMask = 2147483647;
			files = (
			);
			runOnlyForDeploymentPostprocessing = 0;
		};
		EAC84352252C816500691943 /* Resources */ = {
			isa = PBXResourcesBuildPhase;
			buildActionMask = 2147483647;
			files = (
			);
			runOnlyForDeploymentPostprocessing = 0;
		};
/* End PBXResourcesBuildPhase section */

/* Begin PBXShellScriptBuildPhase section */
		973BBA5724052FFB00E3B061 /* Copy General Data */ = {
			isa = PBXShellScriptBuildPhase;
			alwaysOutOfDate = 1;
			buildActionMask = 12;
			files = (
			);
			inputFileListPaths = (
			);
			inputPaths = (
			);
			name = "Copy General Data";
			outputFileListPaths = (
			);
			outputPaths = (
			);
			runOnlyForDeploymentPostprocessing = 0;
			shellPath = /bin/sh;
			shellScript = "CELESTIA_CORE_ROOT=$SRCROOT/../CelestiaCore\n\nSH_FILE=$CELESTIA_CORE_ROOT/copy_general_data.sh\n\nchmod +x $SH_FILE\n\n$SH_FILE\n";
		};
		973BBA592405305100E3B061 /* Convert PO */ = {
			isa = PBXShellScriptBuildPhase;
			alwaysOutOfDate = 1;
			buildActionMask = 12;
			files = (
			);
			inputFileListPaths = (
			);
			inputPaths = (
			);
			name = "Convert PO";
			outputFileListPaths = (
			);
			outputPaths = (
			);
			runOnlyForDeploymentPostprocessing = 0;
			shellPath = /bin/sh;
			shellScript = "CELESTIA_CORE_ROOT=$SRCROOT/../CelestiaCore\n\nSH_FILE=$CELESTIA_CORE_ROOT/convert_po.sh\n\nchmod +x $SH_FILE\n\n$SH_FILE\n";
		};
		EA9FB24027B7B0E800E0DC1F /* Copy Localized Files */ = {
			isa = PBXShellScriptBuildPhase;
			alwaysOutOfDate = 1;
			buildActionMask = 2147483647;
			files = (
			);
			inputFileListPaths = (
			);
			inputPaths = (
			);
			name = "Copy Localized Files";
			outputFileListPaths = (
			);
			outputPaths = (
			);
			runOnlyForDeploymentPostprocessing = 0;
			shellPath = /bin/sh;
			shellScript = "SH_FILE=$SRCROOT/copy_localized_files.sh\n\nchmod +x $SH_FILE\n\n$SH_FILE\n";
		};
/* End PBXShellScriptBuildPhase section */

/* Begin PBXSourcesBuildPhase section */
		979D2F7623FEB1A6005D2592 /* Sources */ = {
			isa = PBXSourcesBuildPhase;
			buildActionMask = 2147483647;
			files = (
			);
			runOnlyForDeploymentPostprocessing = 0;
		};
		979D2F8C23FEB1A8005D2592 /* Sources */ = {
			isa = PBXSourcesBuildPhase;
			buildActionMask = 2147483647;
			files = (
			);
			runOnlyForDeploymentPostprocessing = 0;
		};
		EA1823E627C08D3D00E0F5E4 /* Sources */ = {
			isa = PBXSourcesBuildPhase;
			buildActionMask = 2147483647;
			files = (
			);
			runOnlyForDeploymentPostprocessing = 0;
		};
		EA4E2D712A56B4570046D62E /* Sources */ = {
			isa = PBXSourcesBuildPhase;
			buildActionMask = 2147483647;
			files = (
			);
			runOnlyForDeploymentPostprocessing = 0;
		};
		EA50E75A2A505627005E7D7A /* Sources */ = {
			isa = PBXSourcesBuildPhase;
			buildActionMask = 2147483647;
			files = (
			);
			runOnlyForDeploymentPostprocessing = 0;
		};
		EAC84350252C816500691943 /* Sources */ = {
			isa = PBXSourcesBuildPhase;
			buildActionMask = 2147483647;
			files = (
			);
			runOnlyForDeploymentPostprocessing = 0;
		};
/* End PBXSourcesBuildPhase section */

/* Begin PBXTargetDependency section */
		979D2F9223FEB1A8005D2592 /* PBXTargetDependency */ = {
			isa = PBXTargetDependency;
			target = 979D2F7923FEB1A6005D2592 /* MobileCelestia */;
			targetProxy = 979D2F9123FEB1A8005D2592 /* PBXContainerItemProxy */;
		};
		EA1823EF27C08D3D00E0F5E4 /* PBXTargetDependency */ = {
			isa = PBXTargetDependency;
			platformFilter = maccatalyst;
			target = EA1823E927C08D3D00E0F5E4 /* CelestiaHelper */;
			targetProxy = EA1823EE27C08D3D00E0F5E4 /* PBXContainerItemProxy */;
		};
		EA4E2D7F2A56B46B0046D62E /* PBXTargetDependency */ = {
			isa = PBXTargetDependency;
			target = EA4E2D742A56B4570046D62E /* CelestiaFoundation */;
			targetProxy = EA4E2D7E2A56B46B0046D62E /* PBXContainerItemProxy */;
		};
		EA4E2D892A56B5E20046D62E /* PBXTargetDependency */ = {
			isa = PBXTargetDependency;
			target = EA4E2D742A56B4570046D62E /* CelestiaFoundation */;
			targetProxy = EA4E2D882A56B5E20046D62E /* PBXContainerItemProxy */;
		};
		EA50E7632A505627005E7D7A /* PBXTargetDependency */ = {
			isa = PBXTargetDependency;
			target = EA50E75D2A505627005E7D7A /* CelestiaUI */;
			targetProxy = EA50E7622A505627005E7D7A /* PBXContainerItemProxy */;
		};
		EAB8F21B2A56BC8100C4E777 /* PBXTargetDependency */ = {
			isa = PBXTargetDependency;
			name = CelestiaCore;
			targetProxy = EAB8F21A2A56BC8100C4E777 /* PBXContainerItemProxy */;
		};
		EAC84366252C84B600691943 /* PBXTargetDependency */ = {
			isa = PBXTargetDependency;
			platformFilter = maccatalyst;
			target = EAC84353252C816500691943 /* CelestiaMacBridge */;
			targetProxy = EAC84365252C84B600691943 /* PBXContainerItemProxy */;
		};
		EACF64412668973F00A649B1 /* PBXTargetDependency */ = {
			isa = PBXTargetDependency;
			name = CelestiaCore;
			targetProxy = EACF64402668973F00A649B1 /* PBXContainerItemProxy */;
		};
/* End PBXTargetDependency section */

/* Begin XCBuildConfiguration section */
		979D2F9723FEB1A8005D2592 /* Debug */ = {
			isa = XCBuildConfiguration;
			buildSettings = {
				ALWAYS_SEARCH_USER_PATHS = NO;
				ASSETCATALOG_COMPILER_GENERATE_SWIFT_ASSET_SYMBOL_EXTENSIONS = YES;
				CLANG_ANALYZER_LOCALIZABILITY_NONLOCALIZED = YES;
				CLANG_ANALYZER_NONNULL = YES;
				CLANG_ANALYZER_NUMBER_OBJECT_CONVERSION = YES_AGGRESSIVE;
				CLANG_CXX_LANGUAGE_STANDARD = "c++17";
				CLANG_ENABLE_MODULES = YES;
				CLANG_ENABLE_OBJC_ARC = YES;
				CLANG_ENABLE_OBJC_WEAK = YES;
				CLANG_WARN_BLOCK_CAPTURE_AUTORELEASING = YES;
				CLANG_WARN_BOOL_CONVERSION = YES;
				CLANG_WARN_COMMA = YES;
				CLANG_WARN_CONSTANT_CONVERSION = YES;
				CLANG_WARN_DEPRECATED_OBJC_IMPLEMENTATIONS = YES;
				CLANG_WARN_DIRECT_OBJC_ISA_USAGE = YES_ERROR;
				CLANG_WARN_DOCUMENTATION_COMMENTS = YES;
				CLANG_WARN_EMPTY_BODY = YES;
				CLANG_WARN_ENUM_CONVERSION = YES;
				CLANG_WARN_INFINITE_RECURSION = YES;
				CLANG_WARN_INT_CONVERSION = YES;
				CLANG_WARN_NON_LITERAL_NULL_CONVERSION = YES;
				CLANG_WARN_OBJC_IMPLICIT_RETAIN_SELF = YES;
				CLANG_WARN_OBJC_LITERAL_CONVERSION = YES;
				CLANG_WARN_OBJC_ROOT_CLASS = YES_ERROR;
				CLANG_WARN_QUOTED_INCLUDE_IN_FRAMEWORK_HEADER = YES;
				CLANG_WARN_RANGE_LOOP_ANALYSIS = YES;
				CLANG_WARN_STRICT_PROTOTYPES = YES;
				CLANG_WARN_SUSPICIOUS_MOVE = YES;
				CLANG_WARN_UNGUARDED_AVAILABILITY = YES_AGGRESSIVE;
				CLANG_WARN_UNREACHABLE_CODE = YES;
				CLANG_WARN__DUPLICATE_METHOD_MATCH = YES;
				COPY_PHASE_STRIP = NO;
				DEBUG_INFORMATION_FORMAT = dwarf;
				DEVELOPMENT_TEAM = 22NR5428TD;
				ENABLE_STRICT_OBJC_MSGSEND = YES;
				ENABLE_TESTABILITY = YES;
				GCC_C_LANGUAGE_STANDARD = c11;
				GCC_NO_COMMON_BLOCKS = YES;
				GCC_OPTIMIZATION_LEVEL = 0;
				GCC_PREPROCESSOR_DEFINITIONS = (
					"DEBUG=1",
					"$(inherited)",
				);
				GCC_WARN_64_TO_32_BIT_CONVERSION = YES;
				GCC_WARN_ABOUT_RETURN_TYPE = YES_ERROR;
				GCC_WARN_UNDECLARED_SELECTOR = YES;
				GCC_WARN_UNINITIALIZED_AUTOS = YES_AGGRESSIVE;
				GCC_WARN_UNUSED_FUNCTION = YES;
				GCC_WARN_UNUSED_VARIABLE = YES;
				INFOPLIST_KEY_NSHumanReadableCopyright = "Copyright (C) 2001-2025, the Celestia Development Team";
				IPHONEOS_DEPLOYMENT_TARGET = 14.0;
				LOCALIZATION_PREFERS_STRING_CATALOGS = YES;
				MACOSX_DEPLOYMENT_TARGET = 11.0;
				ONLY_ACTIVE_ARCH = YES;
				SDKROOT = iphoneos;
				SHARED_BUILD_NUMBER = 587;
				SHARED_BUILD_VERSION = 1.8.7;
				SWIFT_ACTIVE_COMPILATION_CONDITIONS = DEBUG;
				SWIFT_EMIT_LOC_STRINGS = YES;
				SWIFT_OPTIMIZATION_LEVEL = "-Onone";
				SWIFT_VERSION = 6.0;
				TARGETED_DEVICE_FAMILY = "1,2,6";
				XROS_DEPLOYMENT_TARGET = 1.0;
			};
			name = Debug;
		};
		979D2F9823FEB1A8005D2592 /* Release */ = {
			isa = XCBuildConfiguration;
			buildSettings = {
				ALWAYS_SEARCH_USER_PATHS = NO;
				ASSETCATALOG_COMPILER_GENERATE_SWIFT_ASSET_SYMBOL_EXTENSIONS = YES;
				CLANG_ANALYZER_LOCALIZABILITY_NONLOCALIZED = YES;
				CLANG_ANALYZER_NONNULL = YES;
				CLANG_ANALYZER_NUMBER_OBJECT_CONVERSION = YES_AGGRESSIVE;
				CLANG_CXX_LANGUAGE_STANDARD = "c++17";
				CLANG_ENABLE_MODULES = YES;
				CLANG_ENABLE_OBJC_ARC = YES;
				CLANG_ENABLE_OBJC_WEAK = YES;
				CLANG_WARN_BLOCK_CAPTURE_AUTORELEASING = YES;
				CLANG_WARN_BOOL_CONVERSION = YES;
				CLANG_WARN_COMMA = YES;
				CLANG_WARN_CONSTANT_CONVERSION = YES;
				CLANG_WARN_DEPRECATED_OBJC_IMPLEMENTATIONS = YES;
				CLANG_WARN_DIRECT_OBJC_ISA_USAGE = YES_ERROR;
				CLANG_WARN_DOCUMENTATION_COMMENTS = YES;
				CLANG_WARN_EMPTY_BODY = YES;
				CLANG_WARN_ENUM_CONVERSION = YES;
				CLANG_WARN_INFINITE_RECURSION = YES;
				CLANG_WARN_INT_CONVERSION = YES;
				CLANG_WARN_NON_LITERAL_NULL_CONVERSION = YES;
				CLANG_WARN_OBJC_IMPLICIT_RETAIN_SELF = YES;
				CLANG_WARN_OBJC_LITERAL_CONVERSION = YES;
				CLANG_WARN_OBJC_ROOT_CLASS = YES_ERROR;
				CLANG_WARN_QUOTED_INCLUDE_IN_FRAMEWORK_HEADER = YES;
				CLANG_WARN_RANGE_LOOP_ANALYSIS = YES;
				CLANG_WARN_STRICT_PROTOTYPES = YES;
				CLANG_WARN_SUSPICIOUS_MOVE = YES;
				CLANG_WARN_UNGUARDED_AVAILABILITY = YES_AGGRESSIVE;
				CLANG_WARN_UNREACHABLE_CODE = YES;
				CLANG_WARN__DUPLICATE_METHOD_MATCH = YES;
				COPY_PHASE_STRIP = NO;
				DEBUG_INFORMATION_FORMAT = "dwarf-with-dsym";
				DEVELOPMENT_TEAM = 22NR5428TD;
				ENABLE_NS_ASSERTIONS = NO;
				ENABLE_STRICT_OBJC_MSGSEND = YES;
				GCC_C_LANGUAGE_STANDARD = c11;
				GCC_NO_COMMON_BLOCKS = YES;
				GCC_WARN_64_TO_32_BIT_CONVERSION = YES;
				GCC_WARN_ABOUT_RETURN_TYPE = YES_ERROR;
				GCC_WARN_UNDECLARED_SELECTOR = YES;
				GCC_WARN_UNINITIALIZED_AUTOS = YES_AGGRESSIVE;
				GCC_WARN_UNUSED_FUNCTION = YES;
				GCC_WARN_UNUSED_VARIABLE = YES;
				INFOPLIST_KEY_NSHumanReadableCopyright = "Copyright (C) 2001-2025, the Celestia Development Team";
				IPHONEOS_DEPLOYMENT_TARGET = 14.0;
				LOCALIZATION_PREFERS_STRING_CATALOGS = YES;
				MACOSX_DEPLOYMENT_TARGET = 11.0;
				SDKROOT = iphoneos;
				SHARED_BUILD_NUMBER = 587;
				SHARED_BUILD_VERSION = 1.8.7;
				SWIFT_COMPILATION_MODE = wholemodule;
				SWIFT_EMIT_LOC_STRINGS = YES;
				SWIFT_OPTIMIZATION_LEVEL = "-O";
				SWIFT_VERSION = 6.0;
				TARGETED_DEVICE_FAMILY = "1,2,6";
				VALIDATE_PRODUCT = YES;
				XROS_DEPLOYMENT_TARGET = 1.0;
			};
			name = Release;
		};
		979D2F9A23FEB1A8005D2592 /* Debug */ = {
			isa = XCBuildConfiguration;
			buildSettings = {
				ASSETCATALOG_COMPILER_APPICON_NAME = AppIcon;
				CODE_SIGN_ENTITLEMENTS = MobileCelestia/Celestia.entitlements;
				"CODE_SIGN_ENTITLEMENTS[sdk=macosx*]" = "MobileCelestia/Celestia-macOS.entitlements";
				CODE_SIGN_IDENTITY = "Apple Development";
				CODE_SIGN_STYLE = Automatic;
				CURRENT_PROJECT_VERSION = "$(SHARED_BUILD_NUMBER)";
				INFOPLIST_FILE = "$(TARGET_NAME)/Info.plist";
				"INFOPLIST_FILE[sdk=macosx*]" = "$(TARGET_NAME)/Info-macos.plist";
				LD_RUNPATH_SEARCH_PATHS = (
					"$(inherited)",
					"@executable_path/Frameworks",
				);
				MARKETING_VERSION = "$(SHARED_BUILD_VERSION)";
				OTHER_LDFLAGS = (
					"$(inherited)",
					"-ObjC",
				);
				PRODUCT_BUNDLE_IDENTIFIER = space.celestia.MobileCelestia;
				PRODUCT_NAME = Celestia;
				PROVISIONING_PROFILE_SPECIFIER = "";
				SUPPORTS_MACCATALYST = YES;
				SUPPORTS_MAC_DESIGNED_FOR_IPHONE_IPAD = NO;
			};
			name = Debug;
		};
		979D2F9B23FEB1A8005D2592 /* Release */ = {
			isa = XCBuildConfiguration;
			buildSettings = {
				ASSETCATALOG_COMPILER_APPICON_NAME = AppIcon;
				CODE_SIGN_ENTITLEMENTS = MobileCelestia/Celestia.entitlements;
				"CODE_SIGN_ENTITLEMENTS[sdk=macosx*]" = "MobileCelestia/Celestia-macOS.entitlements";
				CODE_SIGN_IDENTITY = "Apple Development";
				CODE_SIGN_STYLE = Automatic;
				CURRENT_PROJECT_VERSION = "$(SHARED_BUILD_NUMBER)";
				INFOPLIST_FILE = "$(TARGET_NAME)/Info.plist";
				"INFOPLIST_FILE[sdk=macosx*]" = "$(TARGET_NAME)/Info-macos.plist";
				LD_RUNPATH_SEARCH_PATHS = (
					"$(inherited)",
					"@executable_path/Frameworks",
				);
				MARKETING_VERSION = "$(SHARED_BUILD_VERSION)";
				OTHER_LDFLAGS = (
					"$(inherited)",
					"-ObjC",
				);
				PRODUCT_BUNDLE_IDENTIFIER = space.celestia.MobileCelestia;
				PRODUCT_NAME = Celestia;
				PROVISIONING_PROFILE_SPECIFIER = "";
				SUPPORTS_MACCATALYST = YES;
				SUPPORTS_MAC_DESIGNED_FOR_IPHONE_IPAD = NO;
			};
			name = Release;
		};
		979D2F9D23FEB1A8005D2592 /* Debug */ = {
			isa = XCBuildConfiguration;
			buildSettings = {
				BUNDLE_LOADER = "$(TEST_HOST)";
				INFOPLIST_FILE = MobileCelestiaTests/Info.plist;
				LD_RUNPATH_SEARCH_PATHS = (
					"$(inherited)",
					"@executable_path/Frameworks",
					"@loader_path/Frameworks",
				);
				PRODUCT_BUNDLE_IDENTIFIER = cc.meowssage.MobileCelestiaTests;
				PRODUCT_NAME = "$(TARGET_NAME)";
				TEST_HOST = "$(BUILT_PRODUCTS_DIR)/MobileCelestia.app/MobileCelestia";
			};
			name = Debug;
		};
		979D2F9E23FEB1A8005D2592 /* Release */ = {
			isa = XCBuildConfiguration;
			buildSettings = {
				BUNDLE_LOADER = "$(TEST_HOST)";
				INFOPLIST_FILE = MobileCelestiaTests/Info.plist;
				LD_RUNPATH_SEARCH_PATHS = (
					"$(inherited)",
					"@executable_path/Frameworks",
					"@loader_path/Frameworks",
				);
				PRODUCT_BUNDLE_IDENTIFIER = cc.meowssage.MobileCelestiaTests;
				PRODUCT_NAME = "$(TARGET_NAME)";
				TEST_HOST = "$(BUILT_PRODUCTS_DIR)/MobileCelestia.app/MobileCelestia";
			};
			name = Release;
		};
		EA1823F227C08D3D00E0F5E4 /* Debug */ = {
			isa = XCBuildConfiguration;
			buildSettings = {
				CODE_SIGNING_ALLOWED = NO;
				CODE_SIGNING_REQUIRED = NO;
				CODE_SIGN_IDENTITY = "";
				CURRENT_PROJECT_VERSION = "$(SHARED_BUILD_NUMBER)";
				DEFINES_MODULE = YES;
				DYLIB_COMPATIBILITY_VERSION = 1;
				DYLIB_CURRENT_VERSION = 1;
				DYLIB_INSTALL_NAME_BASE = "@rpath";
				ENABLE_MODULE_VERIFIER = YES;
				GENERATE_INFOPLIST_FILE = YES;
				INSTALL_PATH = "$(LOCAL_LIBRARY_DIR)/Frameworks";
				LD_RUNPATH_SEARCH_PATHS = (
					"$(inherited)",
					"@executable_path/Frameworks",
					"@loader_path/Frameworks",
				);
				MACH_O_TYPE = staticlib;
				MARKETING_VERSION = "$(SHARED_BUILD_VERSION)";
				PRODUCT_BUNDLE_IDENTIFIER = space.celestia.CelestiaHelper;
				PRODUCT_NAME = "$(TARGET_NAME:c99extidentifier)";
				SKIP_INSTALL = YES;
				SWIFT_EMIT_LOC_STRINGS = YES;
				VERSIONING_SYSTEM = "apple-generic";
				VERSION_INFO_PREFIX = "";
			};
			name = Debug;
		};
		EA1823F327C08D3D00E0F5E4 /* Release */ = {
			isa = XCBuildConfiguration;
			buildSettings = {
				CODE_SIGNING_ALLOWED = NO;
				CODE_SIGNING_REQUIRED = NO;
				CODE_SIGN_IDENTITY = "";
				CURRENT_PROJECT_VERSION = "$(SHARED_BUILD_NUMBER)";
				DEFINES_MODULE = YES;
				DYLIB_COMPATIBILITY_VERSION = 1;
				DYLIB_CURRENT_VERSION = 1;
				DYLIB_INSTALL_NAME_BASE = "@rpath";
				ENABLE_MODULE_VERIFIER = YES;
				GENERATE_INFOPLIST_FILE = YES;
				INSTALL_PATH = "$(LOCAL_LIBRARY_DIR)/Frameworks";
				LD_RUNPATH_SEARCH_PATHS = (
					"$(inherited)",
					"@executable_path/Frameworks",
					"@loader_path/Frameworks",
				);
				MACH_O_TYPE = staticlib;
				MARKETING_VERSION = "$(SHARED_BUILD_VERSION)";
				PRODUCT_BUNDLE_IDENTIFIER = space.celestia.CelestiaHelper;
				PRODUCT_NAME = "$(TARGET_NAME:c99extidentifier)";
				SKIP_INSTALL = YES;
				SWIFT_EMIT_LOC_STRINGS = YES;
				VERSIONING_SYSTEM = "apple-generic";
				VERSION_INFO_PREFIX = "";
			};
			name = Release;
		};
		EA4E2D792A56B4570046D62E /* Debug */ = {
			isa = XCBuildConfiguration;
			buildSettings = {
				CODE_SIGNING_ALLOWED = NO;
				CODE_SIGNING_REQUIRED = NO;
				CODE_SIGN_IDENTITY = "";
				CURRENT_PROJECT_VERSION = "$(SHARED_BUILD_NUMBER)";
				DEFINES_MODULE = YES;
				DYLIB_COMPATIBILITY_VERSION = 1;
				DYLIB_CURRENT_VERSION = 1;
				DYLIB_INSTALL_NAME_BASE = "@rpath";
				GENERATE_INFOPLIST_FILE = YES;
				INSTALL_PATH = "$(LOCAL_LIBRARY_DIR)/Frameworks";
				LD_RUNPATH_SEARCH_PATHS = (
					"$(inherited)",
					"@executable_path/Frameworks",
					"@loader_path/Frameworks",
				);
				MACH_O_TYPE = staticlib;
				MARKETING_VERSION = "$(SHARED_BUILD_VERSION)";
				PRODUCT_BUNDLE_IDENTIFIER = space.celestia.CelestiaFoundation;
				PRODUCT_NAME = "$(TARGET_NAME:c99extidentifier)";
				SKIP_INSTALL = YES;
				SWIFT_EMIT_LOC_STRINGS = YES;
				VERSIONING_SYSTEM = "apple-generic";
				VERSION_INFO_PREFIX = "";
			};
			name = Debug;
		};
		EA4E2D7A2A56B4570046D62E /* Release */ = {
			isa = XCBuildConfiguration;
			buildSettings = {
				CODE_SIGNING_ALLOWED = NO;
				CODE_SIGNING_REQUIRED = NO;
				CODE_SIGN_IDENTITY = "";
				CURRENT_PROJECT_VERSION = "$(SHARED_BUILD_NUMBER)";
				DEFINES_MODULE = YES;
				DYLIB_COMPATIBILITY_VERSION = 1;
				DYLIB_CURRENT_VERSION = 1;
				DYLIB_INSTALL_NAME_BASE = "@rpath";
				GENERATE_INFOPLIST_FILE = YES;
				INSTALL_PATH = "$(LOCAL_LIBRARY_DIR)/Frameworks";
				LD_RUNPATH_SEARCH_PATHS = (
					"$(inherited)",
					"@executable_path/Frameworks",
					"@loader_path/Frameworks",
				);
				MACH_O_TYPE = staticlib;
				MARKETING_VERSION = "$(SHARED_BUILD_VERSION)";
				PRODUCT_BUNDLE_IDENTIFIER = space.celestia.CelestiaFoundation;
				PRODUCT_NAME = "$(TARGET_NAME:c99extidentifier)";
				SKIP_INSTALL = YES;
				SWIFT_EMIT_LOC_STRINGS = YES;
				VERSIONING_SYSTEM = "apple-generic";
				VERSION_INFO_PREFIX = "";
			};
			name = Release;
		};
		EA50E7672A505627005E7D7A /* Debug */ = {
			isa = XCBuildConfiguration;
			buildSettings = {
				CODE_SIGNING_ALLOWED = NO;
				CODE_SIGNING_REQUIRED = NO;
				CODE_SIGN_IDENTITY = "";
				CURRENT_PROJECT_VERSION = "$(SHARED_BUILD_NUMBER)";
				DEFINES_MODULE = YES;
				DYLIB_COMPATIBILITY_VERSION = 1;
				DYLIB_CURRENT_VERSION = 1;
				DYLIB_INSTALL_NAME_BASE = "@rpath";
				GENERATE_INFOPLIST_FILE = YES;
				INSTALL_PATH = "$(LOCAL_LIBRARY_DIR)/Frameworks";
				LD_RUNPATH_SEARCH_PATHS = (
					"$(inherited)",
					"@executable_path/Frameworks",
					"@loader_path/Frameworks",
				);
				MACH_O_TYPE = staticlib;
				MARKETING_VERSION = "$(SHARED_BUILD_VERSION)";
				PRODUCT_BUNDLE_IDENTIFIER = space.celestia.CelestiaUI;
				PRODUCT_NAME = "$(TARGET_NAME:c99extidentifier)";
				SKIP_INSTALL = YES;
				SWIFT_EMIT_LOC_STRINGS = YES;
				VERSIONING_SYSTEM = "apple-generic";
				VERSION_INFO_PREFIX = "";
			};
			name = Debug;
		};
		EA50E7682A505627005E7D7A /* Release */ = {
			isa = XCBuildConfiguration;
			buildSettings = {
				CODE_SIGNING_ALLOWED = NO;
				CODE_SIGNING_REQUIRED = NO;
				CODE_SIGN_IDENTITY = "";
				CURRENT_PROJECT_VERSION = "$(SHARED_BUILD_NUMBER)";
				DEFINES_MODULE = YES;
				DYLIB_COMPATIBILITY_VERSION = 1;
				DYLIB_CURRENT_VERSION = 1;
				DYLIB_INSTALL_NAME_BASE = "@rpath";
				GENERATE_INFOPLIST_FILE = YES;
				INSTALL_PATH = "$(LOCAL_LIBRARY_DIR)/Frameworks";
				LD_RUNPATH_SEARCH_PATHS = (
					"$(inherited)",
					"@executable_path/Frameworks",
					"@loader_path/Frameworks",
				);
				MACH_O_TYPE = staticlib;
				MARKETING_VERSION = "$(SHARED_BUILD_VERSION)";
				PRODUCT_BUNDLE_IDENTIFIER = space.celestia.CelestiaUI;
				PRODUCT_NAME = "$(TARGET_NAME:c99extidentifier)";
				SKIP_INSTALL = YES;
				SWIFT_EMIT_LOC_STRINGS = YES;
				VERSIONING_SYSTEM = "apple-generic";
				VERSION_INFO_PREFIX = "";
			};
			name = Release;
		};
		EAC84357252C816500691943 /* Debug */ = {
			isa = XCBuildConfiguration;
			buildSettings = {
				CODE_SIGNING_ALLOWED = NO;
				CODE_SIGNING_REQUIRED = NO;
				CODE_SIGN_IDENTITY = "Apple Development";
				CODE_SIGN_STYLE = Automatic;
				COMBINE_HIDPI_IMAGES = YES;
				CURRENT_PROJECT_VERSION = "$(SHARED_BUILD_NUMBER)";
				INFOPLIST_FILE = CelestiaMacBridge/Info.plist;
				INSTALL_PATH = "$(LOCAL_LIBRARY_DIR)/Bundles";
				MARKETING_VERSION = "$(SHARED_BUILD_VERSION)";
				PRODUCT_BUNDLE_IDENTIFIER = space.celestia.CelestiaMacBridge;
				PRODUCT_NAME = "$(TARGET_NAME)";
				PROVISIONING_PROFILE_SPECIFIER = "";
				SDKROOT = macosx;
				SKIP_INSTALL = YES;
				WRAPPER_EXTENSION = bundle;
			};
			name = Debug;
		};
		EAC84358252C816500691943 /* Release */ = {
			isa = XCBuildConfiguration;
			buildSettings = {
				CODE_SIGNING_ALLOWED = NO;
				CODE_SIGNING_REQUIRED = NO;
				CODE_SIGN_IDENTITY = "Apple Development";
				CODE_SIGN_STYLE = Automatic;
				COMBINE_HIDPI_IMAGES = YES;
				CURRENT_PROJECT_VERSION = "$(SHARED_BUILD_NUMBER)";
				INFOPLIST_FILE = CelestiaMacBridge/Info.plist;
				INSTALL_PATH = "$(LOCAL_LIBRARY_DIR)/Bundles";
				MARKETING_VERSION = "$(SHARED_BUILD_VERSION)";
				PRODUCT_BUNDLE_IDENTIFIER = space.celestia.CelestiaMacBridge;
				PRODUCT_NAME = "$(TARGET_NAME)";
				PROVISIONING_PROFILE_SPECIFIER = "";
				SDKROOT = macosx;
				SKIP_INSTALL = YES;
				WRAPPER_EXTENSION = bundle;
			};
			name = Release;
		};
/* End XCBuildConfiguration section */

/* Begin XCConfigurationList section */
		979D2F7523FEB1A6005D2592 /* Build configuration list for PBXProject "MobileCelestia" */ = {
			isa = XCConfigurationList;
			buildConfigurations = (
				979D2F9723FEB1A8005D2592 /* Debug */,
				979D2F9823FEB1A8005D2592 /* Release */,
			);
			defaultConfigurationIsVisible = 0;
			defaultConfigurationName = Release;
		};
		979D2F9923FEB1A8005D2592 /* Build configuration list for PBXNativeTarget "MobileCelestia" */ = {
			isa = XCConfigurationList;
			buildConfigurations = (
				979D2F9A23FEB1A8005D2592 /* Debug */,
				979D2F9B23FEB1A8005D2592 /* Release */,
			);
			defaultConfigurationIsVisible = 0;
			defaultConfigurationName = Release;
		};
		979D2F9C23FEB1A8005D2592 /* Build configuration list for PBXNativeTarget "MobileCelestiaTests" */ = {
			isa = XCConfigurationList;
			buildConfigurations = (
				979D2F9D23FEB1A8005D2592 /* Debug */,
				979D2F9E23FEB1A8005D2592 /* Release */,
			);
			defaultConfigurationIsVisible = 0;
			defaultConfigurationName = Release;
		};
		EA1823F427C08D3D00E0F5E4 /* Build configuration list for PBXNativeTarget "CelestiaHelper" */ = {
			isa = XCConfigurationList;
			buildConfigurations = (
				EA1823F227C08D3D00E0F5E4 /* Debug */,
				EA1823F327C08D3D00E0F5E4 /* Release */,
			);
			defaultConfigurationIsVisible = 0;
			defaultConfigurationName = Release;
		};
		EA4E2D7B2A56B4570046D62E /* Build configuration list for PBXNativeTarget "CelestiaFoundation" */ = {
			isa = XCConfigurationList;
			buildConfigurations = (
				EA4E2D792A56B4570046D62E /* Debug */,
				EA4E2D7A2A56B4570046D62E /* Release */,
			);
			defaultConfigurationIsVisible = 0;
			defaultConfigurationName = Release;
		};
		EA50E7692A505627005E7D7A /* Build configuration list for PBXNativeTarget "CelestiaUI" */ = {
			isa = XCConfigurationList;
			buildConfigurations = (
				EA50E7672A505627005E7D7A /* Debug */,
				EA50E7682A505627005E7D7A /* Release */,
			);
			defaultConfigurationIsVisible = 0;
			defaultConfigurationName = Release;
		};
		EAC8435A252C816500691943 /* Build configuration list for PBXNativeTarget "CelestiaMacBridge" */ = {
			isa = XCConfigurationList;
			buildConfigurations = (
				EAC84357252C816500691943 /* Debug */,
				EAC84358252C816500691943 /* Release */,
			);
			defaultConfigurationIsVisible = 0;
			defaultConfigurationName = Release;
		};
/* End XCConfigurationList section */

/* Begin XCRemoteSwiftPackageReference section */
		EA9039772BA19B1300C982BC /* XCRemoteSwiftPackageReference "AsyncGL" */ = {
			isa = XCRemoteSwiftPackageReference;
			repositoryURL = "https://github.com/levinli303/AsyncGL";
			requirement = {
				kind = exactVersion;
				version = 1.1.1;
			};
		};
		EA9039A02BA19CF100C982BC /* XCRemoteSwiftPackageReference "mwrequest" */ = {
			isa = XCRemoteSwiftPackageReference;
			repositoryURL = "https://github.com/levinli303/mwrequest";
			requirement = {
				kind = upToNextMajorVersion;
				minimumVersion = 1.0.2;
			};
		};
		EAC20FDF2CA0CB7C0098AABA /* XCRemoteSwiftPackageReference "sentry-cocoa" */ = {
			isa = XCRemoteSwiftPackageReference;
			repositoryURL = "https://github.com/getsentry/sentry-cocoa";
			requirement = {
				kind = exactVersion;
				version = 8.50.2;
			};
		};
/* End XCRemoteSwiftPackageReference section */

/* Begin XCSwiftPackageProductDependency section */
		EA9039A12BA19CF100C982BC /* MWRequest */ = {
			isa = XCSwiftPackageProductDependency;
			package = EA9039A02BA19CF100C982BC /* XCRemoteSwiftPackageReference "mwrequest" */;
			productName = MWRequest;
		};
		EA9039A82BA19F0900C982BC /* AsyncGLANGLE */ = {
			isa = XCSwiftPackageProductDependency;
			package = EA9039772BA19B1300C982BC /* XCRemoteSwiftPackageReference "AsyncGL" */;
			productName = AsyncGLANGLE;
		};
		EAC20FE02CA0CB7C0098AABA /* Sentry */ = {
			isa = XCSwiftPackageProductDependency;
			package = EAC20FDF2CA0CB7C0098AABA /* XCRemoteSwiftPackageReference "sentry-cocoa" */;
			productName = Sentry;
		};
/* End XCSwiftPackageProductDependency section */
	};
	rootObject = 979D2F7223FEB1A6005D2592 /* Project object */;
}
