// !$*UTF8*$!
{
	archiveVersion = 1;
	classes = {
	};
	objectVersion = 52;
	objects = {

/* Begin PBXBuildFile section */
		97143F1823FFAEFD00F35D87 /* defaults.plist in Resources */ = {isa = PBXBuildFile; fileRef = 97143F1623FFAEFD00F35D87 /* defaults.plist */; };
		972477D12404A19700729B45 /* BrowserContainerViewController.swift in Sources */ = {isa = PBXBuildFile; fileRef = 972477D02404A19700729B45 /* BrowserContainerViewController.swift */; };
		972477D52404A63800729B45 /* BrowserCommonViewController.swift in Sources */ = {isa = PBXBuildFile; fileRef = 972477D42404A63800729B45 /* BrowserCommonViewController.swift */; };
		972477D72404A65C00729B45 /* BrowserCoordinatorController.swift in Sources */ = {isa = PBXBuildFile; fileRef = 972477D62404A65C00729B45 /* BrowserCoordinatorController.swift */; };
		972C5A8A24068D55009747A8 /* UIViewController+Presentation.m in Sources */ = {isa = PBXBuildFile; fileRef = 972C5A8924068D55009747A8 /* UIViewController+Presentation.m */; };
		973BBA452405216700E3B061 /* AboutViewController.swift in Sources */ = {isa = PBXBuildFile; fileRef = 973BBA442405216700E3B061 /* AboutViewController.swift */; };
		973BBA61240538DB00E3B061 /* MultiLineTextCell.swift in Sources */ = {isa = PBXBuildFile; fileRef = 973BBA60240538DB00E3B061 /* MultiLineTextCell.swift */; };
		973BBA642405481200E3B061 /* TimeSettingViewController.swift in Sources */ = {isa = PBXBuildFile; fileRef = 973BBA632405481200E3B061 /* TimeSettingViewController.swift */; };
		973BBA6624054E9900E3B061 /* TextViewController.swift in Sources */ = {isa = PBXBuildFile; fileRef = 973BBA6524054E9900E3B061 /* TextViewController.swift */; };
		97401C9C2414D3460015F8E8 /* URL.swift in Sources */ = {isa = PBXBuildFile; fileRef = 97401C982414D3460015F8E8 /* URL.swift */; };
		97401C9D2414D3460015F8E8 /* UserDefaults.swift in Sources */ = {isa = PBXBuildFile; fileRef = 97401C992414D3460015F8E8 /* UserDefaults.swift */; };
		97401C9E2414D3460015F8E8 /* Celestia+Extension.swift in Sources */ = {isa = PBXBuildFile; fileRef = 97401C9A2414D3460015F8E8 /* Celestia+Extension.swift */; };
		97401CA52414DAF50015F8E8 /* FavoriteViewController.swift in Sources */ = {isa = PBXBuildFile; fileRef = 97401CA32414DAF50015F8E8 /* FavoriteViewController.swift */; };
		97401CA62414DAF50015F8E8 /* FavoriteCoordinatorController.swift in Sources */ = {isa = PBXBuildFile; fileRef = 97401CA42414DAF50015F8E8 /* FavoriteCoordinatorController.swift */; };
		97401CAB2414DCAC0015F8E8 /* FavoriteItemViewController.swift in Sources */ = {isa = PBXBuildFile; fileRef = 97401CAA2414DCAC0015F8E8 /* FavoriteItemViewController.swift */; };
		974F86AA240362BA00356795 /* ToolbarButtonCell.swift in Sources */ = {isa = PBXBuildFile; fileRef = 974F86A9240362BA00356795 /* ToolbarButtonCell.swift */; };
		974F86DF2403BD3C00356795 /* BodyActionCell.swift in Sources */ = {isa = PBXBuildFile; fileRef = 974F86DB2403BD3B00356795 /* BodyActionCell.swift */; };
		974F86E02403BD3C00356795 /* BodyDescriptionCell.swift in Sources */ = {isa = PBXBuildFile; fileRef = 974F86DC2403BD3B00356795 /* BodyDescriptionCell.swift */; };
		974F86E12403BD3C00356795 /* BodyInfoLayoutDelegate.swift in Sources */ = {isa = PBXBuildFile; fileRef = 974F86DD2403BD3B00356795 /* BodyInfoLayoutDelegate.swift */; };
		974F86E22403BD3C00356795 /* InfoViewController.swift in Sources */ = {isa = PBXBuildFile; fileRef = 974F86DE2403BD3B00356795 /* InfoViewController.swift */; };
		974F86E42403C30E00356795 /* BodyInfoModel.swift in Sources */ = {isa = PBXBuildFile; fileRef = 974F86E32403C30E00356795 /* BodyInfoModel.swift */; };
		9773949C2402A8F700E38B82 /* ToolbarViewController.swift in Sources */ = {isa = PBXBuildFile; fileRef = 9773949B2402A8F700E38B82 /* ToolbarViewController.swift */; };
		9773949E2402A96B00E38B82 /* SlideInPresentationController.swift in Sources */ = {isa = PBXBuildFile; fileRef = 9773949D2402A96B00E38B82 /* SlideInPresentationController.swift */; };
		977394A02402A9AF00E38B82 /* SlideInPresentationManager.swift in Sources */ = {isa = PBXBuildFile; fileRef = 9773949F2402A9AF00E38B82 /* SlideInPresentationManager.swift */; };
		977394A32403E68800E38B82 /* Color.swift in Sources */ = {isa = PBXBuildFile; fileRef = 977394A22403E68800E38B82 /* Color.swift */; };
		977394AC2403F07C00E38B82 /* SettingsCoordinatorController.swift in Sources */ = {isa = PBXBuildFile; fileRef = 977394AB2403F07C00E38B82 /* SettingsCoordinatorController.swift */; };
		977394AE2403F08800E38B82 /* SettingsMainViewController.swift in Sources */ = {isa = PBXBuildFile; fileRef = 977394AD2403F08800E38B82 /* SettingsMainViewController.swift */; };
		977394B12403F30900E38B82 /* SettingModel.swift in Sources */ = {isa = PBXBuildFile; fileRef = 977394B02403F30900E38B82 /* SettingModel.swift */; };
		977394B32403F74800E38B82 /* SettingTextCell.swift in Sources */ = {isa = PBXBuildFile; fileRef = 977394B22403F74800E38B82 /* SettingTextCell.swift */; };
		977394B52403FD4400E38B82 /* SettingCheckViewController.swift in Sources */ = {isa = PBXBuildFile; fileRef = 977394B42403FD4400E38B82 /* SettingCheckViewController.swift */; };
		977394B8240409CF00E38B82 /* SettingSwitchCell.swift in Sources */ = {isa = PBXBuildFile; fileRef = 977394B7240409CF00E38B82 /* SettingSwitchCell.swift */; };
		977394BA240413EF00E38B82 /* SettingSelectionViewController.swift in Sources */ = {isa = PBXBuildFile; fileRef = 977394B9240413EF00E38B82 /* SettingSelectionViewController.swift */; };
		977394BD2404189000E38B82 /* SearchViewController.swift in Sources */ = {isa = PBXBuildFile; fileRef = 977394BC2404189000E38B82 /* SearchViewController.swift */; };
		977394BF24041A9A00E38B82 /* SearchCoordinatorController.swift in Sources */ = {isa = PBXBuildFile; fileRef = 977394BE24041A9A00E38B82 /* SearchCoordinatorController.swift */; };
		977CDD2A240BC50A00137127 /* TutorialViewController.swift in Sources */ = {isa = PBXBuildFile; fileRef = 977CDD29240BC50A00137127 /* TutorialViewController.swift */; };
		977CDD2E240BC6A900137127 /* TutorialDescriptionCell.swift in Sources */ = {isa = PBXBuildFile; fileRef = 977CDD2D240BC6A900137127 /* TutorialDescriptionCell.swift */; };
		977CDD30240BD78F00137127 /* TutorialActionCell.swift in Sources */ = {isa = PBXBuildFile; fileRef = 977CDD2F240BD78F00137127 /* TutorialActionCell.swift */; };
		977CDD34240BDFE500137127 /* OnboardViewController.swift in Sources */ = {isa = PBXBuildFile; fileRef = 977CDD33240BDFE500137127 /* OnboardViewController.swift */; };
		978406D724028F0000876FD1 /* MainViewController.swift in Sources */ = {isa = PBXBuildFile; fileRef = 978406D624028F0000876FD1 /* MainViewController.swift */; };
		978406DA2402906C00876FD1 /* UIViewController+Extension.swift in Sources */ = {isa = PBXBuildFile; fileRef = 978406D92402906C00876FD1 /* UIViewController+Extension.swift */; };
		978406DC240294D000876FD1 /* LoadingViewController.swift in Sources */ = {isa = PBXBuildFile; fileRef = 978406DB240294D000876FD1 /* LoadingViewController.swift */; };
		978406DF24029D9100876FD1 /* LoadingFailureViewController.swift in Sources */ = {isa = PBXBuildFile; fileRef = 978406DE24029D9100876FD1 /* LoadingFailureViewController.swift */; };
		979D2F7E23FEB1A6005D2592 /* AppDelegate.swift in Sources */ = {isa = PBXBuildFile; fileRef = 979D2F7D23FEB1A6005D2592 /* AppDelegate.swift */; };
		979D2F8223FEB1A6005D2592 /* CelestiaViewController.swift in Sources */ = {isa = PBXBuildFile; fileRef = 979D2F8123FEB1A6005D2592 /* CelestiaViewController.swift */; };
		979D2F8723FEB1A8005D2592 /* Assets.xcassets in Resources */ = {isa = PBXBuildFile; fileRef = 979D2F8623FEB1A8005D2592 /* Assets.xcassets */; };
		979D2F8A23FEB1A8005D2592 /* LaunchScreen.storyboard in Resources */ = {isa = PBXBuildFile; fileRef = 979D2F8823FEB1A8005D2592 /* LaunchScreen.storyboard */; };
		979D2F9523FEB1A8005D2592 /* MobileCelestiaTests.swift in Sources */ = {isa = PBXBuildFile; fileRef = 979D2F9423FEB1A8005D2592 /* MobileCelestiaTests.swift */; };
		979D2FA623FEB1DD005D2592 /* CelestiaCore.framework in Frameworks */ = {isa = PBXBuildFile; fileRef = 979D2FA423FEB1D6005D2592 /* CelestiaCore.framework */; };
		979D2FAB23FEB2AA005D2592 /* libc++.tbd in Frameworks */ = {isa = PBXBuildFile; fileRef = 979D2FAA23FEB2A5005D2592 /* libc++.tbd */; };
		979D2FAD23FEB2B4005D2592 /* libbz2.tbd in Frameworks */ = {isa = PBXBuildFile; fileRef = 979D2FAC23FEB2AE005D2592 /* libbz2.tbd */; };
		979D2FAF23FEB2BD005D2592 /* libz.tbd in Frameworks */ = {isa = PBXBuildFile; fileRef = 979D2FAE23FEB2B9005D2592 /* libz.tbd */; };
		97C3A9F22445FACF00EB365A /* CelestiaControlView.swift in Sources */ = {isa = PBXBuildFile; fileRef = 97C3A9F12445FACF00EB365A /* CelestiaControlView.swift */; };
		97DB1FD924067B76001F222F /* NSObject+Flag.m in Sources */ = {isa = PBXBuildFile; fileRef = 97DB1FD824067B76001F222F /* NSObject+Flag.m */; };
		97EB41C62408F20700E6D441 /* CameraControlViewController.swift in Sources */ = {isa = PBXBuildFile; fileRef = 97EB41C52408F20700E6D441 /* CameraControlViewController.swift */; };
		97EB41C92408F26200E6D441 /* SettingStepperCell.swift in Sources */ = {isa = PBXBuildFile; fileRef = 97EB41C82408F26200E6D441 /* SettingStepperCell.swift */; };
		97F1141E2408AE06003A06D7 /* DataLocationSelectionViewController.swift in Sources */ = {isa = PBXBuildFile; fileRef = 97F1141D2408AE06003A06D7 /* DataLocationSelectionViewController.swift */; };
		97FF95A5240A340300E9F44F /* BaseResultHandler.swift in Sources */ = {isa = PBXBuildFile; fileRef = 97FF95A4240A340300E9F44F /* BaseResultHandler.swift */; };
		97FF95AA240A3F0900E9F44F /* Data.swift in Sources */ = {isa = PBXBuildFile; fileRef = 97FF95A9240A3F0900E9F44F /* Data.swift */; };
		EA09B5EC254BB92900DACC1D /* MWRequest in Frameworks */ = {isa = PBXBuildFile; productRef = EA09B5EB254BB92900DACC1D /* MWRequest */; };
		EA10553324935A4700E49C6D /* Metal.framework in Frameworks */ = {isa = PBXBuildFile; fileRef = EA10553224935A4700E49C6D /* Metal.framework */; };
		EA1BC6E324A0E92B00F3F51B /* EventFinderCoordinatorViewController.swift in Sources */ = {isa = PBXBuildFile; fileRef = EA1BC6E224A0E92B00F3F51B /* EventFinderCoordinatorViewController.swift */; };
		EA1BC6E524A0E93D00F3F51B /* EventFinderInputViewController.swift in Sources */ = {isa = PBXBuildFile; fileRef = EA1BC6E424A0E93D00F3F51B /* EventFinderInputViewController.swift */; };
		EA1BC6E724A0E94900F3F51B /* EventFinderResultViewController.swift in Sources */ = {isa = PBXBuildFile; fileRef = EA1BC6E624A0E94900F3F51B /* EventFinderResultViewController.swift */; };
		EA28CA4E24A25FE7004B011E /* BottomControlViewController.swift in Sources */ = {isa = PBXBuildFile; fileRef = EA28CA4D24A25FE7004B011E /* BottomControlViewController.swift */; };
		EA28CA5324A2F399004B011E /* Fonts in Resources */ = {isa = PBXBuildFile; fileRef = EA28CA5124A2F399004B011E /* Fonts */; };
		EA544E5F2566BC50003F351D /* DestinationDetailViewController.swift in Sources */ = {isa = PBXBuildFile; fileRef = EA544E5E2566BC50003F351D /* DestinationDetailViewController.swift */; };
		EA5E185D2477C78E00F5374B /* Toast.swift in Sources */ = {isa = PBXBuildFile; fileRef = EA5E185B2477C78E00F5374B /* Toast.swift */; };
		EA934C90251D90C500DD284C /* MainSceneDelegate.swift in Sources */ = {isa = PBXBuildFile; fileRef = EA934C8F251D90C500DD284C /* MainSceneDelegate.swift */; };
		EA934C9A251D92AD00DD284C /* PanelSceneDelegate.swift in Sources */ = {isa = PBXBuildFile; fileRef = EA934C99251D92A700DD284C /* PanelSceneDelegate.swift */; };
		EA982BFF25496B6D00CDC642 /* BaseTableViewController.swift in Sources */ = {isa = PBXBuildFile; fileRef = EA982BFE25496B6D00CDC642 /* BaseTableViewController.swift */; };
		EAA5A7A1259DBFE6001AFA82 /* InfoPlist.strings in Resources */ = {isa = PBXBuildFile; fileRef = EAA5A7A3259DBFE6001AFA82 /* InfoPlist.strings */; };
		EAA6C4CB253B5CD200ED1D60 /* InstalledResourceViewController.swift in Sources */ = {isa = PBXBuildFile; fileRef = EAA6C4CA253B5CD200ED1D60 /* InstalledResourceViewController.swift */; };
		EABC245D248E162000205B5A /* FontHelper.m in Sources */ = {isa = PBXBuildFile; fileRef = EABC245A248E162000205B5A /* FontHelper.m */; };
		EABDE367247170F000E0A5FA /* SettngSliderCell.swift in Sources */ = {isa = PBXBuildFile; fileRef = EABDE366247170F000E0A5FA /* SettngSliderCell.swift */; };
		EABDE3A92473DAA300E0A5FA /* SettingCommonViewController.swift in Sources */ = {isa = PBXBuildFile; fileRef = EABDE3A82473DAA300E0A5FA /* SettingCommonViewController.swift */; };
		EABF7911253895FD00F2460C /* ResourceViewController.swift in Sources */ = {isa = PBXBuildFile; fileRef = EABF7910253895FD00F2460C /* ResourceViewController.swift */; };
		EABF79192538967500F2460C /* ResourceCategoryListViewController.swift in Sources */ = {isa = PBXBuildFile; fileRef = EABF79182538967500F2460C /* ResourceCategoryListViewController.swift */; };
		EABF791E2538986400F2460C /* AsyncListViewController.swift in Sources */ = {isa = PBXBuildFile; fileRef = EABF791D2538986400F2460C /* AsyncListViewController.swift */; };
		EABF792425389B2400F2460C /* ResourceCategory.swift in Sources */ = {isa = PBXBuildFile; fileRef = EABF792325389B2400F2460C /* ResourceCategory.swift */; };
		EABF792C25389B3100F2460C /* ResourceItem.swift in Sources */ = {isa = PBXBuildFile; fileRef = EABF792B25389B3100F2460C /* ResourceItem.swift */; };
		EABF793125389EE200F2460C /* ResourceItemListViewController.swift in Sources */ = {isa = PBXBuildFile; fileRef = EABF793025389EE200F2460C /* ResourceItemListViewController.swift */; };
		EABF793C2538A1C100F2460C /* ResourceItemViewController.swift in Sources */ = {isa = PBXBuildFile; fileRef = EABF793B2538A1C100F2460C /* ResourceItemViewController.swift */; };
		EABF79422538A4EB00F2460C /* ProgressButton.swift in Sources */ = {isa = PBXBuildFile; fileRef = EABF79412538A4EB00F2460C /* ProgressButton.swift */; };
		EABF794A2538A86500F2460C /* ResourceManager.swift in Sources */ = {isa = PBXBuildFile; fileRef = EABF79492538A86500F2460C /* ResourceManager.swift */; };
		EABF795325391ECB00F2460C /* Zip in Frameworks */ = {isa = PBXBuildFile; productRef = EABF795225391ECB00F2460C /* Zip */; };
		EABF7A032539731300F2460C /* SDWebImage in Frameworks */ = {isa = PBXBuildFile; productRef = EABF7A022539731300F2460C /* SDWebImage */; };
		EAC8435F252C818700691943 /* MacBridge.m in Sources */ = {isa = PBXBuildFile; fileRef = EAC8435E252C818700691943 /* MacBridge.m */; };
		EAC84364252C84B600691943 /* CelestiaMacBridge.bundle in Embed PlugIns */ = {isa = PBXBuildFile; fileRef = EAC84354252C816500691943 /* CelestiaMacBridge.bundle */; platformFilter = maccatalyst; settings = {ATTRIBUTES = (CodeSignOnCopy, RemoveHeadersOnCopy, ); }; };
		EADE7FBB252B517600D4174F /* CelestiaDisplayController.swift in Sources */ = {isa = PBXBuildFile; fileRef = EADE7FBA252B517600D4174F /* CelestiaDisplayController.swift */; };
		EADE7FC0252B54A400D4174F /* CelestiaInteractionController.swift in Sources */ = {isa = PBXBuildFile; fileRef = EADE7FBF252B54A400D4174F /* CelestiaInteractionController.swift */; };
		EAF48515249B2C4700E5B817 /* SubsystemBrowserCoordinatorViewController.swift in Sources */ = {isa = PBXBuildFile; fileRef = EAF48514249B2C4700E5B817 /* SubsystemBrowserCoordinatorViewController.swift */; };
		EAF48520249B5C2500E5B817 /* StandardButton.swift in Sources */ = {isa = PBXBuildFile; fileRef = EAF4851F249B5C2500E5B817 /* StandardButton.swift */; };
		EAF4A2F1255E4AA000F67F80 /* AppCenterCrashes in Frameworks */ = {isa = PBXBuildFile; productRef = EAF4A2F0255E4AA000F67F80 /* AppCenterCrashes */; };
		EAF4A2F3255E4AA000F67F80 /* AppCenterAnalytics in Frameworks */ = {isa = PBXBuildFile; productRef = EAF4A2F2255E4AA000F67F80 /* AppCenterAnalytics */; };
/* End PBXBuildFile section */

/* Begin PBXContainerItemProxy section */
		979D2F9123FEB1A8005D2592 /* PBXContainerItemProxy */ = {
			isa = PBXContainerItemProxy;
			containerPortal = 979D2F7223FEB1A6005D2592 /* Project object */;
			proxyType = 1;
			remoteGlobalIDString = 979D2F7923FEB1A6005D2592;
			remoteInfo = MobileCelestia;
		};
		979D2FA323FEB1D6005D2592 /* PBXContainerItemProxy */ = {
			isa = PBXContainerItemProxy;
			containerPortal = 979D2F9F23FEB1D5005D2592 /* CelestiaCore.xcodeproj */;
			proxyType = 2;
			remoteGlobalIDString = 971A65CC23019BC5009E4EA1;
			remoteInfo = CelestiaCore;
		};
		EAC84365252C84B600691943 /* PBXContainerItemProxy */ = {
			isa = PBXContainerItemProxy;
			containerPortal = 979D2F7223FEB1A6005D2592 /* Project object */;
			proxyType = 1;
			remoteGlobalIDString = EAC84353252C816500691943;
			remoteInfo = CelestiaMacBridge;
		};
/* End PBXContainerItemProxy section */

/* Begin PBXCopyFilesBuildPhase section */
		EAC84367252C84B600691943 /* Embed PlugIns */ = {
			isa = PBXCopyFilesBuildPhase;
			buildActionMask = 2147483647;
			dstPath = "";
			dstSubfolderSpec = 13;
			files = (
				EAC84364252C84B600691943 /* CelestiaMacBridge.bundle in Embed PlugIns */,
			);
			name = "Embed PlugIns";
			runOnlyForDeploymentPostprocessing = 0;
		};
/* End PBXCopyFilesBuildPhase section */

/* Begin PBXFileReference section */
		97143F1623FFAEFD00F35D87 /* defaults.plist */ = {isa = PBXFileReference; fileEncoding = 4; lastKnownFileType = text.plist.xml; path = defaults.plist; sourceTree = "<group>"; };
		972477D02404A19700729B45 /* BrowserContainerViewController.swift */ = {isa = PBXFileReference; lastKnownFileType = sourcecode.swift; path = BrowserContainerViewController.swift; sourceTree = "<group>"; };
		972477D42404A63800729B45 /* BrowserCommonViewController.swift */ = {isa = PBXFileReference; lastKnownFileType = sourcecode.swift; path = BrowserCommonViewController.swift; sourceTree = "<group>"; };
		972477D62404A65C00729B45 /* BrowserCoordinatorController.swift */ = {isa = PBXFileReference; lastKnownFileType = sourcecode.swift; path = BrowserCoordinatorController.swift; sourceTree = "<group>"; };
		972C5A8824068D54009747A8 /* UIViewController+Presentation.h */ = {isa = PBXFileReference; fileEncoding = 4; lastKnownFileType = sourcecode.c.h; path = "UIViewController+Presentation.h"; sourceTree = "<group>"; };
		972C5A8924068D55009747A8 /* UIViewController+Presentation.m */ = {isa = PBXFileReference; fileEncoding = 4; lastKnownFileType = sourcecode.c.objc; path = "UIViewController+Presentation.m"; sourceTree = "<group>"; };
		973BBA442405216700E3B061 /* AboutViewController.swift */ = {isa = PBXFileReference; lastKnownFileType = sourcecode.swift; path = AboutViewController.swift; sourceTree = "<group>"; };
		973BBA60240538DB00E3B061 /* MultiLineTextCell.swift */ = {isa = PBXFileReference; lastKnownFileType = sourcecode.swift; path = MultiLineTextCell.swift; sourceTree = "<group>"; };
		973BBA632405481200E3B061 /* TimeSettingViewController.swift */ = {isa = PBXFileReference; lastKnownFileType = sourcecode.swift; path = TimeSettingViewController.swift; sourceTree = "<group>"; };
		973BBA6524054E9900E3B061 /* TextViewController.swift */ = {isa = PBXFileReference; lastKnownFileType = sourcecode.swift; path = TextViewController.swift; sourceTree = "<group>"; };
		97401C982414D3460015F8E8 /* URL.swift */ = {isa = PBXFileReference; fileEncoding = 4; lastKnownFileType = sourcecode.swift; path = URL.swift; sourceTree = "<group>"; };
		97401C992414D3460015F8E8 /* UserDefaults.swift */ = {isa = PBXFileReference; fileEncoding = 4; lastKnownFileType = sourcecode.swift; path = UserDefaults.swift; sourceTree = "<group>"; };
		97401C9A2414D3460015F8E8 /* Celestia+Extension.swift */ = {isa = PBXFileReference; fileEncoding = 4; lastKnownFileType = sourcecode.swift; path = "Celestia+Extension.swift"; sourceTree = "<group>"; };
		97401CA32414DAF50015F8E8 /* FavoriteViewController.swift */ = {isa = PBXFileReference; fileEncoding = 4; lastKnownFileType = sourcecode.swift; path = FavoriteViewController.swift; sourceTree = "<group>"; };
		97401CA42414DAF50015F8E8 /* FavoriteCoordinatorController.swift */ = {isa = PBXFileReference; fileEncoding = 4; lastKnownFileType = sourcecode.swift; path = FavoriteCoordinatorController.swift; sourceTree = "<group>"; };
		97401CAA2414DCAC0015F8E8 /* FavoriteItemViewController.swift */ = {isa = PBXFileReference; lastKnownFileType = sourcecode.swift; path = FavoriteItemViewController.swift; sourceTree = "<group>"; };
		974F86A9240362BA00356795 /* ToolbarButtonCell.swift */ = {isa = PBXFileReference; lastKnownFileType = sourcecode.swift; path = ToolbarButtonCell.swift; sourceTree = "<group>"; };
		974F86DB2403BD3B00356795 /* BodyActionCell.swift */ = {isa = PBXFileReference; fileEncoding = 4; lastKnownFileType = sourcecode.swift; path = BodyActionCell.swift; sourceTree = "<group>"; };
		974F86DC2403BD3B00356795 /* BodyDescriptionCell.swift */ = {isa = PBXFileReference; fileEncoding = 4; lastKnownFileType = sourcecode.swift; path = BodyDescriptionCell.swift; sourceTree = "<group>"; };
		974F86DD2403BD3B00356795 /* BodyInfoLayoutDelegate.swift */ = {isa = PBXFileReference; fileEncoding = 4; lastKnownFileType = sourcecode.swift; path = BodyInfoLayoutDelegate.swift; sourceTree = "<group>"; };
		974F86DE2403BD3B00356795 /* InfoViewController.swift */ = {isa = PBXFileReference; fileEncoding = 4; lastKnownFileType = sourcecode.swift; path = InfoViewController.swift; sourceTree = "<group>"; };
		974F86E32403C30E00356795 /* BodyInfoModel.swift */ = {isa = PBXFileReference; lastKnownFileType = sourcecode.swift; path = BodyInfoModel.swift; sourceTree = "<group>"; };
		9773949B2402A8F700E38B82 /* ToolbarViewController.swift */ = {isa = PBXFileReference; lastKnownFileType = sourcecode.swift; path = ToolbarViewController.swift; sourceTree = "<group>"; };
		9773949D2402A96B00E38B82 /* SlideInPresentationController.swift */ = {isa = PBXFileReference; lastKnownFileType = sourcecode.swift; path = SlideInPresentationController.swift; sourceTree = "<group>"; };
		9773949F2402A9AF00E38B82 /* SlideInPresentationManager.swift */ = {isa = PBXFileReference; lastKnownFileType = sourcecode.swift; path = SlideInPresentationManager.swift; sourceTree = "<group>"; };
		977394A22403E68800E38B82 /* Color.swift */ = {isa = PBXFileReference; lastKnownFileType = sourcecode.swift; path = Color.swift; sourceTree = "<group>"; };
		977394AB2403F07C00E38B82 /* SettingsCoordinatorController.swift */ = {isa = PBXFileReference; lastKnownFileType = sourcecode.swift; path = SettingsCoordinatorController.swift; sourceTree = "<group>"; };
		977394AD2403F08800E38B82 /* SettingsMainViewController.swift */ = {isa = PBXFileReference; lastKnownFileType = sourcecode.swift; path = SettingsMainViewController.swift; sourceTree = "<group>"; };
		977394B02403F30900E38B82 /* SettingModel.swift */ = {isa = PBXFileReference; lastKnownFileType = sourcecode.swift; path = SettingModel.swift; sourceTree = "<group>"; };
		977394B22403F74800E38B82 /* SettingTextCell.swift */ = {isa = PBXFileReference; lastKnownFileType = sourcecode.swift; path = SettingTextCell.swift; sourceTree = "<group>"; };
		977394B42403FD4400E38B82 /* SettingCheckViewController.swift */ = {isa = PBXFileReference; lastKnownFileType = sourcecode.swift; path = SettingCheckViewController.swift; sourceTree = "<group>"; };
		977394B7240409CF00E38B82 /* SettingSwitchCell.swift */ = {isa = PBXFileReference; fileEncoding = 4; lastKnownFileType = sourcecode.swift; path = SettingSwitchCell.swift; sourceTree = "<group>"; };
		977394B9240413EF00E38B82 /* SettingSelectionViewController.swift */ = {isa = PBXFileReference; fileEncoding = 4; lastKnownFileType = sourcecode.swift; path = SettingSelectionViewController.swift; sourceTree = "<group>"; };
		977394BC2404189000E38B82 /* SearchViewController.swift */ = {isa = PBXFileReference; lastKnownFileType = sourcecode.swift; path = SearchViewController.swift; sourceTree = "<group>"; };
		977394BE24041A9A00E38B82 /* SearchCoordinatorController.swift */ = {isa = PBXFileReference; lastKnownFileType = sourcecode.swift; path = SearchCoordinatorController.swift; sourceTree = "<group>"; };
		977CDD29240BC50A00137127 /* TutorialViewController.swift */ = {isa = PBXFileReference; lastKnownFileType = sourcecode.swift; path = TutorialViewController.swift; sourceTree = "<group>"; };
		977CDD2D240BC6A900137127 /* TutorialDescriptionCell.swift */ = {isa = PBXFileReference; lastKnownFileType = sourcecode.swift; path = TutorialDescriptionCell.swift; sourceTree = "<group>"; };
		977CDD2F240BD78F00137127 /* TutorialActionCell.swift */ = {isa = PBXFileReference; lastKnownFileType = sourcecode.swift; path = TutorialActionCell.swift; sourceTree = "<group>"; };
		977CDD33240BDFE500137127 /* OnboardViewController.swift */ = {isa = PBXFileReference; lastKnownFileType = sourcecode.swift; path = OnboardViewController.swift; sourceTree = "<group>"; };
		978406D624028F0000876FD1 /* MainViewController.swift */ = {isa = PBXFileReference; lastKnownFileType = sourcecode.swift; path = MainViewController.swift; sourceTree = "<group>"; };
		978406D92402906C00876FD1 /* UIViewController+Extension.swift */ = {isa = PBXFileReference; lastKnownFileType = sourcecode.swift; path = "UIViewController+Extension.swift"; sourceTree = "<group>"; };
		978406DB240294D000876FD1 /* LoadingViewController.swift */ = {isa = PBXFileReference; lastKnownFileType = sourcecode.swift; path = LoadingViewController.swift; sourceTree = "<group>"; };
		978406DE24029D9100876FD1 /* LoadingFailureViewController.swift */ = {isa = PBXFileReference; lastKnownFileType = sourcecode.swift; path = LoadingFailureViewController.swift; sourceTree = "<group>"; };
		979D2F7A23FEB1A6005D2592 /* Celestia.app */ = {isa = PBXFileReference; explicitFileType = wrapper.application; includeInIndex = 0; path = Celestia.app; sourceTree = BUILT_PRODUCTS_DIR; };
		979D2F7D23FEB1A6005D2592 /* AppDelegate.swift */ = {isa = PBXFileReference; lastKnownFileType = sourcecode.swift; path = AppDelegate.swift; sourceTree = "<group>"; };
		979D2F8123FEB1A6005D2592 /* CelestiaViewController.swift */ = {isa = PBXFileReference; lastKnownFileType = sourcecode.swift; path = CelestiaViewController.swift; sourceTree = "<group>"; };
		979D2F8623FEB1A8005D2592 /* Assets.xcassets */ = {isa = PBXFileReference; lastKnownFileType = folder.assetcatalog; path = Assets.xcassets; sourceTree = "<group>"; };
		979D2F8923FEB1A8005D2592 /* Base */ = {isa = PBXFileReference; lastKnownFileType = file.storyboard; name = Base; path = Base.lproj/LaunchScreen.storyboard; sourceTree = "<group>"; };
		979D2F8B23FEB1A8005D2592 /* Info.plist */ = {isa = PBXFileReference; lastKnownFileType = text.plist.xml; path = Info.plist; sourceTree = "<group>"; };
		979D2F9023FEB1A8005D2592 /* MobileCelestiaTests.xctest */ = {isa = PBXFileReference; explicitFileType = wrapper.cfbundle; includeInIndex = 0; path = MobileCelestiaTests.xctest; sourceTree = BUILT_PRODUCTS_DIR; };
		979D2F9423FEB1A8005D2592 /* MobileCelestiaTests.swift */ = {isa = PBXFileReference; lastKnownFileType = sourcecode.swift; path = MobileCelestiaTests.swift; sourceTree = "<group>"; };
		979D2F9623FEB1A8005D2592 /* Info.plist */ = {isa = PBXFileReference; lastKnownFileType = text.plist.xml; path = Info.plist; sourceTree = "<group>"; };
		979D2F9F23FEB1D5005D2592 /* CelestiaCore.xcodeproj */ = {isa = PBXFileReference; lastKnownFileType = "wrapper.pb-project"; name = CelestiaCore.xcodeproj; path = ../CelestiaCore/CelestiaCore.xcodeproj; sourceTree = "<group>"; };
		979D2FAA23FEB2A5005D2592 /* libc++.tbd */ = {isa = PBXFileReference; lastKnownFileType = "sourcecode.text-based-dylib-definition"; name = "libc++.tbd"; path = "usr/lib/libc++.tbd"; sourceTree = SDKROOT; };
		979D2FAC23FEB2AE005D2592 /* libbz2.tbd */ = {isa = PBXFileReference; lastKnownFileType = "sourcecode.text-based-dylib-definition"; name = libbz2.tbd; path = usr/lib/libbz2.tbd; sourceTree = SDKROOT; };
		979D2FAE23FEB2B9005D2592 /* libz.tbd */ = {isa = PBXFileReference; lastKnownFileType = "sourcecode.text-based-dylib-definition"; name = libz.tbd; path = usr/lib/libz.tbd; sourceTree = SDKROOT; };
		97C3A9F12445FACF00EB365A /* CelestiaControlView.swift */ = {isa = PBXFileReference; lastKnownFileType = sourcecode.swift; path = CelestiaControlView.swift; sourceTree = "<group>"; };
		97DB1FD624067B76001F222F /* MobileCelestia-Bridging-Header.h */ = {isa = PBXFileReference; lastKnownFileType = sourcecode.c.h; path = "MobileCelestia-Bridging-Header.h"; sourceTree = "<group>"; };
		97DB1FD724067B76001F222F /* NSObject+Flag.h */ = {isa = PBXFileReference; lastKnownFileType = sourcecode.c.h; path = "NSObject+Flag.h"; sourceTree = "<group>"; };
		97DB1FD824067B76001F222F /* NSObject+Flag.m */ = {isa = PBXFileReference; lastKnownFileType = sourcecode.c.objc; path = "NSObject+Flag.m"; sourceTree = "<group>"; };
		97EB41C52408F20700E6D441 /* CameraControlViewController.swift */ = {isa = PBXFileReference; lastKnownFileType = sourcecode.swift; path = CameraControlViewController.swift; sourceTree = "<group>"; };
		97EB41C82408F26200E6D441 /* SettingStepperCell.swift */ = {isa = PBXFileReference; lastKnownFileType = sourcecode.swift; path = SettingStepperCell.swift; sourceTree = "<group>"; };
		97F1141D2408AE06003A06D7 /* DataLocationSelectionViewController.swift */ = {isa = PBXFileReference; lastKnownFileType = sourcecode.swift; path = DataLocationSelectionViewController.swift; sourceTree = "<group>"; };
		97FF95A4240A340300E9F44F /* BaseResultHandler.swift */ = {isa = PBXFileReference; lastKnownFileType = sourcecode.swift; path = BaseResultHandler.swift; sourceTree = "<group>"; };
		97FF95A9240A3F0900E9F44F /* Data.swift */ = {isa = PBXFileReference; lastKnownFileType = sourcecode.swift; path = Data.swift; sourceTree = "<group>"; };
		EA10553224935A4700E49C6D /* Metal.framework */ = {isa = PBXFileReference; lastKnownFileType = wrapper.framework; name = Metal.framework; path = System/Library/Frameworks/Metal.framework; sourceTree = SDKROOT; };
		EA1BC6E224A0E92B00F3F51B /* EventFinderCoordinatorViewController.swift */ = {isa = PBXFileReference; lastKnownFileType = sourcecode.swift; path = EventFinderCoordinatorViewController.swift; sourceTree = "<group>"; };
		EA1BC6E424A0E93D00F3F51B /* EventFinderInputViewController.swift */ = {isa = PBXFileReference; lastKnownFileType = sourcecode.swift; path = EventFinderInputViewController.swift; sourceTree = "<group>"; };
		EA1BC6E624A0E94900F3F51B /* EventFinderResultViewController.swift */ = {isa = PBXFileReference; lastKnownFileType = sourcecode.swift; path = EventFinderResultViewController.swift; sourceTree = "<group>"; };
		EA1EF056249393BE0039F493 /* Celestia.entitlements */ = {isa = PBXFileReference; lastKnownFileType = text.plist.entitlements; path = Celestia.entitlements; sourceTree = "<group>"; };
		EA28CA4D24A25FE7004B011E /* BottomControlViewController.swift */ = {isa = PBXFileReference; lastKnownFileType = sourcecode.swift; path = BottomControlViewController.swift; sourceTree = "<group>"; };
		EA28CA5124A2F399004B011E /* Fonts */ = {isa = PBXFileReference; lastKnownFileType = folder; name = Fonts; path = ../../../CelestiaCore/Fonts; sourceTree = "<group>"; };
		EA544E5E2566BC50003F351D /* DestinationDetailViewController.swift */ = {isa = PBXFileReference; lastKnownFileType = sourcecode.swift; path = DestinationDetailViewController.swift; sourceTree = "<group>"; };
		EA5E185B2477C78E00F5374B /* Toast.swift */ = {isa = PBXFileReference; fileEncoding = 4; lastKnownFileType = sourcecode.swift; path = Toast.swift; sourceTree = "<group>"; };
		EA934C8F251D90C500DD284C /* MainSceneDelegate.swift */ = {isa = PBXFileReference; lastKnownFileType = sourcecode.swift; path = MainSceneDelegate.swift; sourceTree = "<group>"; };
		EA934C99251D92A700DD284C /* PanelSceneDelegate.swift */ = {isa = PBXFileReference; lastKnownFileType = sourcecode.swift; path = PanelSceneDelegate.swift; sourceTree = "<group>"; };
		EA982BFE25496B6D00CDC642 /* BaseTableViewController.swift */ = {isa = PBXFileReference; lastKnownFileType = sourcecode.swift; path = BaseTableViewController.swift; sourceTree = "<group>"; };
		EAA5A7A2259DBFE6001AFA82 /* en */ = {isa = PBXFileReference; lastKnownFileType = text.plist.strings; name = en; path = en.lproj/InfoPlist.strings; sourceTree = "<group>"; };
		EAA5A7A7259DC062001AFA82 /* zh_CN */ = {isa = PBXFileReference; lastKnownFileType = text.plist.strings; name = zh_CN; path = zh_CN.lproj/InfoPlist.strings; sourceTree = "<group>"; };
		EAA6C4CA253B5CD200ED1D60 /* InstalledResourceViewController.swift */ = {isa = PBXFileReference; lastKnownFileType = sourcecode.swift; path = InstalledResourceViewController.swift; sourceTree = "<group>"; };
		EABC245A248E162000205B5A /* FontHelper.m */ = {isa = PBXFileReference; fileEncoding = 4; lastKnownFileType = sourcecode.c.objc; path = FontHelper.m; sourceTree = "<group>"; };
		EABC245C248E162000205B5A /* FontHelper.h */ = {isa = PBXFileReference; fileEncoding = 4; lastKnownFileType = sourcecode.c.h; path = FontHelper.h; sourceTree = "<group>"; };
		EABDE366247170F000E0A5FA /* SettngSliderCell.swift */ = {isa = PBXFileReference; lastKnownFileType = sourcecode.swift; path = SettngSliderCell.swift; sourceTree = "<group>"; };
		EABDE3A82473DAA300E0A5FA /* SettingCommonViewController.swift */ = {isa = PBXFileReference; lastKnownFileType = sourcecode.swift; path = SettingCommonViewController.swift; sourceTree = "<group>"; };
		EABF7910253895FD00F2460C /* ResourceViewController.swift */ = {isa = PBXFileReference; lastKnownFileType = sourcecode.swift; path = ResourceViewController.swift; sourceTree = "<group>"; };
		EABF79182538967500F2460C /* ResourceCategoryListViewController.swift */ = {isa = PBXFileReference; lastKnownFileType = sourcecode.swift; path = ResourceCategoryListViewController.swift; sourceTree = "<group>"; };
		EABF791D2538986400F2460C /* AsyncListViewController.swift */ = {isa = PBXFileReference; lastKnownFileType = sourcecode.swift; path = AsyncListViewController.swift; sourceTree = "<group>"; };
		EABF792325389B2400F2460C /* ResourceCategory.swift */ = {isa = PBXFileReference; lastKnownFileType = sourcecode.swift; path = ResourceCategory.swift; sourceTree = "<group>"; };
		EABF792B25389B3100F2460C /* ResourceItem.swift */ = {isa = PBXFileReference; lastKnownFileType = sourcecode.swift; path = ResourceItem.swift; sourceTree = "<group>"; };
		EABF793025389EE200F2460C /* ResourceItemListViewController.swift */ = {isa = PBXFileReference; fileEncoding = 4; lastKnownFileType = sourcecode.swift; path = ResourceItemListViewController.swift; sourceTree = "<group>"; };
		EABF793B2538A1C100F2460C /* ResourceItemViewController.swift */ = {isa = PBXFileReference; fileEncoding = 4; lastKnownFileType = sourcecode.swift; path = ResourceItemViewController.swift; sourceTree = "<group>"; };
		EABF79412538A4EB00F2460C /* ProgressButton.swift */ = {isa = PBXFileReference; lastKnownFileType = sourcecode.swift; path = ProgressButton.swift; sourceTree = "<group>"; };
		EABF79492538A86500F2460C /* ResourceManager.swift */ = {isa = PBXFileReference; lastKnownFileType = sourcecode.swift; path = ResourceManager.swift; sourceTree = "<group>"; };
		EAC84354252C816500691943 /* CelestiaMacBridge.bundle */ = {isa = PBXFileReference; explicitFileType = wrapper.cfbundle; includeInIndex = 0; path = CelestiaMacBridge.bundle; sourceTree = BUILT_PRODUCTS_DIR; };
		EAC84356252C816500691943 /* Info.plist */ = {isa = PBXFileReference; lastKnownFileType = text.plist.xml; path = Info.plist; sourceTree = "<group>"; };
		EAC8435D252C818700691943 /* MacBridge.h */ = {isa = PBXFileReference; lastKnownFileType = sourcecode.c.h; path = MacBridge.h; sourceTree = "<group>"; };
		EAC8435E252C818700691943 /* MacBridge.m */ = {isa = PBXFileReference; lastKnownFileType = sourcecode.c.objc; path = MacBridge.m; sourceTree = "<group>"; };
		EADE7FBA252B517600D4174F /* CelestiaDisplayController.swift */ = {isa = PBXFileReference; lastKnownFileType = sourcecode.swift; path = CelestiaDisplayController.swift; sourceTree = "<group>"; };
		EADE7FBF252B54A400D4174F /* CelestiaInteractionController.swift */ = {isa = PBXFileReference; lastKnownFileType = sourcecode.swift; path = CelestiaInteractionController.swift; sourceTree = "<group>"; };
		EAF4851325A2B0E600F0E9F9 /* bg */ = {isa = PBXFileReference; lastKnownFileType = text.plist.strings; name = bg; path = bg.lproj/InfoPlist.strings; sourceTree = "<group>"; };
		EAF48514249B2C4700E5B817 /* SubsystemBrowserCoordinatorViewController.swift */ = {isa = PBXFileReference; lastKnownFileType = sourcecode.swift; path = SubsystemBrowserCoordinatorViewController.swift; sourceTree = "<group>"; };
		EAF4851F249B5C2500E5B817 /* StandardButton.swift */ = {isa = PBXFileReference; lastKnownFileType = sourcecode.swift; path = StandardButton.swift; sourceTree = "<group>"; };
/* End PBXFileReference section */

/* Begin PBXFrameworksBuildPhase section */
		979D2F7723FEB1A6005D2592 /* Frameworks */ = {
			isa = PBXFrameworksBuildPhase;
			buildActionMask = 2147483647;
			files = (
				EABF795325391ECB00F2460C /* Zip in Frameworks */,
				EA10553324935A4700E49C6D /* Metal.framework in Frameworks */,
				979D2FAD23FEB2B4005D2592 /* libbz2.tbd in Frameworks */,
				979D2FAF23FEB2BD005D2592 /* libz.tbd in Frameworks */,
				EABF7A032539731300F2460C /* SDWebImage in Frameworks */,
				EA09B5EC254BB92900DACC1D /* MWRequest in Frameworks */,
				979D2FAB23FEB2AA005D2592 /* libc++.tbd in Frameworks */,
				EAF4A2F1255E4AA000F67F80 /* AppCenterCrashes in Frameworks */,
				EAF4A2F3255E4AA000F67F80 /* AppCenterAnalytics in Frameworks */,
				979D2FA623FEB1DD005D2592 /* CelestiaCore.framework in Frameworks */,
			);
			runOnlyForDeploymentPostprocessing = 0;
		};
		979D2F8D23FEB1A8005D2592 /* Frameworks */ = {
			isa = PBXFrameworksBuildPhase;
			buildActionMask = 2147483647;
			files = (
			);
			runOnlyForDeploymentPostprocessing = 0;
		};
		EAC84351252C816500691943 /* Frameworks */ = {
			isa = PBXFrameworksBuildPhase;
			buildActionMask = 2147483647;
			files = (
			);
			runOnlyForDeploymentPostprocessing = 0;
		};
/* End PBXFrameworksBuildPhase section */

/* Begin PBXGroup section */
		972477D32404A37600729B45 /* Browser */ = {
			isa = PBXGroup;
			children = (
				972477D02404A19700729B45 /* BrowserContainerViewController.swift */,
				972477D42404A63800729B45 /* BrowserCommonViewController.swift */,
				972477D62404A65C00729B45 /* BrowserCoordinatorController.swift */,
				EAF48514249B2C4700E5B817 /* SubsystemBrowserCoordinatorViewController.swift */,
			);
			path = Browser;
			sourceTree = "<group>";
		};
		973E2EF92400F9E100B0F059 /* Resources */ = {
			isa = PBXGroup;
			children = (
				EA28CA5124A2F399004B011E /* Fonts */,
				97143F1623FFAEFD00F35D87 /* defaults.plist */,
				EAA5A7A3259DBFE6001AFA82 /* InfoPlist.strings */,
			);
			path = Resources;
			sourceTree = "<group>";
		};
		973E2EFA2400FA0300B0F059 /* Utils */ = {
			isa = PBXGroup;
			children = (
				97FF959C240A2E8A00E9F44F /* Request */,
				97FF95A9240A3F0900E9F44F /* Data.swift */,
				978406D92402906C00876FD1 /* UIViewController+Extension.swift */,
				977394A22403E68800E38B82 /* Color.swift */,
				EA5E185B2477C78E00F5374B /* Toast.swift */,
				97DB1FD724067B76001F222F /* NSObject+Flag.h */,
				97DB1FD824067B76001F222F /* NSObject+Flag.m */,
				97DB1FD624067B76001F222F /* MobileCelestia-Bridging-Header.h */,
			);
			path = Utils;
			sourceTree = "<group>";
		};
		97401C972414D3460015F8E8 /* Helper */ = {
			isa = PBXGroup;
			children = (
				EABC245C248E162000205B5A /* FontHelper.h */,
				EABC245A248E162000205B5A /* FontHelper.m */,
				97401C982414D3460015F8E8 /* URL.swift */,
				97401C992414D3460015F8E8 /* UserDefaults.swift */,
				97401C9A2414D3460015F8E8 /* Celestia+Extension.swift */,
			);
			name = Helper;
			path = ../../CelestiaCore/Helper;
			sourceTree = "<group>";
		};
		97401CA12414DA6B0015F8E8 /* Favorite */ = {
			isa = PBXGroup;
			children = (
				EA544E5E2566BC50003F351D /* DestinationDetailViewController.swift */,
				97401CA42414DAF50015F8E8 /* FavoriteCoordinatorController.swift */,
				97401CA32414DAF50015F8E8 /* FavoriteViewController.swift */,
				97401CAA2414DCAC0015F8E8 /* FavoriteItemViewController.swift */,
			);
			path = Favorite;
			sourceTree = "<group>";
		};
		974F86DA2403BD2600356795 /* Info */ = {
			isa = PBXGroup;
			children = (
				974F86DB2403BD3B00356795 /* BodyActionCell.swift */,
				974F86DC2403BD3B00356795 /* BodyDescriptionCell.swift */,
				974F86DD2403BD3B00356795 /* BodyInfoLayoutDelegate.swift */,
				974F86DE2403BD3B00356795 /* InfoViewController.swift */,
				974F86E32403C30E00356795 /* BodyInfoModel.swift */,
			);
			path = Info;
			sourceTree = "<group>";
		};
		977394992402A8DA00E38B82 /* Toolbar */ = {
			isa = PBXGroup;
			children = (
				9773949B2402A8F700E38B82 /* ToolbarViewController.swift */,
				974F86A9240362BA00356795 /* ToolbarButtonCell.swift */,
				EA28CA4D24A25FE7004B011E /* BottomControlViewController.swift */,
			);
			path = Toolbar;
			sourceTree = "<group>";
		};
		977394A92403F05100E38B82 /* Settings */ = {
			isa = PBXGroup;
			children = (
				977394AB2403F07C00E38B82 /* SettingsCoordinatorController.swift */,
				977394AD2403F08800E38B82 /* SettingsMainViewController.swift */,
				977394B42403FD4400E38B82 /* SettingCheckViewController.swift */,
				977394B9240413EF00E38B82 /* SettingSelectionViewController.swift */,
				973BBA632405481200E3B061 /* TimeSettingViewController.swift */,
				973BBA442405216700E3B061 /* AboutViewController.swift */,
				97F1141D2408AE06003A06D7 /* DataLocationSelectionViewController.swift */,
				97EB41C52408F20700E6D441 /* CameraControlViewController.swift */,
				977394B02403F30900E38B82 /* SettingModel.swift */,
				977394B22403F74800E38B82 /* SettingTextCell.swift */,
				977394B7240409CF00E38B82 /* SettingSwitchCell.swift */,
				973BBA60240538DB00E3B061 /* MultiLineTextCell.swift */,
				973BBA6524054E9900E3B061 /* TextViewController.swift */,
				97EB41C82408F26200E6D441 /* SettingStepperCell.swift */,
				EABDE366247170F000E0A5FA /* SettngSliderCell.swift */,
				EABDE3A82473DAA300E0A5FA /* SettingCommonViewController.swift */,
			);
			path = Settings;
			sourceTree = "<group>";
		};
		977394BB2404187300E38B82 /* Search */ = {
			isa = PBXGroup;
			children = (
				977394BC2404189000E38B82 /* SearchViewController.swift */,
				977394BE24041A9A00E38B82 /* SearchCoordinatorController.swift */,
			);
			path = Search;
			sourceTree = "<group>";
		};
		977CDD27240BC4ED00137127 /* Tutorial */ = {
			isa = PBXGroup;
			children = (
				977CDD29240BC50A00137127 /* TutorialViewController.swift */,
				977CDD2D240BC6A900137127 /* TutorialDescriptionCell.swift */,
				977CDD2F240BD78F00137127 /* TutorialActionCell.swift */,
				977CDD33240BDFE500137127 /* OnboardViewController.swift */,
			);
			path = Tutorial;
			sourceTree = "<group>";
		};
		978406E124029DA900876FD1 /* Loading */ = {
			isa = PBXGroup;
			children = (
				978406DB240294D000876FD1 /* LoadingViewController.swift */,
				978406DE24029D9100876FD1 /* LoadingFailureViewController.swift */,
			);
			path = Loading;
			sourceTree = "<group>";
		};
		979D2F7123FEB1A6005D2592 = {
			isa = PBXGroup;
			children = (
				979D2F9F23FEB1D5005D2592 /* CelestiaCore.xcodeproj */,
				979D2F7C23FEB1A6005D2592 /* MobileCelestia */,
				979D2F9323FEB1A8005D2592 /* MobileCelestiaTests */,
				EAC84355252C816500691943 /* CelestiaMacBridge */,
				979D2F7B23FEB1A6005D2592 /* Products */,
				979D2FA523FEB1DD005D2592 /* Frameworks */,
			);
			sourceTree = "<group>";
		};
		979D2F7B23FEB1A6005D2592 /* Products */ = {
			isa = PBXGroup;
			children = (
				979D2F7A23FEB1A6005D2592 /* Celestia.app */,
				979D2F9023FEB1A8005D2592 /* MobileCelestiaTests.xctest */,
				EAC84354252C816500691943 /* CelestiaMacBridge.bundle */,
			);
			name = Products;
			sourceTree = "<group>";
		};
		979D2F7C23FEB1A6005D2592 /* MobileCelestia */ = {
			isa = PBXGroup;
			children = (
				EABF790E253895DD00F2460C /* Resource */,
				EAF4851D249B5C0F00E5B817 /* Common */,
				97C3A9EF2445FAA100EB365A /* Celestia */,
				97401C972414D3460015F8E8 /* Helper */,
				EA1BC6E024A0E90A00F3F51B /* Event */,
				97401CA12414DA6B0015F8E8 /* Favorite */,
				977CDD27240BC4ED00137127 /* Tutorial */,
				97DB1FD424067757001F222F /* Presentation */,
				972477D32404A37600729B45 /* Browser */,
				977394BB2404187300E38B82 /* Search */,
				977394A92403F05100E38B82 /* Settings */,
				974F86DA2403BD2600356795 /* Info */,
				977394992402A8DA00E38B82 /* Toolbar */,
				978406E124029DA900876FD1 /* Loading */,
				973E2EFA2400FA0300B0F059 /* Utils */,
				973E2EF92400F9E100B0F059 /* Resources */,
				979D2F7D23FEB1A6005D2592 /* AppDelegate.swift */,
				978406D624028F0000876FD1 /* MainViewController.swift */,
				EA934C8F251D90C500DD284C /* MainSceneDelegate.swift */,
				EA934C99251D92A700DD284C /* PanelSceneDelegate.swift */,
				979D2F8623FEB1A8005D2592 /* Assets.xcassets */,
				EA1EF056249393BE0039F493 /* Celestia.entitlements */,
				979D2F8823FEB1A8005D2592 /* LaunchScreen.storyboard */,
				979D2F8B23FEB1A8005D2592 /* Info.plist */,
			);
			path = MobileCelestia;
			sourceTree = "<group>";
		};
		979D2F9323FEB1A8005D2592 /* MobileCelestiaTests */ = {
			isa = PBXGroup;
			children = (
				979D2F9423FEB1A8005D2592 /* MobileCelestiaTests.swift */,
				979D2F9623FEB1A8005D2592 /* Info.plist */,
			);
			path = MobileCelestiaTests;
			sourceTree = "<group>";
		};
		979D2FA023FEB1D5005D2592 /* Products */ = {
			isa = PBXGroup;
			children = (
				979D2FA423FEB1D6005D2592 /* CelestiaCore.framework */,
			);
			name = Products;
			sourceTree = "<group>";
		};
		979D2FA523FEB1DD005D2592 /* Frameworks */ = {
			isa = PBXGroup;
			children = (
				EA10553224935A4700E49C6D /* Metal.framework */,
				979D2FAE23FEB2B9005D2592 /* libz.tbd */,
				979D2FAC23FEB2AE005D2592 /* libbz2.tbd */,
				979D2FAA23FEB2A5005D2592 /* libc++.tbd */,
			);
			name = Frameworks;
			sourceTree = "<group>";
		};
		97C3A9EF2445FAA100EB365A /* Celestia */ = {
			isa = PBXGroup;
			children = (
				979D2F8123FEB1A6005D2592 /* CelestiaViewController.swift */,
				EADE7FBA252B517600D4174F /* CelestiaDisplayController.swift */,
				EADE7FBF252B54A400D4174F /* CelestiaInteractionController.swift */,
				97C3A9F12445FACF00EB365A /* CelestiaControlView.swift */,
			);
			path = Celestia;
			sourceTree = "<group>";
		};
		97DB1FD424067757001F222F /* Presentation */ = {
			isa = PBXGroup;
			children = (
				9773949F2402A9AF00E38B82 /* SlideInPresentationManager.swift */,
				9773949D2402A96B00E38B82 /* SlideInPresentationController.swift */,
				972C5A8824068D54009747A8 /* UIViewController+Presentation.h */,
				972C5A8924068D55009747A8 /* UIViewController+Presentation.m */,
			);
			path = Presentation;
			sourceTree = "<group>";
		};
		97FF959C240A2E8A00E9F44F /* Request */ = {
			isa = PBXGroup;
			children = (
				97FF95A4240A340300E9F44F /* BaseResultHandler.swift */,
			);
			path = Request;
			sourceTree = "<group>";
		};
		EA1BC6E024A0E90A00F3F51B /* Event */ = {
			isa = PBXGroup;
			children = (
				EA1BC6E224A0E92B00F3F51B /* EventFinderCoordinatorViewController.swift */,
				EA1BC6E424A0E93D00F3F51B /* EventFinderInputViewController.swift */,
				EA1BC6E624A0E94900F3F51B /* EventFinderResultViewController.swift */,
			);
			path = Event;
			sourceTree = "<group>";
		};
		EABF790E253895DD00F2460C /* Resource */ = {
			isa = PBXGroup;
			children = (
				EABF79402538A4DF00F2460C /* Views */,
				EABF792225389B1700F2460C /* Models */,
				EABF7910253895FD00F2460C /* ResourceViewController.swift */,
				EABF79182538967500F2460C /* ResourceCategoryListViewController.swift */,
				EABF793025389EE200F2460C /* ResourceItemListViewController.swift */,
				EABF793B2538A1C100F2460C /* ResourceItemViewController.swift */,
				EABF791D2538986400F2460C /* AsyncListViewController.swift */,
				EAA6C4CA253B5CD200ED1D60 /* InstalledResourceViewController.swift */,
			);
			path = Resource;
			sourceTree = "<group>";
		};
		EABF792225389B1700F2460C /* Models */ = {
			isa = PBXGroup;
			children = (
				EABF792325389B2400F2460C /* ResourceCategory.swift */,
				EABF792B25389B3100F2460C /* ResourceItem.swift */,
				EABF79492538A86500F2460C /* ResourceManager.swift */,
			);
			path = Models;
			sourceTree = "<group>";
		};
		EABF79402538A4DF00F2460C /* Views */ = {
			isa = PBXGroup;
			children = (
				EABF79412538A4EB00F2460C /* ProgressButton.swift */,
			);
			path = Views;
			sourceTree = "<group>";
		};
		EAC84355252C816500691943 /* CelestiaMacBridge */ = {
			isa = PBXGroup;
			children = (
				EAC84356252C816500691943 /* Info.plist */,
				EAC8435D252C818700691943 /* MacBridge.h */,
				EAC8435E252C818700691943 /* MacBridge.m */,
			);
			path = CelestiaMacBridge;
			sourceTree = "<group>";
		};
		EAF4851D249B5C0F00E5B817 /* Common */ = {
			isa = PBXGroup;
			children = (
				EAF4851F249B5C2500E5B817 /* StandardButton.swift */,
				EA982BFE25496B6D00CDC642 /* BaseTableViewController.swift */,
			);
			path = Common;
			sourceTree = "<group>";
		};
/* End PBXGroup section */

/* Begin PBXNativeTarget section */
		979D2F7923FEB1A6005D2592 /* MobileCelestia */ = {
			isa = PBXNativeTarget;
			buildConfigurationList = 979D2F9923FEB1A8005D2592 /* Build configuration list for PBXNativeTarget "MobileCelestia" */;
			buildPhases = (
				979D2F7623FEB1A6005D2592 /* Sources */,
				979D2F7723FEB1A6005D2592 /* Frameworks */,
				979D2F7823FEB1A6005D2592 /* Resources */,
				973BBA5724052FFB00E3B061 /* Copy General Data */,
				973BBA592405305100E3B061 /* Convert PO */,
				EAC84367252C84B600691943 /* Embed PlugIns */,
			);
			buildRules = (
			);
			dependencies = (
				EAC84366252C84B600691943 /* PBXTargetDependency */,
			);
			name = MobileCelestia;
			packageProductDependencies = (
				EABF795225391ECB00F2460C /* Zip */,
				EABF7A022539731300F2460C /* SDWebImage */,
				EA09B5EB254BB92900DACC1D /* MWRequest */,
				EAF4A2F0255E4AA000F67F80 /* AppCenterCrashes */,
				EAF4A2F2255E4AA000F67F80 /* AppCenterAnalytics */,
			);
			productName = MobileCelestia;
			productReference = 979D2F7A23FEB1A6005D2592 /* Celestia.app */;
			productType = "com.apple.product-type.application";
		};
		979D2F8F23FEB1A8005D2592 /* MobileCelestiaTests */ = {
			isa = PBXNativeTarget;
			buildConfigurationList = 979D2F9C23FEB1A8005D2592 /* Build configuration list for PBXNativeTarget "MobileCelestiaTests" */;
			buildPhases = (
				979D2F8C23FEB1A8005D2592 /* Sources */,
				979D2F8D23FEB1A8005D2592 /* Frameworks */,
				979D2F8E23FEB1A8005D2592 /* Resources */,
			);
			buildRules = (
			);
			dependencies = (
				979D2F9223FEB1A8005D2592 /* PBXTargetDependency */,
			);
			name = MobileCelestiaTests;
			productName = MobileCelestiaTests;
			productReference = 979D2F9023FEB1A8005D2592 /* MobileCelestiaTests.xctest */;
			productType = "com.apple.product-type.bundle.unit-test";
		};
		EAC84353252C816500691943 /* CelestiaMacBridge */ = {
			isa = PBXNativeTarget;
			buildConfigurationList = EAC8435A252C816500691943 /* Build configuration list for PBXNativeTarget "CelestiaMacBridge" */;
			buildPhases = (
				EAC84350252C816500691943 /* Sources */,
				EAC84351252C816500691943 /* Frameworks */,
				EAC84352252C816500691943 /* Resources */,
			);
			buildRules = (
			);
			dependencies = (
			);
			name = CelestiaMacBridge;
			productName = CelestiaMacBridge;
			productReference = EAC84354252C816500691943 /* CelestiaMacBridge.bundle */;
			productType = "com.apple.product-type.bundle";
		};
/* End PBXNativeTarget section */

/* Begin PBXProject section */
		979D2F7223FEB1A6005D2592 /* Project object */ = {
			isa = PBXProject;
			attributes = {
				LastSwiftUpdateCheck = 1130;
				LastUpgradeCheck = 1240;
				ORGANIZATIONNAME = "Celestia Development Team";
				TargetAttributes = {
					979D2F7923FEB1A6005D2592 = {
						CreatedOnToolsVersion = 11.3;
						LastSwiftMigration = 1130;
					};
					979D2F8F23FEB1A8005D2592 = {
						CreatedOnToolsVersion = 11.3;
						TestTargetID = 979D2F7923FEB1A6005D2592;
					};
					EAC84353252C816500691943 = {
						CreatedOnToolsVersion = 12.2;
					};
				};
			};
			buildConfigurationList = 979D2F7523FEB1A6005D2592 /* Build configuration list for PBXProject "MobileCelestia" */;
			compatibilityVersion = "Xcode 9.3";
			developmentRegion = en;
			hasScannedForEncodings = 0;
			knownRegions = (
				en,
				Base,
				zh_CN,
				bg,
			);
			mainGroup = 979D2F7123FEB1A6005D2592;
			packageReferences = (
				EABF795125391ECB00F2460C /* XCRemoteSwiftPackageReference "Zip" */,
				EABF7A012539731300F2460C /* XCRemoteSwiftPackageReference "SDWebImage" */,
				EA09B5EA254BB92900DACC1D /* XCRemoteSwiftPackageReference "mwrequest" */,
				EAF4A2EF255E4AA000F67F80 /* XCRemoteSwiftPackageReference "appcenter-sdk-apple" */,
			);
			productRefGroup = 979D2F7B23FEB1A6005D2592 /* Products */;
			projectDirPath = "";
			projectReferences = (
				{
					ProductGroup = 979D2FA023FEB1D5005D2592 /* Products */;
					ProjectRef = 979D2F9F23FEB1D5005D2592 /* CelestiaCore.xcodeproj */;
				},
			);
			projectRoot = "";
			targets = (
				979D2F7923FEB1A6005D2592 /* MobileCelestia */,
				979D2F8F23FEB1A8005D2592 /* MobileCelestiaTests */,
				EAC84353252C816500691943 /* CelestiaMacBridge */,
			);
		};
/* End PBXProject section */

/* Begin PBXReferenceProxy section */
		979D2FA423FEB1D6005D2592 /* CelestiaCore.framework */ = {
			isa = PBXReferenceProxy;
			fileType = wrapper.framework;
			path = CelestiaCore.framework;
			remoteRef = 979D2FA323FEB1D6005D2592 /* PBXContainerItemProxy */;
			sourceTree = BUILT_PRODUCTS_DIR;
		};
/* End PBXReferenceProxy section */

/* Begin PBXResourcesBuildPhase section */
		979D2F7823FEB1A6005D2592 /* Resources */ = {
			isa = PBXResourcesBuildPhase;
			buildActionMask = 2147483647;
			files = (
				979D2F8A23FEB1A8005D2592 /* LaunchScreen.storyboard in Resources */,
				979D2F8723FEB1A8005D2592 /* Assets.xcassets in Resources */,
				97143F1823FFAEFD00F35D87 /* defaults.plist in Resources */,
				EA28CA5324A2F399004B011E /* Fonts in Resources */,
				EAA5A7A1259DBFE6001AFA82 /* InfoPlist.strings in Resources */,
			);
			runOnlyForDeploymentPostprocessing = 0;
		};
		979D2F8E23FEB1A8005D2592 /* Resources */ = {
			isa = PBXResourcesBuildPhase;
			buildActionMask = 2147483647;
			files = (
			);
			runOnlyForDeploymentPostprocessing = 0;
		};
		EAC84352252C816500691943 /* Resources */ = {
			isa = PBXResourcesBuildPhase;
			buildActionMask = 2147483647;
			files = (
			);
			runOnlyForDeploymentPostprocessing = 0;
		};
/* End PBXResourcesBuildPhase section */

/* Begin PBXShellScriptBuildPhase section */
		973BBA5724052FFB00E3B061 /* Copy General Data */ = {
			isa = PBXShellScriptBuildPhase;
			buildActionMask = 12;
			files = (
			);
			inputFileListPaths = (
			);
			inputPaths = (
			);
			name = "Copy General Data";
			outputFileListPaths = (
			);
			outputPaths = (
			);
			runOnlyForDeploymentPostprocessing = 0;
			shellPath = /bin/sh;
			shellScript = "CELESTIA_CORE_ROOT=$SRCROOT/../CelestiaCore\n\nSH_FILE=$CELESTIA_CORE_ROOT/copy_general_data.sh\n\nchmod +x $SH_FILE\n\n$SH_FILE\n";
		};
		973BBA592405305100E3B061 /* Convert PO */ = {
			isa = PBXShellScriptBuildPhase;
			buildActionMask = 12;
			files = (
			);
			inputFileListPaths = (
			);
			inputPaths = (
			);
			name = "Convert PO";
			outputFileListPaths = (
			);
			outputPaths = (
			);
			runOnlyForDeploymentPostprocessing = 0;
			shellPath = /bin/sh;
			shellScript = "CELESTIA_CORE_ROOT=$SRCROOT/../CelestiaCore\n\nSH_FILE=$CELESTIA_CORE_ROOT/convert_po.sh\n\nchmod +x $SH_FILE\n\n$SH_FILE\n";
		};
/* End PBXShellScriptBuildPhase section */

/* Begin PBXSourcesBuildPhase section */
		979D2F7623FEB1A6005D2592 /* Sources */ = {
			isa = PBXSourcesBuildPhase;
			buildActionMask = 2147483647;
			files = (
				977394A02402A9AF00E38B82 /* SlideInPresentationManager.swift in Sources */,
				97401C9E2414D3460015F8E8 /* Celestia+Extension.swift in Sources */,
				EABF7911253895FD00F2460C /* ResourceViewController.swift in Sources */,
				EAA6C4CB253B5CD200ED1D60 /* InstalledResourceViewController.swift in Sources */,
				EAF48520249B5C2500E5B817 /* StandardButton.swift in Sources */,
				97DB1FD924067B76001F222F /* NSObject+Flag.m in Sources */,
				972477D12404A19700729B45 /* BrowserContainerViewController.swift in Sources */,
				EA28CA4E24A25FE7004B011E /* BottomControlViewController.swift in Sources */,
				97401CA62414DAF50015F8E8 /* FavoriteCoordinatorController.swift in Sources */,
				977CDD2E240BC6A900137127 /* TutorialDescriptionCell.swift in Sources */,
				977394B8240409CF00E38B82 /* SettingSwitchCell.swift in Sources */,
				977394B32403F74800E38B82 /* SettingTextCell.swift in Sources */,
				97401C9D2414D3460015F8E8 /* UserDefaults.swift in Sources */,
				977CDD30240BD78F00137127 /* TutorialActionCell.swift in Sources */,
				EABDE3A92473DAA300E0A5FA /* SettingCommonViewController.swift in Sources */,
				EABF79422538A4EB00F2460C /* ProgressButton.swift in Sources */,
				9773949C2402A8F700E38B82 /* ToolbarViewController.swift in Sources */,
				979D2F8223FEB1A6005D2592 /* CelestiaViewController.swift in Sources */,
				EABF79192538967500F2460C /* ResourceCategoryListViewController.swift in Sources */,
				97401C9C2414D3460015F8E8 /* URL.swift in Sources */,
				EABF793125389EE200F2460C /* ResourceItemListViewController.swift in Sources */,
				977394AE2403F08800E38B82 /* SettingsMainViewController.swift in Sources */,
				973BBA452405216700E3B061 /* AboutViewController.swift in Sources */,
				EA934C90251D90C500DD284C /* MainSceneDelegate.swift in Sources */,
				EADE7FBB252B517600D4174F /* CelestiaDisplayController.swift in Sources */,
				977394BA240413EF00E38B82 /* SettingSelectionViewController.swift in Sources */,
				973BBA642405481200E3B061 /* TimeSettingViewController.swift in Sources */,
				EABF794A2538A86500F2460C /* ResourceManager.swift in Sources */,
				EA544E5F2566BC50003F351D /* DestinationDetailViewController.swift in Sources */,
				973BBA61240538DB00E3B061 /* MultiLineTextCell.swift in Sources */,
				97C3A9F22445FACF00EB365A /* CelestiaControlView.swift in Sources */,
				97401CAB2414DCAC0015F8E8 /* FavoriteItemViewController.swift in Sources */,
				EA982BFF25496B6D00CDC642 /* BaseTableViewController.swift in Sources */,
				977394BD2404189000E38B82 /* SearchViewController.swift in Sources */,
				977394B12403F30900E38B82 /* SettingModel.swift in Sources */,
				972477D52404A63800729B45 /* BrowserCommonViewController.swift in Sources */,
				974F86E22403BD3C00356795 /* InfoViewController.swift in Sources */,
				978406DF24029D9100876FD1 /* LoadingFailureViewController.swift in Sources */,
				EA1BC6E524A0E93D00F3F51B /* EventFinderInputViewController.swift in Sources */,
				977394AC2403F07C00E38B82 /* SettingsCoordinatorController.swift in Sources */,
				974F86E02403BD3C00356795 /* BodyDescriptionCell.swift in Sources */,
				972477D72404A65C00729B45 /* BrowserCoordinatorController.swift in Sources */,
				974F86E12403BD3C00356795 /* BodyInfoLayoutDelegate.swift in Sources */,
				97EB41C92408F26200E6D441 /* SettingStepperCell.swift in Sources */,
				977CDD34240BDFE500137127 /* OnboardViewController.swift in Sources */,
				974F86AA240362BA00356795 /* ToolbarButtonCell.swift in Sources */,
				977CDD2A240BC50A00137127 /* TutorialViewController.swift in Sources */,
				97401CA52414DAF50015F8E8 /* FavoriteViewController.swift in Sources */,
				EABF793C2538A1C100F2460C /* ResourceItemViewController.swift in Sources */,
				974F86E42403C30E00356795 /* BodyInfoModel.swift in Sources */,
				978406D724028F0000876FD1 /* MainViewController.swift in Sources */,
				EABF792C25389B3100F2460C /* ResourceItem.swift in Sources */,
				EABF791E2538986400F2460C /* AsyncListViewController.swift in Sources */,
				97FF95AA240A3F0900E9F44F /* Data.swift in Sources */,
				974F86DF2403BD3C00356795 /* BodyActionCell.swift in Sources */,
				EA934C9A251D92AD00DD284C /* PanelSceneDelegate.swift in Sources */,
				97EB41C62408F20700E6D441 /* CameraControlViewController.swift in Sources */,
				977394B52403FD4400E38B82 /* SettingCheckViewController.swift in Sources */,
				97F1141E2408AE06003A06D7 /* DataLocationSelectionViewController.swift in Sources */,
				97FF95A5240A340300E9F44F /* BaseResultHandler.swift in Sources */,
				977394BF24041A9A00E38B82 /* SearchCoordinatorController.swift in Sources */,
				EADE7FC0252B54A400D4174F /* CelestiaInteractionController.swift in Sources */,
				978406DC240294D000876FD1 /* LoadingViewController.swift in Sources */,
				EABC245D248E162000205B5A /* FontHelper.m in Sources */,
				EAF48515249B2C4700E5B817 /* SubsystemBrowserCoordinatorViewController.swift in Sources */,
				972C5A8A24068D55009747A8 /* UIViewController+Presentation.m in Sources */,
				EA1BC6E324A0E92B00F3F51B /* EventFinderCoordinatorViewController.swift in Sources */,
				978406DA2402906C00876FD1 /* UIViewController+Extension.swift in Sources */,
				9773949E2402A96B00E38B82 /* SlideInPresentationController.swift in Sources */,
				EA1BC6E724A0E94900F3F51B /* EventFinderResultViewController.swift in Sources */,
				EABF792425389B2400F2460C /* ResourceCategory.swift in Sources */,
				973BBA6624054E9900E3B061 /* TextViewController.swift in Sources */,
				979D2F7E23FEB1A6005D2592 /* AppDelegate.swift in Sources */,
				EA5E185D2477C78E00F5374B /* Toast.swift in Sources */,
				977394A32403E68800E38B82 /* Color.swift in Sources */,
				EABDE367247170F000E0A5FA /* SettngSliderCell.swift in Sources */,
			);
			runOnlyForDeploymentPostprocessing = 0;
		};
		979D2F8C23FEB1A8005D2592 /* Sources */ = {
			isa = PBXSourcesBuildPhase;
			buildActionMask = 2147483647;
			files = (
				979D2F9523FEB1A8005D2592 /* MobileCelestiaTests.swift in Sources */,
			);
			runOnlyForDeploymentPostprocessing = 0;
		};
		EAC84350252C816500691943 /* Sources */ = {
			isa = PBXSourcesBuildPhase;
			buildActionMask = 2147483647;
			files = (
				EAC8435F252C818700691943 /* MacBridge.m in Sources */,
			);
			runOnlyForDeploymentPostprocessing = 0;
		};
/* End PBXSourcesBuildPhase section */

/* Begin PBXTargetDependency section */
		979D2F9223FEB1A8005D2592 /* PBXTargetDependency */ = {
			isa = PBXTargetDependency;
			target = 979D2F7923FEB1A6005D2592 /* MobileCelestia */;
			targetProxy = 979D2F9123FEB1A8005D2592 /* PBXContainerItemProxy */;
		};
		EAC84366252C84B600691943 /* PBXTargetDependency */ = {
			isa = PBXTargetDependency;
			platformFilter = maccatalyst;
			target = EAC84353252C816500691943 /* CelestiaMacBridge */;
			targetProxy = EAC84365252C84B600691943 /* PBXContainerItemProxy */;
		};
/* End PBXTargetDependency section */

/* Begin PBXVariantGroup section */
		979D2F8823FEB1A8005D2592 /* LaunchScreen.storyboard */ = {
			isa = PBXVariantGroup;
			children = (
				979D2F8923FEB1A8005D2592 /* Base */,
			);
			name = LaunchScreen.storyboard;
			sourceTree = "<group>";
		};
		EAA5A7A3259DBFE6001AFA82 /* InfoPlist.strings */ = {
			isa = PBXVariantGroup;
			children = (
				EAA5A7A2259DBFE6001AFA82 /* en */,
				EAA5A7A7259DC062001AFA82 /* zh_CN */,
				EAF4851325A2B0E600F0E9F9 /* bg */,
			);
			name = InfoPlist.strings;
			sourceTree = "<group>";
		};
/* End PBXVariantGroup section */

/* Begin XCBuildConfiguration section */
		979D2F9723FEB1A8005D2592 /* Debug */ = {
			isa = XCBuildConfiguration;
			buildSettings = {
				ALWAYS_SEARCH_USER_PATHS = NO;
				CLANG_ANALYZER_LOCALIZABILITY_NONLOCALIZED = YES;
				CLANG_ANALYZER_NONNULL = YES;
				CLANG_ANALYZER_NUMBER_OBJECT_CONVERSION = YES_AGGRESSIVE;
				CLANG_CXX_LANGUAGE_STANDARD = "gnu++14";
				CLANG_CXX_LIBRARY = "libc++";
				CLANG_ENABLE_MODULES = YES;
				CLANG_ENABLE_OBJC_ARC = YES;
				CLANG_ENABLE_OBJC_WEAK = YES;
				CLANG_WARN_BLOCK_CAPTURE_AUTORELEASING = YES;
				CLANG_WARN_BOOL_CONVERSION = YES;
				CLANG_WARN_COMMA = YES;
				CLANG_WARN_CONSTANT_CONVERSION = YES;
				CLANG_WARN_DEPRECATED_OBJC_IMPLEMENTATIONS = YES;
				CLANG_WARN_DIRECT_OBJC_ISA_USAGE = YES_ERROR;
				CLANG_WARN_DOCUMENTATION_COMMENTS = YES;
				CLANG_WARN_EMPTY_BODY = YES;
				CLANG_WARN_ENUM_CONVERSION = YES;
				CLANG_WARN_INFINITE_RECURSION = YES;
				CLANG_WARN_INT_CONVERSION = YES;
				CLANG_WARN_NON_LITERAL_NULL_CONVERSION = YES;
				CLANG_WARN_OBJC_IMPLICIT_RETAIN_SELF = YES;
				CLANG_WARN_OBJC_LITERAL_CONVERSION = YES;
				CLANG_WARN_OBJC_ROOT_CLASS = YES_ERROR;
				CLANG_WARN_QUOTED_INCLUDE_IN_FRAMEWORK_HEADER = YES;
				CLANG_WARN_RANGE_LOOP_ANALYSIS = YES;
				CLANG_WARN_STRICT_PROTOTYPES = YES;
				CLANG_WARN_SUSPICIOUS_MOVE = YES;
				CLANG_WARN_UNGUARDED_AVAILABILITY = YES_AGGRESSIVE;
				CLANG_WARN_UNREACHABLE_CODE = YES;
				CLANG_WARN__DUPLICATE_METHOD_MATCH = YES;
				COPY_PHASE_STRIP = NO;
				DEBUG_INFORMATION_FORMAT = dwarf;
				ENABLE_STRICT_OBJC_MSGSEND = YES;
				ENABLE_TESTABILITY = YES;
				GCC_C_LANGUAGE_STANDARD = gnu11;
				GCC_DYNAMIC_NO_PIC = NO;
				GCC_NO_COMMON_BLOCKS = YES;
				GCC_OPTIMIZATION_LEVEL = 0;
				GCC_PREPROCESSOR_DEFINITIONS = (
					"DEBUG=1",
					"$(inherited)",
				);
				GCC_WARN_64_TO_32_BIT_CONVERSION = YES;
				GCC_WARN_ABOUT_RETURN_TYPE = YES_ERROR;
				GCC_WARN_UNDECLARED_SELECTOR = YES;
				GCC_WARN_UNINITIALIZED_AUTOS = YES_AGGRESSIVE;
				GCC_WARN_UNUSED_FUNCTION = YES;
				GCC_WARN_UNUSED_VARIABLE = YES;
				IPHONEOS_DEPLOYMENT_TARGET = 11.0;
				MTL_ENABLE_DEBUG_INFO = INCLUDE_SOURCE;
				MTL_FAST_MATH = YES;
				ONLY_ACTIVE_ARCH = YES;
				SDKROOT = iphoneos;
				SHARED_BUILD_NUMBER = 90;
				SHARED_BUILD_VERSION = 1.2.7;
				SWIFT_ACTIVE_COMPILATION_CONDITIONS = DEBUG;
				SWIFT_OPTIMIZATION_LEVEL = "-Onone";
			};
			name = Debug;
		};
		979D2F9823FEB1A8005D2592 /* Release */ = {
			isa = XCBuildConfiguration;
			buildSettings = {
				ALWAYS_SEARCH_USER_PATHS = NO;
				CLANG_ANALYZER_LOCALIZABILITY_NONLOCALIZED = YES;
				CLANG_ANALYZER_NONNULL = YES;
				CLANG_ANALYZER_NUMBER_OBJECT_CONVERSION = YES_AGGRESSIVE;
				CLANG_CXX_LANGUAGE_STANDARD = "gnu++14";
				CLANG_CXX_LIBRARY = "libc++";
				CLANG_ENABLE_MODULES = YES;
				CLANG_ENABLE_OBJC_ARC = YES;
				CLANG_ENABLE_OBJC_WEAK = YES;
				CLANG_WARN_BLOCK_CAPTURE_AUTORELEASING = YES;
				CLANG_WARN_BOOL_CONVERSION = YES;
				CLANG_WARN_COMMA = YES;
				CLANG_WARN_CONSTANT_CONVERSION = YES;
				CLANG_WARN_DEPRECATED_OBJC_IMPLEMENTATIONS = YES;
				CLANG_WARN_DIRECT_OBJC_ISA_USAGE = YES_ERROR;
				CLANG_WARN_DOCUMENTATION_COMMENTS = YES;
				CLANG_WARN_EMPTY_BODY = YES;
				CLANG_WARN_ENUM_CONVERSION = YES;
				CLANG_WARN_INFINITE_RECURSION = YES;
				CLANG_WARN_INT_CONVERSION = YES;
				CLANG_WARN_NON_LITERAL_NULL_CONVERSION = YES;
				CLANG_WARN_OBJC_IMPLICIT_RETAIN_SELF = YES;
				CLANG_WARN_OBJC_LITERAL_CONVERSION = YES;
				CLANG_WARN_OBJC_ROOT_CLASS = YES_ERROR;
				CLANG_WARN_QUOTED_INCLUDE_IN_FRAMEWORK_HEADER = YES;
				CLANG_WARN_RANGE_LOOP_ANALYSIS = YES;
				CLANG_WARN_STRICT_PROTOTYPES = YES;
				CLANG_WARN_SUSPICIOUS_MOVE = YES;
				CLANG_WARN_UNGUARDED_AVAILABILITY = YES_AGGRESSIVE;
				CLANG_WARN_UNREACHABLE_CODE = YES;
				CLANG_WARN__DUPLICATE_METHOD_MATCH = YES;
				COPY_PHASE_STRIP = NO;
				DEBUG_INFORMATION_FORMAT = "dwarf-with-dsym";
				ENABLE_NS_ASSERTIONS = NO;
				ENABLE_STRICT_OBJC_MSGSEND = YES;
				GCC_C_LANGUAGE_STANDARD = gnu11;
				GCC_NO_COMMON_BLOCKS = YES;
				GCC_WARN_64_TO_32_BIT_CONVERSION = YES;
				GCC_WARN_ABOUT_RETURN_TYPE = YES_ERROR;
				GCC_WARN_UNDECLARED_SELECTOR = YES;
				GCC_WARN_UNINITIALIZED_AUTOS = YES_AGGRESSIVE;
				GCC_WARN_UNUSED_FUNCTION = YES;
				GCC_WARN_UNUSED_VARIABLE = YES;
				IPHONEOS_DEPLOYMENT_TARGET = 11.0;
				MTL_ENABLE_DEBUG_INFO = NO;
				MTL_FAST_MATH = YES;
				SDKROOT = iphoneos;
				SHARED_BUILD_NUMBER = 90;
				SHARED_BUILD_VERSION = 1.2.7;
				SWIFT_COMPILATION_MODE = wholemodule;
				SWIFT_OPTIMIZATION_LEVEL = "-O";
				VALIDATE_PRODUCT = YES;
			};
			name = Release;
		};
		979D2F9A23FEB1A8005D2592 /* Debug */ = {
			isa = XCBuildConfiguration;
			buildSettings = {
				ASSETCATALOG_COMPILER_APPICON_NAME = AppIcon;
				CLANG_ENABLE_MODULES = YES;
				CODE_SIGN_ENTITLEMENTS = MobileCelestia/Celestia.entitlements;
				CODE_SIGN_STYLE = Automatic;
				CURRENT_PROJECT_VERSION = "$(SHARED_BUILD_NUMBER)";
				DEVELOPMENT_TEAM = 22NR5428TD;
				FRAMEWORK_SEARCH_PATHS = (
					"$(inherited)",
					"$(PROJECT_DIR)/AppCenter",
				);
				INFOPLIST_FILE = MobileCelestia/Info.plist;
				"IPHONEOS_DEPLOYMENT_TARGET[sdk=macosx*]" = 14.2;
				LD_RUNPATH_SEARCH_PATHS = (
					"$(inherited)",
					"@executable_path/Frameworks",
				);
				MARKETING_VERSION = "$(SHARED_BUILD_VERSION)";
				OTHER_LDFLAGS = "-ObjC";
				PRODUCT_BUNDLE_IDENTIFIER = space.celestia.MobileCelestia;
				PRODUCT_NAME = Celestia;
				SUPPORTS_MACCATALYST = YES;
				SWIFT_OBJC_BRIDGING_HEADER = "MobileCelestia/Utils/MobileCelestia-Bridging-Header.h";
				SWIFT_OPTIMIZATION_LEVEL = "-Onone";
				SWIFT_VERSION = 5.0;
				TARGETED_DEVICE_FAMILY = "1,2";
				VALID_ARCHS = "arm64 arm64e x86_64";
			};
			name = Debug;
		};
		979D2F9B23FEB1A8005D2592 /* Release */ = {
			isa = XCBuildConfiguration;
			buildSettings = {
				ASSETCATALOG_COMPILER_APPICON_NAME = AppIcon;
				CLANG_ENABLE_MODULES = YES;
				CODE_SIGN_ENTITLEMENTS = MobileCelestia/Celestia.entitlements;
				CODE_SIGN_STYLE = Automatic;
				CURRENT_PROJECT_VERSION = "$(SHARED_BUILD_NUMBER)";
				DEVELOPMENT_TEAM = 22NR5428TD;
				FRAMEWORK_SEARCH_PATHS = (
					"$(inherited)",
					"$(PROJECT_DIR)/AppCenter",
				);
				INFOPLIST_FILE = MobileCelestia/Info.plist;
				"IPHONEOS_DEPLOYMENT_TARGET[sdk=macosx*]" = 14.2;
				LD_RUNPATH_SEARCH_PATHS = (
					"$(inherited)",
					"@executable_path/Frameworks",
				);
				MARKETING_VERSION = "$(SHARED_BUILD_VERSION)";
				OTHER_LDFLAGS = "-ObjC";
				PRODUCT_BUNDLE_IDENTIFIER = space.celestia.MobileCelestia;
				PRODUCT_NAME = Celestia;
				SUPPORTS_MACCATALYST = YES;
				SWIFT_OBJC_BRIDGING_HEADER = "MobileCelestia/Utils/MobileCelestia-Bridging-Header.h";
				SWIFT_VERSION = 5.0;
				TARGETED_DEVICE_FAMILY = "1,2";
				VALID_ARCHS = "arm64 arm64e x86_64";
			};
			name = Release;
		};
		979D2F9D23FEB1A8005D2592 /* Debug */ = {
			isa = XCBuildConfiguration;
			buildSettings = {
				ALWAYS_EMBED_SWIFT_STANDARD_LIBRARIES = YES;
				BUNDLE_LOADER = "$(TEST_HOST)";
				CODE_SIGN_STYLE = Automatic;
				DEVELOPMENT_TEAM = 22NR5428TD;
				INFOPLIST_FILE = MobileCelestiaTests/Info.plist;
				IPHONEOS_DEPLOYMENT_TARGET = 13.2;
				LD_RUNPATH_SEARCH_PATHS = (
					"$(inherited)",
					"@executable_path/Frameworks",
					"@loader_path/Frameworks",
				);
				PRODUCT_BUNDLE_IDENTIFIER = cc.meowssage.MobileCelestiaTests;
				PRODUCT_NAME = "$(TARGET_NAME)";
				SWIFT_VERSION = 5.0;
				TARGETED_DEVICE_FAMILY = "1,2";
				TEST_HOST = "$(BUILT_PRODUCTS_DIR)/MobileCelestia.app/MobileCelestia";
			};
			name = Debug;
		};
		979D2F9E23FEB1A8005D2592 /* Release */ = {
			isa = XCBuildConfiguration;
			buildSettings = {
				ALWAYS_EMBED_SWIFT_STANDARD_LIBRARIES = YES;
				BUNDLE_LOADER = "$(TEST_HOST)";
				CODE_SIGN_STYLE = Automatic;
				DEVELOPMENT_TEAM = 22NR5428TD;
				INFOPLIST_FILE = MobileCelestiaTests/Info.plist;
				IPHONEOS_DEPLOYMENT_TARGET = 13.2;
				LD_RUNPATH_SEARCH_PATHS = (
					"$(inherited)",
					"@executable_path/Frameworks",
					"@loader_path/Frameworks",
				);
				PRODUCT_BUNDLE_IDENTIFIER = cc.meowssage.MobileCelestiaTests;
				PRODUCT_NAME = "$(TARGET_NAME)";
				SWIFT_VERSION = 5.0;
				TARGETED_DEVICE_FAMILY = "1,2";
				TEST_HOST = "$(BUILT_PRODUCTS_DIR)/MobileCelestia.app/MobileCelestia";
			};
			name = Release;
		};
		EAC84357252C816500691943 /* Debug */ = {
			isa = XCBuildConfiguration;
			buildSettings = {
				CLANG_WARN_QUOTED_INCLUDE_IN_FRAMEWORK_HEADER = YES;
				CODE_SIGN_STYLE = Automatic;
				COMBINE_HIDPI_IMAGES = YES;
				CURRENT_PROJECT_VERSION = "$(SHARED_BUILD_NUMBER)";
				DEVELOPMENT_TEAM = 22NR5428TD;
				INFOPLIST_FILE = CelestiaMacBridge/Info.plist;
				INSTALL_PATH = "$(LOCAL_LIBRARY_DIR)/Bundles";
				MACOSX_DEPLOYMENT_TARGET = 10.15;
				MARKETING_VERSION = "$(SHARED_BUILD_VERSION)";
				PRODUCT_BUNDLE_IDENTIFIER = space.celestia.CelestiaMacBridge;
				PRODUCT_NAME = "$(TARGET_NAME)";
				SDKROOT = macosx;
				SKIP_INSTALL = YES;
				WRAPPER_EXTENSION = bundle;
			};
			name = Debug;
		};
		EAC84358252C816500691943 /* Release */ = {
			isa = XCBuildConfiguration;
			buildSettings = {
				CLANG_WARN_QUOTED_INCLUDE_IN_FRAMEWORK_HEADER = YES;
				CODE_SIGN_STYLE = Automatic;
				COMBINE_HIDPI_IMAGES = YES;
				CURRENT_PROJECT_VERSION = "$(SHARED_BUILD_NUMBER)";
				DEVELOPMENT_TEAM = 22NR5428TD;
				INFOPLIST_FILE = CelestiaMacBridge/Info.plist;
				INSTALL_PATH = "$(LOCAL_LIBRARY_DIR)/Bundles";
				MACOSX_DEPLOYMENT_TARGET = 10.15;
				MARKETING_VERSION = "$(SHARED_BUILD_VERSION)";
				PRODUCT_BUNDLE_IDENTIFIER = space.celestia.CelestiaMacBridge;
				PRODUCT_NAME = "$(TARGET_NAME)";
				SDKROOT = macosx;
				SKIP_INSTALL = YES;
				WRAPPER_EXTENSION = bundle;
			};
			name = Release;
		};
/* End XCBuildConfiguration section */

/* Begin XCConfigurationList section */
		979D2F7523FEB1A6005D2592 /* Build configuration list for PBXProject "MobileCelestia" */ = {
			isa = XCConfigurationList;
			buildConfigurations = (
				979D2F9723FEB1A8005D2592 /* Debug */,
				979D2F9823FEB1A8005D2592 /* Release */,
			);
			defaultConfigurationIsVisible = 0;
			defaultConfigurationName = Release;
		};
		979D2F9923FEB1A8005D2592 /* Build configuration list for PBXNativeTarget "MobileCelestia" */ = {
			isa = XCConfigurationList;
			buildConfigurations = (
				979D2F9A23FEB1A8005D2592 /* Debug */,
				979D2F9B23FEB1A8005D2592 /* Release */,
			);
			defaultConfigurationIsVisible = 0;
			defaultConfigurationName = Release;
		};
		979D2F9C23FEB1A8005D2592 /* Build configuration list for PBXNativeTarget "MobileCelestiaTests" */ = {
			isa = XCConfigurationList;
			buildConfigurations = (
				979D2F9D23FEB1A8005D2592 /* Debug */,
				979D2F9E23FEB1A8005D2592 /* Release */,
			);
			defaultConfigurationIsVisible = 0;
			defaultConfigurationName = Release;
		};
		EAC8435A252C816500691943 /* Build configuration list for PBXNativeTarget "CelestiaMacBridge" */ = {
			isa = XCConfigurationList;
			buildConfigurations = (
				EAC84357252C816500691943 /* Debug */,
				EAC84358252C816500691943 /* Release */,
			);
			defaultConfigurationIsVisible = 0;
			defaultConfigurationName = Release;
		};
/* End XCConfigurationList section */

/* Begin XCRemoteSwiftPackageReference section */
		EA09B5EA254BB92900DACC1D /* XCRemoteSwiftPackageReference "mwrequest" */ = {
			isa = XCRemoteSwiftPackageReference;
			repositoryURL = "https://github.com/levinli303/mwrequest.git";
			requirement = {
				kind = upToNextMajorVersion;
				minimumVersion = 0.2.2;
			};
		};
		EABF795125391ECB00F2460C /* XCRemoteSwiftPackageReference "Zip" */ = {
			isa = XCRemoteSwiftPackageReference;
			repositoryURL = "https://github.com/marmelroy/Zip.git";
			requirement = {
				kind = upToNextMajorVersion;
				minimumVersion = 2.1.1;
			};
		};
		EABF7A012539731300F2460C /* XCRemoteSwiftPackageReference "SDWebImage" */ = {
			isa = XCRemoteSwiftPackageReference;
			repositoryURL = "https://github.com/SDWebImage/SDWebImage.git";
			requirement = {
				kind = upToNextMajorVersion;
				minimumVersion = 5.9.3;
			};
		};
		EAF4A2EF255E4AA000F67F80 /* XCRemoteSwiftPackageReference "appcenter-sdk-apple" */ = {
			isa = XCRemoteSwiftPackageReference;
			repositoryURL = "https://github.com/microsoft/appcenter-sdk-apple.git";
			requirement = {
				kind = upToNextMajorVersion;
				minimumVersion = 4.0.0;
			};
		};
/* End XCRemoteSwiftPackageReference section */

/* Begin XCSwiftPackageProductDependency section */
		EA09B5EB254BB92900DACC1D /* MWRequest */ = {
			isa = XCSwiftPackageProductDependency;
			package = EA09B5EA254BB92900DACC1D /* XCRemoteSwiftPackageReference "mwrequest" */;
			productName = MWRequest;
		};
		EABF795225391ECB00F2460C /* Zip */ = {
			isa = XCSwiftPackageProductDependency;
			package = EABF795125391ECB00F2460C /* XCRemoteSwiftPackageReference "Zip" */;
			productName = Zip;
		};
		EABF7A022539731300F2460C /* SDWebImage */ = {
			isa = XCSwiftPackageProductDependency;
			package = EABF7A012539731300F2460C /* XCRemoteSwiftPackageReference "SDWebImage" */;
			productName = SDWebImage;
		};
		EAF4A2F0255E4AA000F67F80 /* AppCenterCrashes */ = {
			isa = XCSwiftPackageProductDependency;
			package = EAF4A2EF255E4AA000F67F80 /* XCRemoteSwiftPackageReference "appcenter-sdk-apple" */;
			productName = AppCenterCrashes;
		};
		EAF4A2F2255E4AA000F67F80 /* AppCenterAnalytics */ = {
			isa = XCSwiftPackageProductDependency;
			package = EAF4A2EF255E4AA000F67F80 /* XCRemoteSwiftPackageReference "appcenter-sdk-apple" */;
			productName = AppCenterAnalytics;
		};
/* End XCSwiftPackageProductDependency section */
	};
	rootObject = 979D2F7223FEB1A6005D2592 /* Project object */;
}
