{
  "object": {
    "pins": [
      {
        "package": "AppCenter",
        "repositoryURL": "https://github.com/microsoft/appcenter-sdk-apple",
        "state": {
          "branch": null,
          "revision": "013bffe628b49433d7bc334146a4ed8c507c0e32",
          "version": "4.1.1"
        }
      },
      {
        "package": "AsyncGL",
        "repositoryURL": "git@github.com:levinli303/AsyncGL.git",
        "state": {
          "branch": "main",
          "revision": "54c527786721d53005aa8df24e8a02ca58baa5e2",
          "version": null
        }
      },
      {
        "package": "MWRequest",
        "repositoryURL": "https://github.com/levinli303/mwrequest",
        "state": {
          "branch": null,
          "revision": "3963c7870d7fe1448de4a244d116e4eb332fdf0e",
          "version": "0.2.3"
        }
      },
      {
        "package": "PLCrashReporter",
        "repositoryURL": "https://github.com/microsoft/PLCrashReporter.git",
        "state": {
          "branch": null,
          "revision": "de6b8f9db4b2a0aa859a5507550a70548e4da936",
          "version": "1.8.1"
        }
      },
      {
        "package": "SDWebImage",
        "repositoryURL": "https://github.com/SDWebImage/SDWebImage",
        "state": {
          "branch": null,
          "revision": "76dd4b49110b8624317fc128e7fa0d8a252018bc",
          "version": "5.11.1"
        }
      },
      {
        "package": "Zip",
        "repositoryURL": "https://github.com/marmelroy/Zip",
        "state": {
          "branch": null,
          "revision": "bd19d974e8a38cc8d3a88c90c8a107386c3b8ccf",
          "version": "2.1.1"
        }
      }
    ]
  },
  "version": 1
}
